{
  "version": 4,
  "terraform_version": "1.10.3",
  "serial": 69,
  "lineage": "406ddc82-3365-f1f1-3df8-e985f9e0aeb7",
  "outputs": {},
  "resources": [
    {
      "mode": "data",
      "type": "vsphere_compute_cluster",
      "name": "cluster",
      "provider": "provider[\"registry.terraform.io/hashicorp/vsphere\"]",
      "instances": [
        {
          "schema_version": 0,
          "attributes": {
            "datacenter_id": "datacenter-1001",
            "id": "domain-c2001",
            "name": "New Cluster",
            "resource_pool_id": "resgroup-2002"
          },
          "sensitive_attributes": []
        }
      ]
    },
    {
      "mode": "data",
      "type": "vsphere_datacenter",
      "name": "dc",
      "provider": "provider[\"registry.terraform.io/hashicorp/vsphere\"]",
      "instances": [
        {
          "schema_version": 0,
          "attributes": {
            "id": "datacenter-1001",
            "name": "Datacenter",
            "virtual_machines": [
              "Terraform-cloud-node-vm-1",
              "Terraform-cloud-node-vm-2",
              "Ubuntu22.04-Test",
              "VMware vCenter Server",
              "ubuntu-cloud-vm",
              "ubuntu-noble-24.04-cloudimg",
              "vCLS-79dd2768-2f1c-42d2-b0d4-adab4c228c5e"
            ]
          },
          "sensitive_attributes": []
        }
      ]
    },
    {
      "mode": "data",
      "type": "vsphere_datastore",
      "name": "datastore",
      "provider": "provider[\"registry.terraform.io/hashicorp/vsphere\"]",
      "instances": [
        {
          "schema_version": 0,
          "attributes": {
            "datacenter_id": "datacenter-1001",
            "id": "datastore-2012",
            "name": "vsanDatastore (1)",
            "stats": {
              "capacity": "483158654976",
              "free": "424312821517"
            }
          },
          "sensitive_attributes": []
        }
      ]
    },
    {
      "mode": "data",
      "type": "vsphere_network",
      "name": "network",
      "provider": "provider[\"registry.terraform.io/hashicorp/vsphere\"]",
      "instances": [
        {
          "schema_version": 0,
          "attributes": {
            "datacenter_id": "datacenter-1001",
            "distributed_virtual_switch_uuid": null,
            "filter": null,
            "id": "network-1011",
            "name": "VM Network",
            "type": "Network"
          },
          "sensitive_attributes": []
        }
      ]
    },
    {
      "mode": "data",
      "type": "vsphere_virtual_machine",
      "name": "template",
      "provider": "provider[\"registry.terraform.io/hashicorp/vsphere\"]",
      "instances": [
        {
          "schema_version": 0,
          "attributes": {
            "alternate_guest_name": "",
            "annotation": "",
            "boot_delay": 0,
            "boot_retry_delay": 10000,
            "boot_retry_enabled": false,
            "change_version": "2024-12-29T13:25:46.180005Z",
            "cpu_hot_add_enabled": false,
            "cpu_hot_remove_enabled": false,
            "cpu_limit": -1,
            "cpu_performance_counters_enabled": false,
            "cpu_reservation": 0,
            "cpu_share_count": 2000,
            "cpu_share_level": "normal",
            "datacenter_id": "datacenter-1001",
            "default_ip_address": null,
            "disks": [
              {
                "eagerly_scrub": false,
                "label": "Hard disk 1",
                "size": 10,
                "thin_provisioned": true,
                "unit_number": 0
              }
            ],
            "efi_secure_boot_enabled": false,
            "enable_disk_uuid": false,
            "enable_logging": true,
            "ept_rvi_mode": "",
            "extra_config": {},
            "extra_config_reboot_required": true,
            "firmware": "bios",
            "folder": null,
            "guest_id": "ubuntu64Guest",
            "guest_ip_addresses": [],
            "hardware_version": 10,
            "hv_mode": "",
            "id": "423ea9ee-0b5a-ffcc-86a6-dc604c79efe1",
            "ide_controller_scan_count": 2,
            "instance_uuid": "503e8162-2df3-0f5e-ddaf-57714f4c88fa",
            "latency_sensitivity": "normal",
            "memory": 1024,
            "memory_hot_add_enabled": false,
            "memory_limit": -1,
            "memory_reservation": 0,
            "memory_reservation_locked_to_max": false,
            "memory_share_count": 10240,
            "memory_share_level": "normal",
            "moid": "vm-2015",
            "name": "ubuntu-noble-24.04-cloudimg",
            "nested_hv_enabled": false,
            "network_interface_types": [
              "vmxnet3"
            ],
            "network_interfaces": [
              {
                "adapter_type": "vmxnet3",
                "bandwidth_limit": -1,
                "bandwidth_reservation": 0,
                "bandwidth_share_count": 50,
                "bandwidth_share_level": "normal",
                "mac_address": "00:50:56:be:79:38",
                "network_id": "network-1011",
                "physical_function": ""
              }
            ],
            "num_cores_per_socket": 1,
            "num_cpus": 2,
            "replace_trigger": null,
            "run_tools_scripts_after_power_on": true,
            "run_tools_scripts_after_resume": true,
            "run_tools_scripts_before_guest_reboot": false,
            "run_tools_scripts_before_guest_shutdown": true,
            "run_tools_scripts_before_guest_standby": true,
            "sata_controller_scan_count": 0,
            "scsi_bus_sharing": "noSharing",
            "scsi_controller_scan_count": 1,
            "scsi_type": "pvscsi",
            "storage_policy_id": null,
            "swap_placement_policy": "inherit",
            "sync_time_with_host": true,
            "sync_time_with_host_periodically": false,
            "tools_upgrade_policy": "manual",
            "uuid": "423ea9ee-0b5a-ffcc-86a6-dc604c79efe1",
            "vapp": null,
            "vapp_transport": [
              "iso"
            ],
            "vbs_enabled": false,
            "vtpm": null,
            "vvtd_enabled": false
          },
          "sensitive_attributes": []
        }
      ]
    },
    {
      "mode": "managed",
      "type": "vsphere_virtual_machine",
      "name": "vm",
      "provider": "provider[\"registry.terraform.io/hashicorp/vsphere\"]",
      "instances": [
        {
          "index_key": 0,
          "schema_version": 3,
          "attributes": {
            "alternate_guest_name": "",
            "annotation": "",
            "boot_delay": 0,
            "boot_retry_delay": 10000,
            "boot_retry_enabled": false,
            "cdrom": [
              {
                "client_device": true,
                "datastore_id": "",
                "device_address": "ide:1:0",
                "key": 3002,
                "path": ""
              }
            ],
            "change_version": "2025-01-18T15:11:53.416934Z",
            "clone": [
              {
                "customization_spec": [],
                "customize": [],
                "linked_clone": false,
                "ovf_network_map": {},
                "ovf_storage_map": {},
                "template_uuid": "423ea9ee-0b5a-ffcc-86a6-dc604c79efe1",
                "timeout": 30
              }
            ],
            "cpu_hot_add_enabled": false,
            "cpu_hot_remove_enabled": false,
            "cpu_limit": -1,
            "cpu_performance_counters_enabled": false,
            "cpu_reservation": 0,
            "cpu_share_count": 2000,
            "cpu_share_level": "normal",
            "custom_attributes": {},
            "datacenter_id": null,
            "datastore_cluster_id": null,
            "datastore_id": "datastore-2012",
            "default_ip_address": "10.1.3.20",
            "disk": [
              {
                "attach": false,
                "controller_type": "scsi",
                "datastore_id": "datastore-2012",
                "device_address": "scsi:0:0",
                "disk_mode": "persistent",
                "disk_sharing": "sharingNone",
                "eagerly_scrub": false,
                "io_limit": -1,
                "io_reservation": 0,
                "io_share_count": 1000,
                "io_share_level": "normal",
                "keep_on_remove": false,
                "key": 2000,
                "label": "disk0",
                "path": "8b9b8367-9009-7f07-1629-000c29013856/Terraform-cloud-vm-1.vmdk",
                "size": 20,
                "storage_policy_id": "aa6d5a82-1c88-45da-85d3-3d74b91a5bad",
                "thin_provisioned": true,
                "unit_number": 0,
                "uuid": "6000C299-57f9-1e4f-81f0-cc785ed9fbe2",
                "write_through": false
              }
            ],
            "efi_secure_boot_enabled": false,
            "enable_disk_uuid": false,
            "enable_logging": false,
            "ept_rvi_mode": "",
            "extra_config": {},
            "extra_config_reboot_required": true,
            "firmware": "bios",
            "folder": "",
            "force_power_off": true,
            "guest_id": "ubuntu64Guest",
            "guest_ip_addresses": [],
            "hardware_version": 10,
            "host_system_id": "host-2003",
            "hv_mode": "",
            "id": "423ee99c-ab0b-8220-df32-3f48e47c6502",
            "ide_controller_count": 2,
            "ignored_guest_ips": null,
            "imported": null,
            "latency_sensitivity": "normal",
            "memory": 4096,
            "memory_hot_add_enabled": false,
            "memory_limit": -1,
            "memory_reservation": 0,
            "memory_reservation_locked_to_max": false,
            "memory_share_count": 40960,
            "memory_share_level": "normal",
            "migrate_wait_timeout": 30,
            "moid": "vm-2038",
            "name": "Terraform-cloud-node-vm-1",
            "nested_hv_enabled": false,
            "network_interface": [
              {
                "adapter_type": "vmxnet3",
                "bandwidth_limit": -1,
                "bandwidth_reservation": 0,
                "bandwidth_share_count": 50,
                "bandwidth_share_level": "normal",
                "device_address": "pci:0:7",
                "key": 4000,
                "mac_address": "00:50:56:be:5f:73",
                "network_id": "network-1011",
                "ovf_mapping": "",
                "physical_function": "",
                "use_static_mac": false
              }
            ],
            "num_cores_per_socket": 1,
            "num_cpus": 2,
            "ovf_deploy": [],
            "pci_device_id": [],
            "power_state": "on",
            "poweron_timeout": 300,
            "reboot_required": false,
            "replace_trigger": null,
            "resource_pool_id": "resgroup-2002",
            "run_tools_scripts_after_power_on": true,
            "run_tools_scripts_after_resume": true,
            "run_tools_scripts_before_guest_reboot": false,
            "run_tools_scripts_before_guest_shutdown": true,
            "run_tools_scripts_before_guest_standby": true,
            "sata_controller_count": 0,
            "scsi_bus_sharing": "noSharing",
            "scsi_controller_count": 1,
            "scsi_type": "pvscsi",
            "shutdown_wait_timeout": 3,
            "storage_policy_id": "aa6d5a82-1c88-45da-85d3-3d74b91a5bad",
            "swap_placement_policy": "inherit",
            "sync_time_with_host": true,
            "sync_time_with_host_periodically": false,
            "tags": [],
            "tools_upgrade_policy": "manual",
            "uuid": "423ee99c-ab0b-8220-df32-3f48e47c6502",
            "vapp": [
              {
                "properties": {
                  "user-data": "I2Nsb3VkLWNvbmZpZw0KDQojIHNldHMgdGhlIGhvc3RuYW1lIHRvICd0ZXJyYWZvcm1lZCcNCmhvc3RuYW1lOiBUZXJyYWZvcm0tY2xvdWQtbm9kZS12bS0xDQoNCnVzZXJzOg0KICAjIEFkZHMgYSB1c2VyIGNhbGxlZCAnZXhhbXBsZScgd2l0aCB0aGUgcGFzc3dvcmQgaGFzaCBvZiAncGFzc3dvcnQnLCBzdWRvIHJpZ2h0cyBhbmQgdGhlIGRlZmF1bHQgdWJ1bnR1IGdyb3Vwcw0KICAtIG5hbWU6IGFkbWluaXN0cmF0b3INCiAgICBnZWNvczogQWRtaW5pc3RyYXRvciBVc2VyDQogICAgc3VkbzogQUxMPShBTEwpIE5PUEFTU1dEOkFMTA0KICAgIGdyb3VwczogdXNlcnMsIGFkbWluDQogICAgaG9tZTogL2hvbWUvYWRtaW5pc3RyYXRvcg0KICAgIHNoZWxsOiAvYmluL2Jhc2gNCiAgICBsb2NrX3Bhc3N3ZDogZmFsc2UNCiAgICAjcGxhaW5fdGV4dF9wYXNzd2Q6ICIiICAjIFVudXNlZA0KICAgIHBhc3N3ZDogIiQyeSQxMCQvUXkvL0duSWhXdUdLS2NrS0NIbjhPeDRwUC9lelYzV3hWS1ZnWExLbmt5OHZMWHRkV2Q1ZSIgIyDguKPguKvguLHguKrguJzguYjguLLguJnguYHguJrguJogSGFzaA0KICAgICMgc3NoX2F1dGhvcml6ZWRfa2V5czoNCiAgICAjICAgLSBzc2gtcnNhIEFBQUFCM056YUMxeWMyRUFBQUFEQVFBQkFBQUJnUURNbGpqRUhIYjNGZUNVQnVpMU9IZFplUm9hOUM0TjBSUXNWRnVIRDE5dHR2NmhmQ0pFQ0V6T0dnRjlUV0VmL2NYTzJTdnlIRVFJVUlMaU1QRVZjVjBEb284VUZkQXBNZHc4YSt1eWUrb2FObE5GWlc1dkpPbkFpMTliWmhVQWhUNDZkWERVN1lnYlRObVovRVpRdW02TmRrbTl1ZmdnelFPNjUrT2dJcUhGQ24rQWR0RTVVK3JBNitFTm4wVitFVUQ5Wis4NUQ3Zm1YVm9EaHVielJZMjZsb2tOQUMvVkFDYVNiNUYwK2tlci9WeFY5a0JUWnByUC9DR3pBZlNLb3lkRWtzM0hGdThiV0VhRUw2RFpqUzlUUDdIajkySmxMUzR3Rm9sb1JUbDRCdkoxV2F1eU5zRG9WMWJIOGpPR3NNZ3ZWdGM2YkFrV0tsQWJIaitsMHRtakdsd2IxSlpyS3BlNnFIVkt3M1N6dklnTjluZFV6dUNiKzRZU01URmNJMzJJSUlGWEo1VFlvMkoycjN5alZYUVVabm1vN29MM1dYdS96NWM2OC9IN1RGbm41N3prNHB1M1VrZENRQTQ2YzhDVDY1QlJJRURsUHI3SnJDYUVWeGsvNEYrbVN4cy9HT3hNYlcvKzh3N0szR1lFcGozbmNqMEwxUVBwd2w4eWRBTT0gYWRtaW5pc3RyYXRvckBSVkNJRE1DMDAxLmxvY2FsDQoNCnNzaF9wd2F1dGg6IHRydWUNCmNocGFzc3dkOg0KICBleHBpcmU6IGZhbHNlDQoNCnBhY2thZ2VzOg0KICAtIGdudXBnDQogIC0gc29mdHdhcmUtcHJvcGVydGllcy1jb21tb24NCiAgLSBjdXJsDQoNCndyaXRlX2ZpbGVzOg0KLSBwYXRoOiAvZXRjL25ldHBsYW4vNTAtY2xvdWQtaW5pdC55YW1sDQogIGNvbnRlbnQ6IHwNCiAgICBuZXR3b3JrOg0KICAgICAgdmVyc2lvbjogMg0KICAgICAgZXRoZXJuZXRzOg0KICAgICAgICBlbnMxOTI6DQogICAgICAgICAgZGhjcDQ6IG5vDQogICAgICAgICAgYWRkcmVzc2VzOg0KICAgICAgICAgICAgLSAxMC4xLjMuMjIvMjQNCiAgICAgICAgICBnYXRld2F5NDogMTAuMS4zLjENCiAgICAgICAgICBuYW1lc2VydmVyczoNCiAgICAgICAgICAgIGFkZHJlc3NlczogWzguOC44LjgsOC44LjQuNF0NCg0KcnVuY21kOg0KICAtIG5ldHBsYW4gYXBwbHkNCiAgLSBhcHQtZ2V0IHVwZGF0ZQ0KIyAgICMgSW5zdGFsbCBUZXJyYWZyb20NCiMgICAjIC0gYXB0LWdldCBpbnN0YWxsIC15IGdudXBnIHNvZnR3YXJlLXByb3BlcnRpZXMtY29tbW9uDQojICAgLSB3Z2V0IC1PLSBodHRwczovL2FwdC5yZWxlYXNlcy5oYXNoaWNvcnAuY29tL2dwZyB8IGdwZyAtLWRlYXJtb3IgfCB0ZWUgL3Vzci9zaGFyZS9rZXlyaW5ncy9oYXNoaWNvcnAtYXJjaGl2ZS1rZXlyaW5nLmdwZyA+IC9kZXYvbnVsbA0KIyAgIC0gZ3BnIC0tbm8tZGVmYXVsdC1rZXlyaW5nIC0ta2V5cmluZyAvdXNyL3NoYXJlL2tleXJpbmdzL2hhc2hpY29ycC1hcmNoaXZlLWtleXJpbmcuZ3BnIC0tZmluZ2VycHJpbnQNCiMgICAtIGVjaG8gImRlYiBbc2lnbmVkLWJ5PS91c3Ivc2hhcmUva2V5cmluZ3MvaGFzaGljb3JwLWFyY2hpdmUta2V5cmluZy5ncGddIGh0dHBzOi8vYXB0LnJlbGVhc2VzLmhhc2hpY29ycC5jb20gJChsc2JfcmVsZWFzZSAtY3MpIG1haW4iIHwgdGVlIC9ldGMvYXB0L3NvdXJjZXMubGlzdC5kL2hhc2hpY29ycC5saXN0DQojICAgLSBhcHQtZ2V0IHVwZGF0ZQ0KIyAgIC0gYXB0LWdldCBpbnN0YWxsIC15IHRlcnJhZm9ybQ0KIyAgICMgSW5zdGFsbCBBbnNpYmxlDQojICAgLSBhcHQtYWRkLXJlcG9zaXRvcnkgLS15ZXMgLS11cGRhdGUgcHBhOmFuc2libGUvYW5zaWJsZQ0KIyAgIC0gYXB0LWdldCB1cGRhdGUNCiMgICAtIGFwdC1nZXQgaW5zdGFsbCAteSBhbnNpYmxlDQojICAgIyBDcmVhdGUgcHJpdmF0ZSBrZXkNCiMgICAtIHNzaC1rZXlnZW4gLXQgcnNhIC1iIDQwOTYgLWYgL2hvbWUvYWRtaW5pc3RyYXRvci8uc3NoL2lkX3JzYSAtTiAiIg0KIyAgIC0gY2F0IC9ob21lL2FkbWluaXN0cmF0b3IvLnNzaC9pZF9yc2EucHViID4+IC9ob21lL2FkbWluaXN0cmF0b3IvLnNzaC9hdXRob3JpemVkX2tleXMNCiMgICAtIGNobW9kIDYwMCAvaG9tZS9hZG1pbmlzdHJhdG9yLy5zc2gvYXV0aG9yaXplZF9rZXlzDQojICAgLSBjaG1vZCA2MDAgL2hvbWUvYWRtaW5pc3RyYXRvci8uc3NoL2lkX3JzYQ0KIyAgIC0gY2htb2QgNjQ0IC9ob21lL2FkbWluaXN0cmF0b3IvLnNzaC9pZF9yc2EucHViDQoNCg=="
                }
              }
            ],
            "vapp_transport": [
              "iso"
            ],
            "vbs_enabled": false,
            "vmware_tools_status": "guestToolsNotRunning",
            "vmx_path": "8b9b8367-9009-7f07-1629-000c29013856/Terraform-cloud-vm-1.vmx",
            "vtpm": [],
            "vvtd_enabled": false,
            "wait_for_guest_ip_timeout": 0,
            "wait_for_guest_net_routable": true,
            "wait_for_guest_net_timeout": 0
          },
          "sensitive_attributes": [],
          "private": "eyJzY2hlbWFfdmVyc2lvbiI6IjMifQ==",
          "dependencies": [
            "data.vsphere_compute_cluster.cluster",
            "data.vsphere_datacenter.dc",
            "data.vsphere_datastore.datastore",
            "data.vsphere_network.network",
            "data.vsphere_virtual_machine.template"
          ]
        },
        {
          "index_key": 1,
          "schema_version": 3,
          "attributes": {
            "alternate_guest_name": "",
            "annotation": "",
            "boot_delay": 0,
            "boot_retry_delay": 10000,
            "boot_retry_enabled": false,
            "cdrom": [
              {
                "client_device": true,
                "datastore_id": "",
                "device_address": "ide:1:0",
                "key": 3002,
                "path": ""
              }
            ],
            "change_version": "2025-01-18T15:08:57.733497Z",
            "clone": [
              {
                "customization_spec": [],
                "customize": [],
                "linked_clone": false,
                "ovf_network_map": {},
                "ovf_storage_map": {},
                "template_uuid": "423ea9ee-0b5a-ffcc-86a6-dc604c79efe1",
                "timeout": 30
              }
            ],
            "cpu_hot_add_enabled": false,
            "cpu_hot_remove_enabled": false,
            "cpu_limit": -1,
            "cpu_performance_counters_enabled": false,
            "cpu_reservation": 0,
            "cpu_share_count": 2000,
            "cpu_share_level": "normal",
            "custom_attributes": {},
            "datacenter_id": null,
            "datastore_cluster_id": null,
            "datastore_id": "datastore-2012",
            "default_ip_address": "10.1.3.21",
            "disk": [
              {
                "attach": false,
                "controller_type": "scsi",
                "datastore_id": "datastore-2012",
                "device_address": "scsi:0:0",
                "disk_mode": "persistent",
                "disk_sharing": "sharingNone",
                "eagerly_scrub": false,
                "io_limit": -1,
                "io_reservation": 0,
                "io_share_count": 1000,
                "io_share_level": "normal",
                "keep_on_remove": false,
                "key": 2000,
                "label": "disk0",
                "path": "8b9b8367-120a-5008-7135-000c29013856/Terraform-cloud-vm-2.vmdk",
                "size": 20,
                "storage_policy_id": "aa6d5a82-1c88-45da-85d3-3d74b91a5bad",
                "thin_provisioned": true,
                "unit_number": 0,
                "uuid": "6000C29c-6850-6613-7333-c636e9f226a7",
                "write_through": false
              }
            ],
            "efi_secure_boot_enabled": false,
            "enable_disk_uuid": false,
            "enable_logging": false,
            "ept_rvi_mode": "",
            "extra_config": {},
            "extra_config_reboot_required": true,
            "firmware": "bios",
            "folder": "",
            "force_power_off": true,
            "guest_id": "ubuntu64Guest",
            "guest_ip_addresses": [],
            "hardware_version": 10,
            "host_system_id": "host-2007",
            "hv_mode": "",
            "id": "423e1ee5-bfb2-20a4-2cd9-08f62d98082e",
            "ide_controller_count": 2,
            "ignored_guest_ips": null,
            "imported": null,
            "latency_sensitivity": "normal",
            "memory": 4096,
            "memory_hot_add_enabled": false,
            "memory_limit": -1,
            "memory_reservation": 0,
            "memory_reservation_locked_to_max": false,
            "memory_share_count": 40960,
            "memory_share_level": "normal",
            "migrate_wait_timeout": 30,
            "moid": "vm-2039",
            "name": "Terraform-cloud-node-vm-2",
            "nested_hv_enabled": false,
            "network_interface": [
              {
                "adapter_type": "vmxnet3",
                "bandwidth_limit": -1,
                "bandwidth_reservation": 0,
                "bandwidth_share_count": 50,
                "bandwidth_share_level": "normal",
                "device_address": "pci:0:7",
                "key": 4000,
                "mac_address": "00:50:56:be:04:28",
                "network_id": "network-1011",
                "ovf_mapping": "",
                "physical_function": "",
                "use_static_mac": false
              }
            ],
            "num_cores_per_socket": 1,
            "num_cpus": 2,
            "ovf_deploy": [],
            "pci_device_id": [],
            "power_state": "on",
            "poweron_timeout": 300,
            "reboot_required": false,
            "replace_trigger": null,
            "resource_pool_id": "resgroup-2002",
            "run_tools_scripts_after_power_on": true,
            "run_tools_scripts_after_resume": true,
            "run_tools_scripts_before_guest_reboot": false,
            "run_tools_scripts_before_guest_shutdown": true,
            "run_tools_scripts_before_guest_standby": true,
            "sata_controller_count": 0,
            "scsi_bus_sharing": "noSharing",
            "scsi_controller_count": 1,
            "scsi_type": "pvscsi",
            "shutdown_wait_timeout": 3,
            "storage_policy_id": "aa6d5a82-1c88-45da-85d3-3d74b91a5bad",
            "swap_placement_policy": "inherit",
            "sync_time_with_host": true,
            "sync_time_with_host_periodically": false,
            "tags": [],
            "tools_upgrade_policy": "manual",
            "uuid": "423e1ee5-bfb2-20a4-2cd9-08f62d98082e",
            "vapp": [
              {
                "properties": {
                  "user-data": "I2Nsb3VkLWNvbmZpZw0KDQojIHNldHMgdGhlIGhvc3RuYW1lIHRvICd0ZXJyYWZvcm1lZCcNCmhvc3RuYW1lOiBUZXJyYWZvcm0tY2xvdWQtbm9kZS12bS0yDQoNCnVzZXJzOg0KICAjIEFkZHMgYSB1c2VyIGNhbGxlZCAnZXhhbXBsZScgd2l0aCB0aGUgcGFzc3dvcmQgaGFzaCBvZiAncGFzc3dvcnQnLCBzdWRvIHJpZ2h0cyBhbmQgdGhlIGRlZmF1bHQgdWJ1bnR1IGdyb3Vwcw0KICAtIG5hbWU6IGFkbWluaXN0cmF0b3INCiAgICBnZWNvczogQWRtaW5pc3RyYXRvciBVc2VyDQogICAgc3VkbzogQUxMPShBTEwpIE5PUEFTU1dEOkFMTA0KICAgIGdyb3VwczogdXNlcnMsIGFkbWluDQogICAgaG9tZTogL2hvbWUvYWRtaW5pc3RyYXRvcg0KICAgIHNoZWxsOiAvYmluL2Jhc2gNCiAgICBsb2NrX3Bhc3N3ZDogZmFsc2UNCiAgICAjcGxhaW5fdGV4dF9wYXNzd2Q6ICIiICAjIFVudXNlZA0KICAgIHBhc3N3ZDogIiQyeSQxMCQvUXkvL0duSWhXdUdLS2NrS0NIbjhPeDRwUC9lelYzV3hWS1ZnWExLbmt5OHZMWHRkV2Q1ZSIgIyDguKPguKvguLHguKrguJzguYjguLLguJnguYHguJrguJogSGFzaA0KICAgICMgc3NoX2F1dGhvcml6ZWRfa2V5czoNCiAgICAjICAgLSBzc2gtcnNhIEFBQUFCM056YUMxeWMyRUFBQUFEQVFBQkFBQUJnUURNbGpqRUhIYjNGZUNVQnVpMU9IZFplUm9hOUM0TjBSUXNWRnVIRDE5dHR2NmhmQ0pFQ0V6T0dnRjlUV0VmL2NYTzJTdnlIRVFJVUlMaU1QRVZjVjBEb284VUZkQXBNZHc4YSt1eWUrb2FObE5GWlc1dkpPbkFpMTliWmhVQWhUNDZkWERVN1lnYlRObVovRVpRdW02TmRrbTl1ZmdnelFPNjUrT2dJcUhGQ24rQWR0RTVVK3JBNitFTm4wVitFVUQ5Wis4NUQ3Zm1YVm9EaHVielJZMjZsb2tOQUMvVkFDYVNiNUYwK2tlci9WeFY5a0JUWnByUC9DR3pBZlNLb3lkRWtzM0hGdThiV0VhRUw2RFpqUzlUUDdIajkySmxMUzR3Rm9sb1JUbDRCdkoxV2F1eU5zRG9WMWJIOGpPR3NNZ3ZWdGM2YkFrV0tsQWJIaitsMHRtakdsd2IxSlpyS3BlNnFIVkt3M1N6dklnTjluZFV6dUNiKzRZU01URmNJMzJJSUlGWEo1VFlvMkoycjN5alZYUVVabm1vN29MM1dYdS96NWM2OC9IN1RGbm41N3prNHB1M1VrZENRQTQ2YzhDVDY1QlJJRURsUHI3SnJDYUVWeGsvNEYrbVN4cy9HT3hNYlcvKzh3N0szR1lFcGozbmNqMEwxUVBwd2w4eWRBTT0gYWRtaW5pc3RyYXRvckBSVkNJRE1DMDAxLmxvY2FsDQoNCnNzaF9wd2F1dGg6IHRydWUNCmNocGFzc3dkOg0KICBleHBpcmU6IGZhbHNlDQoNCnBhY2thZ2VzOg0KICAtIGdudXBnDQogIC0gc29mdHdhcmUtcHJvcGVydGllcy1jb21tb24NCiAgLSBjdXJsDQoNCndyaXRlX2ZpbGVzOg0KLSBwYXRoOiAvZXRjL25ldHBsYW4vNTAtY2xvdWQtaW5pdC55YW1sDQogIGNvbnRlbnQ6IHwNCiAgICBuZXR3b3JrOg0KICAgICAgdmVyc2lvbjogMg0KICAgICAgZXRoZXJuZXRzOg0KICAgICAgICBlbnMxOTI6DQogICAgICAgICAgZGhjcDQ6IG5vDQogICAgICAgICAgYWRkcmVzc2VzOg0KICAgICAgICAgICAgLSAxMC4xLjMuMjMvMjQNCiAgICAgICAgICBnYXRld2F5NDogMTAuMS4zLjENCiAgICAgICAgICBuYW1lc2VydmVyczoNCiAgICAgICAgICAgIGFkZHJlc3NlczogWzguOC44LjgsOC44LjQuNF0NCg0KcnVuY21kOg0KICAtIG5ldHBsYW4gYXBwbHkNCiAgLSBhcHQtZ2V0IHVwZGF0ZQ0KIyAgICMgSW5zdGFsbCBUZXJyYWZyb20NCiMgICAjIC0gYXB0LWdldCBpbnN0YWxsIC15IGdudXBnIHNvZnR3YXJlLXByb3BlcnRpZXMtY29tbW9uDQojICAgLSB3Z2V0IC1PLSBodHRwczovL2FwdC5yZWxlYXNlcy5oYXNoaWNvcnAuY29tL2dwZyB8IGdwZyAtLWRlYXJtb3IgfCB0ZWUgL3Vzci9zaGFyZS9rZXlyaW5ncy9oYXNoaWNvcnAtYXJjaGl2ZS1rZXlyaW5nLmdwZyA+IC9kZXYvbnVsbA0KIyAgIC0gZ3BnIC0tbm8tZGVmYXVsdC1rZXlyaW5nIC0ta2V5cmluZyAvdXNyL3NoYXJlL2tleXJpbmdzL2hhc2hpY29ycC1hcmNoaXZlLWtleXJpbmcuZ3BnIC0tZmluZ2VycHJpbnQNCiMgICAtIGVjaG8gImRlYiBbc2lnbmVkLWJ5PS91c3Ivc2hhcmUva2V5cmluZ3MvaGFzaGljb3JwLWFyY2hpdmUta2V5cmluZy5ncGddIGh0dHBzOi8vYXB0LnJlbGVhc2VzLmhhc2hpY29ycC5jb20gJChsc2JfcmVsZWFzZSAtY3MpIG1haW4iIHwgdGVlIC9ldGMvYXB0L3NvdXJjZXMubGlzdC5kL2hhc2hpY29ycC5saXN0DQojICAgLSBhcHQtZ2V0IHVwZGF0ZQ0KIyAgIC0gYXB0LWdldCBpbnN0YWxsIC15IHRlcnJhZm9ybQ0KIyAgICMgSW5zdGFsbCBBbnNpYmxlDQojICAgLSBhcHQtYWRkLXJlcG9zaXRvcnkgLS15ZXMgLS11cGRhdGUgcHBhOmFuc2libGUvYW5zaWJsZQ0KIyAgIC0gYXB0LWdldCB1cGRhdGUNCiMgICAtIGFwdC1nZXQgaW5zdGFsbCAteSBhbnNpYmxlDQojICAgIyBDcmVhdGUgcHJpdmF0ZSBrZXkNCiMgICAtIHNzaC1rZXlnZW4gLXQgcnNhIC1iIDQwOTYgLWYgL2hvbWUvYWRtaW5pc3RyYXRvci8uc3NoL2lkX3JzYSAtTiAiIg0KIyAgIC0gY2F0IC9ob21lL2FkbWluaXN0cmF0b3IvLnNzaC9pZF9yc2EucHViID4+IC9ob21lL2FkbWluaXN0cmF0b3IvLnNzaC9hdXRob3JpemVkX2tleXMNCiMgICAtIGNobW9kIDYwMCAvaG9tZS9hZG1pbmlzdHJhdG9yLy5zc2gvYXV0aG9yaXplZF9rZXlzDQojICAgLSBjaG1vZCA2MDAgL2hvbWUvYWRtaW5pc3RyYXRvci8uc3NoL2lkX3JzYQ0KIyAgIC0gY2htb2QgNjQ0IC9ob21lL2FkbWluaXN0cmF0b3IvLnNzaC9pZF9yc2EucHViDQoNCg=="
                }
              }
            ],
            "vapp_transport": [
              "iso"
            ],
            "vbs_enabled": false,
            "vmware_tools_status": "guestToolsNotRunning",
            "vmx_path": "8b9b8367-120a-5008-7135-000c29013856/Terraform-cloud-vm-2.vmx",
            "vtpm": [],
            "vvtd_enabled": false,
            "wait_for_guest_ip_timeout": 0,
            "wait_for_guest_net_routable": true,
            "wait_for_guest_net_timeout": 0
          },
          "sensitive_attributes": [],
          "private": "eyJzY2hlbWFfdmVyc2lvbiI6IjMifQ==",
          "dependencies": [
            "data.vsphere_compute_cluster.cluster",
            "data.vsphere_datacenter.dc",
            "data.vsphere_datastore.datastore",
            "data.vsphere_network.network",
            "data.vsphere_virtual_machine.template"
          ]
        }
      ]
    }
  ],
  "check_results": null
}
