{
  "version": 4,
  "terraform_version": "1.11.3",
  "serial": 14,
  "lineage": "a7f20ac0-07f7-9c37-93cd-a69b45e11a71",
  "outputs": {},
  "resources": [
    {
      "mode": "data",
      "type": "vsphere_datacenter",
      "name": "dc",
      "provider": "provider[\"registry.terraform.io/hashicorp/vsphere\"]",
      "instances": [
        {
          "schema_version": 0,
          "attributes": {
            "id": "datacenter-2",
            "name": "Datacenter",
            "virtual_machines": [
              "01-Smart-M Enterprise Core",
              "02-Smart-M Device adapters - Milestone",
              "03-Smart-M MSSQL",
              "04-Smart-M Valerian M01",
              "05-Smart-M Valerian M02",
              "06-Smart-M Valerian M03",
              "07-Smart-M Valerian C01",
              "08-Smart-M Valerian C02",
              "09-Smart-M Valerian C03",
              "10-Smart-M Valkyrie",
              "10-Smart-M Valkyrie_Clone",
              "11-Report Server",
              "12-Smart-M-AD",
              "13-FTP Server",
              "14-Smart-M DNS and AD",
              "15-Hikvision",
              "15-Smart-M Valkyrie02",
              "16-Senstar",
              "17-Gallagher",
              "Attacker-spectre-211",
              "CentOS 7 64-bit",
              "CentOS8_Master",
              "ClientWFT1_PG1",
              "Client_1",
              "Client_10",
              "Client_2",
              "Client_3",
              "Client_4",
              "Client_5",
              "Client_6",
              "Client_7",
              "Client_8",
              "Client_9",
              "Conceptus-Server",
              "Coordinate01",
              "Cy Demo MDR (03)",
              "Cy-CLI01",
              "Cy-CLI02",
              "Cy-CLI03",
              "Cy-CLI04",
              "Cy-CLI05",
              "Cy-CLI06",
              "Cy-CLI07",
              "Cy-Fraud-Cassandra-1",
              "Cy-Fraud-Cassandra-2",
              "Cy-Kali",
              "Cy-OpXDR",
              "Cy-Opensearch",
              "Cy-Phish (Gene Cyber)",
              "Cy-Phish02 (Gene Cyber)",
              "Cy-dfm",
              "Cy-soc-01",
              "Cy-soc-02",
              "Cy-tip-minio-0",
              "Cy-tip-nfs",
              "Cy_Swimlane_Dev",
              "DLPePO",
              "Datanode01",
              "Datanode02",
              "ELK (.20.161)",
              "Firewall-NAT",
              "FreeNAS",
              "GS10-Master-IOT",
              "GS10-Master-IOT2",
              "Gate Scanner Mail BE",
              "Gate Scanner Mail FE",
              "Gate Scanner Mail SQL",
              "Gate Scanner Mail Server",
              "GitHub (20.152)",
              "Ingest01",
              "Ingest02",
              "Kali2020-3",
              "MISP-20.199",
              "MSSQL01",
              "MSSQL02",
              "MSSQL03",
              "MSSQL04",
              "MSSQL05",
              "Master Metasploit pro",
              "Master Nessus",
              "Master Oracle Weblogic",
              "Master Splunk Forwarder",
              "Master Splunk Indexer",
              "OPNsense [v20.1]",
              "Proxy-Server-1",
              "Proxy-Server-2",
              "RTA-CSOC-Router",
              "RTA-POC-Center-ELK (Wait for delete confirmation)",
              "RTA-POC-Client1 (Wait for delete confirmation)",
              "RTA-POC-Client2 (Wait for delete confirmation)",
              "RTA-POC-ELK (Wait for delete confirmation)",
              "RTA-POC-FortiGate (Wait for delete confirmation)",
              "RTA-POC-MISP (Wait for delete confirmation)",
              "RTA-POC-SOCAgent1 (Wait for delete confirmation)",
              "RTA-POC-SOCAgent2 (Wait for delete confirmation)",
              "SW-Remote",
              "Smart-M Valerian Client",
              "Smart-M Valerian Client-EGAT",
              "Smart-M Valerian Master",
              "Smart-M Valerian Master-EGAT",
              "Smart-M Valkyrie-EGAT",
              "Splunk Forwarder",
              "Splunk Indexer",
              "Splunk_Ubuntu20",
              "Splunk_backup",
              "Splunk_es",
              "SyslogWFT1_PG2-(20.18)",
              "Test Lunux-001",
              "Test Lunux-002",
              "Tor proxy",
              "Trellix_ESM_RTN_Demo",
              "Ubuntu 18.4",
              "Ubuntu 64-bit",
              "Ubuntu 64-bit Server GUI",
              "Ubuntu Desktop x64",
              "Ubuntu22.04-Swimlane-POC-1",
              "Ubuntu22.04-Test",
              "Ubuntu22.04-Test_restored",
              "VBR-DC",
              "VRO-DR",
              "Veeam-Backup-Proxy-DR",
              "Veeam-Proxy-CDP-DC",
              "W10-MerRemote",
              "W10-MerRemote02",
              "W10-MerRemote03",
              "Windows Server 2008_r2",
              "Windows7-spectre",
              "Wolf_Tail_Server (20.160)",
              "Wolftail-Server-20.200",
              "[AW] - APP-AD-Lair-105.252",
              "[AW] - APP-Lair-2TB-105.253",
              "[AW] - AW-DC-01-0.201",
              "[AW] - CentOS-Conceptus-0.11",
              "[AW] - windows-Conceptus-0.211",
              "[CO] NextCloud",
              "[CO] VMware vCenter Server",
              "[CO] Windows Server 2012R2 - Master",
              "[CO] Windows Server 2012R2 - Slave",
              "[CSOC] FreeNAS_B",
              "[Dark Web] Centos8.1905 Crawler-img (.181)",
              "[Dark Web] Hadoop-Master (190)",
              "[Dark Web] Hadoop-Node1 (191)",
              "[Dark Web] Hadoop-Node2 (192)",
              "[Dark Web] Hadoop-Node3 (193)",
              "[Dark Web] Hadoop-Node4 (194)",
              "[Dark Web] Hadoop-Node5 (195)",
              "[Dark Web] NATS Server 01 (.156)",
              "[Dark Web] NATS Server 02 (.157)",
              "[Dark Web] NATS Server 03 (.158)",
              "[Dark Web] Onion DB (.152)",
              "[Dark Web] Onion Generator V2 (.160)",
              "[Dark Web] Onion Generator V2 (.161)",
              "[Dark Web] Onion Generator V2 (.162)",
              "[Dark Web] Onion Generator V2 (.163)",
              "[Dark Web] Onion Generator V2 (.164)",
              "[Dark Web] Onion Generator V3 (.165)",
              "[Dark Web] Onion Generator V3 (.166)",
              "[Dark Web] Onion Generator V3 (.167)",
              "[Dark Web] Onion Generator V3 (.168)",
              "[Dark Web] Onion Generator V3 (.169)",
              "[Dark Web] SQL Server 2016 (.153)",
              "[Dark Web] Temp DB (.151)",
              "[Dark Web] Torproxy Master (.170)",
              "[Dark Web] Torproxy Node1 (.171)",
              "[Dark Web] Torproxy Node2 (.172)",
              "[Dark Web] Torproxy Node3 (.173)",
              "[Dark Web] Torproxy Node4 (.174)",
              "[Demo] McAfee NSM_B",
              "[Demo] McAfee SIEM_B",
              "[Firewall] OPNsense_B",
              "[HTG] Kali Agent",
              "[HTG] Windows Agent",
              "[LaoCERT] - ConceptusWS-0.99",
              "agartha-cm-sit-24-temp",
              "centos8(grok)",
              "cy-elk",
              "cy-etcd",
              "cy-k8s-master",
              "cy-ks-master-1",
              "cy-ks-master-2",
              "cy-ks-master-3",
              "cy-ks-node-1",
              "cy-ks-node-2",
              "cy-mssp-cli-demo",
              "cy-mssp-srv-demo",
              "cy-provisioning-tool",
              "cy-swimlane-quickstart",
              "cy-template-type-1",
              "cy-template-type-2",
              "cy-template-type-3",
              "cy-template-type-4",
              "cy-template-type-5",
              "cy-template-type-6",
              "cy-tip-k8s-worker",
              "cy-tip-kuber-dev",
              "cy-tip-minio-prod",
              "cy-tip-nfs-prod",
              "cy-tip-node-1",
              "cy-tip-node-2",
              "cy-tip-node-3",
              "cy-tip-rancher-prod",
              "cy-tip-rancher-prod-master-1",
              "cy-tip-rancher-prod-master-2",
              "cy-tip-rancher-prod-master-3",
              "cy-tip-rancher-prod-node-1",
              "cy-tip-rancher-prod-node-2",
              "cy-tip-rancher-prod-node-3",
              "cy-tip-rancher-prod-node-4",
              "d2s-alfresco",
              "d2s-elk-rancher-test-master-1",
              "d2s-elk-rancher-test-node-1",
              "d2s-elk-rancher-test-node-2",
              "d2s-elk-rancher-test-node-3",
              "d2s-elk-rancher-test-node-4",
              "d2s-server-backup",
              "d2s-spider-MiniO",
              "d2s-spider-Ubuntu22.04-Swimlane-Dev-1",
              "d2s-spider-Ubuntu22.04-Swimlane-Test",
              "d2s-spider-external-lb-dev",
              "d2s-spider-external-lb-test",
              "d2s-spider-external-mongodb",
              "d2s-wolftail-database-dev",
              "demo-nhealth",
              "dotProject (Master)",
              "kali (55.4)",
              "master01",
              "master02",
              "master03",
              "mssp-report-dev",
              "pfSenseWFT1_Bridge",
              "pfSenseWFT1_GW",
              "poc-ex-cts",
              "poc-ex-med",
              "proxy1-5-51",
              "proxy2-5-52",
              "proxy3-5-53",
              "server",
              "ssss",
              "sw-dev-dr",
              "sw-ubuntu24",
              "template-mssp-test-dev",
              "test-api-centos",
              "ubuntu-24.04-server-cloudimg-amd64",
              "ubuntu-jammy-22.04-cloudimg",
              "ubuntu-misp",
              "web-5-20",
              "web-login-210",
              "windows 10 (55.3)",
              "windows-2016"
            ]
          },
          "sensitive_attributes": []
        }
      ]
    },
    {
      "mode": "data",
      "type": "vsphere_datastore",
      "name": "datastore_lun01",
      "provider": "provider[\"registry.terraform.io/hashicorp/vsphere\"]",
      "instances": [
        {
          "schema_version": 0,
          "attributes": {
            "datacenter_id": "datacenter-2",
            "id": "datastore-1348",
            "name": "LUN01",
            "stats": {
              "capacity": "13193871097856",
              "free": "2616803196928"
            }
          },
          "sensitive_attributes": []
        }
      ]
    },
    {
      "mode": "data",
      "type": "vsphere_datastore",
      "name": "datastore_lun02",
      "provider": "provider[\"registry.terraform.io/hashicorp/vsphere\"]",
      "instances": [
        {
          "schema_version": 0,
          "attributes": {
            "datacenter_id": "datacenter-2",
            "id": "datastore-1349",
            "name": "LUN02",
            "stats": {
              "capacity": "13193871097856",
              "free": "2688620167168"
            }
          },
          "sensitive_attributes": []
        }
      ]
    },
    {
      "mode": "data",
      "type": "vsphere_datastore",
      "name": "datastore_lun03",
      "provider": "provider[\"registry.terraform.io/hashicorp/vsphere\"]",
      "instances": [
        {
          "schema_version": 0,
          "attributes": {
            "datacenter_id": "datacenter-2",
            "id": "datastore-1350",
            "name": "LUN03",
            "stats": {
              "capacity": "13202192596992",
              "free": "1516469485568"
            }
          },
          "sensitive_attributes": []
        }
      ]
    },
    {
      "mode": "data",
      "type": "vsphere_network",
      "name": "network",
      "provider": "provider[\"registry.terraform.io/hashicorp/vsphere\"]",
      "instances": [
        {
          "schema_version": 0,
          "attributes": {
            "datacenter_id": "datacenter-2",
            "distributed_virtual_switch_uuid": null,
            "filter": null,
            "id": "network-7665",
            "name": "Cyber-Server",
            "type": "Network"
          },
          "sensitive_attributes": []
        }
      ]
    },
    {
      "mode": "data",
      "type": "vsphere_resource_pool",
      "name": "pool_dats_tf_1",
      "provider": "provider[\"registry.terraform.io/hashicorp/vsphere\"]",
      "instances": [
        {
          "schema_version": 0,
          "attributes": {
            "datacenter_id": "datacenter-2",
            "id": "resgroup-22009",
            "name": "Infra-lab"
          },
          "sensitive_attributes": []
        }
      ]
    },
    {
      "mode": "data",
      "type": "vsphere_resource_pool",
      "name": "pool_dats_tf_2",
      "provider": "provider[\"registry.terraform.io/hashicorp/vsphere\"]",
      "instances": [
        {
          "schema_version": 0,
          "attributes": {
            "datacenter_id": "datacenter-2",
            "id": "resgroup-19185",
            "name": "DATS-TF-2"
          },
          "sensitive_attributes": []
        }
      ]
    },
    {
      "mode": "data",
      "type": "vsphere_resource_pool",
      "name": "pool_dats_tf_3",
      "provider": "provider[\"registry.terraform.io/hashicorp/vsphere\"]",
      "instances": [
        {
          "schema_version": 0,
          "attributes": {
            "datacenter_id": "datacenter-2",
            "id": "resgroup-19184",
            "name": "DATS-TF-3"
          },
          "sensitive_attributes": []
        }
      ]
    },
    {
      "mode": "data",
      "type": "vsphere_virtual_machine",
      "name": "template",
      "provider": "provider[\"registry.terraform.io/hashicorp/vsphere\"]",
      "instances": [
        {
          "schema_version": 0,
          "attributes": {
            "alternate_guest_name": "",
            "annotation": "",
            "boot_delay": 0,
            "boot_retry_delay": 10000,
            "boot_retry_enabled": false,
            "change_version": "2024-08-23T11:00:05.615195Z",
            "cpu_hot_add_enabled": false,
            "cpu_hot_remove_enabled": false,
            "cpu_limit": -1,
            "cpu_performance_counters_enabled": false,
            "cpu_reservation": 0,
            "cpu_share_count": 2000,
            "cpu_share_level": "normal",
            "datacenter_id": "datacenter-2",
            "default_ip_address": null,
            "disks": [
              {
                "eagerly_scrub": false,
                "label": "Hard disk 1",
                "size": 10,
                "thin_provisioned": true,
                "unit_number": 0
              }
            ],
            "efi_secure_boot_enabled": false,
            "enable_disk_uuid": false,
            "enable_logging": true,
            "ept_rvi_mode": "automatic",
            "extra_config": {},
            "extra_config_reboot_required": true,
            "firmware": "bios",
            "folder": null,
            "guest_id": "ubuntu64Guest",
            "guest_ip_addresses": [],
            "hardware_version": 10,
            "hv_mode": "hvAuto",
            "id": "420cf32e-d6dd-416d-e88a-1b90c7fff8dd",
            "ide_controller_scan_count": 2,
            "instance_uuid": "500c00d8-99b2-24cb-2d3e-5d3ca2bd3f5d",
            "latency_sensitivity": "normal",
            "memory": 1024,
            "memory_hot_add_enabled": false,
            "memory_limit": -1,
            "memory_reservation": 0,
            "memory_reservation_locked_to_max": false,
            "memory_share_count": 10240,
            "memory_share_level": "normal",
            "moid": "vm-19198",
            "name": "ubuntu-24.04-server-cloudimg-amd64",
            "nested_hv_enabled": false,
            "network_interface_types": [
              "vmxnet3"
            ],
            "network_interfaces": [
              {
                "adapter_type": "vmxnet3",
                "bandwidth_limit": -1,
                "bandwidth_reservation": 0,
                "bandwidth_share_count": 50,
                "bandwidth_share_level": "normal",
                "mac_address": "00:50:56:8c:fa:d8",
                "network_id": "network-16476",
                "physical_function": ""
              }
            ],
            "num_cores_per_socket": 1,
            "num_cpus": 2,
            "nvme_controller_scan_count": 1,
            "replace_trigger": null,
            "run_tools_scripts_after_power_on": true,
            "run_tools_scripts_after_resume": true,
            "run_tools_scripts_before_guest_reboot": false,
            "run_tools_scripts_before_guest_shutdown": true,
            "run_tools_scripts_before_guest_standby": true,
            "sata_controller_scan_count": 0,
            "scsi_bus_sharing": "noSharing",
            "scsi_controller_scan_count": 1,
            "scsi_type": "pvscsi",
            "storage_policy_id": null,
            "swap_placement_policy": "inherit",
            "sync_time_with_host": false,
            "sync_time_with_host_periodically": null,
            "tools_upgrade_policy": "manual",
            "uuid": "420cf32e-d6dd-416d-e88a-1b90c7fff8dd",
            "vapp": null,
            "vapp_transport": [
              "iso"
            ],
            "vbs_enabled": false,
            "vtpm": false,
            "vvtd_enabled": false
          },
          "sensitive_attributes": []
        }
      ]
    },
    {
      "mode": "managed",
      "type": "vsphere_virtual_machine",
      "name": "infra-lab-provisioner",
      "provider": "provider[\"registry.terraform.io/hashicorp/vsphere\"]",
      "instances": [
        {
          "schema_version": 3,
          "attributes": {
            "alternate_guest_name": "",
            "annotation": "",
            "boot_delay": 0,
            "boot_retry_delay": 10000,
            "boot_retry_enabled": false,
            "cdrom": [
              {
                "client_device": true,
                "datastore_id": "",
                "device_address": "ide:1:0",
                "key": 3002,
                "path": ""
              }
            ],
            "change_version": "2025-10-20T03:33:26.645727Z",
            "clone": [
              {
                "customization_spec": [],
                "customize": [],
                "linked_clone": false,
                "ovf_network_map": null,
                "ovf_storage_map": null,
                "template_uuid": "420cf32e-d6dd-416d-e88a-1b90c7fff8dd",
                "timeout": 30
              }
            ],
            "cpu_hot_add_enabled": false,
            "cpu_hot_remove_enabled": false,
            "cpu_limit": -1,
            "cpu_performance_counters_enabled": false,
            "cpu_reservation": 0,
            "cpu_share_count": 2000,
            "cpu_share_level": "normal",
            "custom_attributes": null,
            "datacenter_id": null,
            "datastore_cluster_id": null,
            "datastore_id": "datastore-1349",
            "default_ip_address": null,
            "disk": [
              {
                "attach": false,
                "controller_type": "scsi",
                "datastore_id": "datastore-1348",
                "device_address": "scsi:0:0",
                "disk_mode": "persistent",
                "disk_sharing": "sharingNone",
                "eagerly_scrub": false,
                "io_limit": -1,
                "io_reservation": 0,
                "io_share_count": 1000,
                "io_share_level": "normal",
                "keep_on_remove": false,
                "key": 2000,
                "label": "disk0",
                "path": "infra-lab-provisioner/infra-lab-provisioner.vmdk",
                "size": 50,
                "storage_policy_id": "",
                "thin_provisioned": true,
                "unit_number": 0,
                "uuid": "6000C297-2350-645f-f712-18f5b1782d3a",
                "write_through": false
              }
            ],
            "efi_secure_boot_enabled": false,
            "enable_disk_uuid": false,
            "enable_logging": false,
            "ept_rvi_mode": "automatic",
            "extra_config": null,
            "extra_config_reboot_required": true,
            "firmware": "bios",
            "folder": "",
            "force_power_off": true,
            "guest_id": "ubuntu64Guest",
            "guest_ip_addresses": [],
            "hardware_version": 10,
            "host_system_id": "host-13512",
            "hv_mode": "hvAuto",
            "id": "420c953b-dabc-8bd6-5069-039c5edf5f96",
            "ide_controller_count": 2,
            "ignored_guest_ips": null,
            "imported": null,
            "latency_sensitivity": "normal",
            "memory": 4096,
            "memory_hot_add_enabled": false,
            "memory_limit": -1,
            "memory_reservation": 0,
            "memory_reservation_locked_to_max": false,
            "memory_share_count": 40960,
            "memory_share_level": "normal",
            "migrate_wait_timeout": 30,
            "moid": "vm-22018",
            "name": "infra-lab-provisioner",
            "nested_hv_enabled": false,
            "network_interface": [
              {
                "adapter_type": "vmxnet3",
                "bandwidth_limit": -1,
                "bandwidth_reservation": 0,
                "bandwidth_share_count": 50,
                "bandwidth_share_level": "normal",
                "device_address": "pci:0:7",
                "key": 4000,
                "mac_address": "00:50:56:8c:b2:2b",
                "network_id": "network-7665",
                "ovf_mapping": "",
                "physical_function": "",
                "use_static_mac": false
              }
            ],
            "num_cores_per_socket": 1,
            "num_cpus": 2,
            "nvme_controller_count": 0,
            "ovf_deploy": [],
            "pci_device_id": null,
            "power_state": "on",
            "poweron_timeout": 300,
            "reboot_required": false,
            "replace_trigger": null,
            "resource_pool_id": "resgroup-22009",
            "run_tools_scripts_after_power_on": true,
            "run_tools_scripts_after_resume": true,
            "run_tools_scripts_before_guest_reboot": false,
            "run_tools_scripts_before_guest_shutdown": true,
            "run_tools_scripts_before_guest_standby": true,
            "sata_controller_count": 0,
            "scsi_bus_sharing": "noSharing",
            "scsi_controller_count": 1,
            "scsi_type": "pvscsi",
            "shutdown_wait_timeout": 3,
            "storage_policy_id": "",
            "swap_placement_policy": "inherit",
            "sync_time_with_host": true,
            "sync_time_with_host_periodically": null,
            "tags": null,
            "tools_upgrade_policy": "manual",
            "uuid": "420c953b-dabc-8bd6-5069-039c5edf5f96",
            "vapp": [
              {
                "properties": {
                  "user-data": "I2Nsb3VkLWNvbmZpZwogIHBhY2thZ2VfdXBkYXRlOiB0cnVlCgogIHVzZXJzOgogICAgLSBuYW1lOiBhZG1pbmlzdHJhdG9yCiAgICAgIGdlY29zOiBBZG1pbmlzdHJhdG9yIFVzZXIKICAgICAgc3VkbzogQUxMPShBTEwpIE5PUEFTU1dEOkFMTAogICAgICBncm91cHM6IHVzZXJzLCBhZG1pbgogICAgICBob21lOiAvaG9tZS9hZG1pbmlzdHJhdG9yCiAgICAgIHNoZWxsOiAvYmluL2Jhc2gKICAgICAgbG9ja19wYXNzd2Q6IGZhbHNlCiAgICAgIHBhc3N3ZDogIiQ2JEdhcDFCeE1RaU9OcE4vVngkR21nQmNYVFBibmdhQ3ZaYjc0aWZmOTRaS1RkODlxSDQxWVpERjNiUjZpWDByZlNmUGVyRHB1dUhkLmFJOWFlQWxWVjVWa3dRWVd4a2swSVhZZ3NIczEiCiAgICAgIHNzaF9hdXRob3JpemVkX2tleXM6CiAgICAgICAgLSBzc2gtcnNhIEFBQUFCM056YUMxeWMyRUFBQUFEQVFBQkFBQUJnUURNbGpqRUhIYjNGZUNVQnVpMU9IZFplUm9hOUM0TjBSUXNWRnVIRDE5dHR2NmhmQ0pFQ0V6T0dnRjlUV0VmL2NYTzJTdnlIRVFJVUlMaU1QRVZjVjBEb284VUZkQXBNZHc4YSt1eWUrb2FObE5GWlc1dkpPbkFpMTliWmhVQWhUNDZkWERVN1lnYlRObVovRVpRdW02TmRrbTl1ZmdnelFPNjUrT2dJcUhGQ24rQWR0RTVVK3JBNitFTm4wVitFVUQ5Wis4NUQ3Zm1YVm9EaHVielJZMjZsb2tOQUMvVkFDYVNiNUYwK2tlci9WeFY5a0JUWnByUC9DR3pBZlNLb3lkRWtzM0hGdThiV0VhRUw2RFpqUzlUUDdIajkySmxMUzR3Rm9sb1JUbDRCdkoxV2F1eU5zRG9WMWJIOGpPR3NNZ3ZWdGM2YkFrV0tsQWJIaitsMHRtakdsd2IxSlpyS3BlNnFIVkt3M1N6dklnTjluZFV6dUNiKzRZU01URmNJMzJJSUlGWEo1VFlvMkoycjN5alZYUVVabm1vN29MM1dYdS96NWM2OC9IN1RGbm41N3prNHB1M1VrZENRQTQ2YzhDVDY1QlJJRURsUHI3SnJDYUVWeGsvNEYrbVN4cy9HT3hNYlcvKzh3N0szR1lFcGozbmNqMEwxUVBwd2w4eWRBTT0gYWRtaW5pc3RyYXRvckBSVkNJRE1DMDAxLmxvY2FsCiAgICAgICAgLSBzc2gtcnNhIEFBQUFCM056YUMxeWMyRUFBQUFEQVFBQkFBQUJnUURjRThKSlVFNWdvdnQxK1FjcXNxQXJIQUU1T2VuamFNU3ZyMDRBbWdKOERTcktnMUJKNDdVWkxzVGZhY1duZTVON0ZGQlBINlI4R1FybWVNUXd1czZJWm84V3RSbC8ydGM2aElDc2daRy9pN2NQRmZHTkIrTDQ0Z1Z1NkRic0ZpVHpTazlNdTY3Vnp0RFc5N2ZlU3c3MHd1cDBpUEhwM3RvWlo1UlNuWVBUclNsWUdlek1wNHAzMkNiSHVPN25aQ2xENFJpWStRUVZja295MHR0amtrRWNFVmhadWNMaVlrc29TcEFlenlyL0R4QWE3NjdXWTV0bzRHdTd4a1lNQjNaVXJBQlF3MUFWOU9mM0t0MDhOTVFPZGk4Z2NBRENjNnVubkliVldRYmFCcE1IT1hScnRlZm5US2t3UTdMakRka1MzeHNUSWNua0ZmeHU0S2ZkaDRIRDRBSWtsQTJXMVc1RmhJOHNEOFNhc29ORFhjekNKMHVLNjUwTHBLL1BOMW0reU1JT0t6N0F5ZE9EK09PQVhzd3pYZ1VWbXhMRlFWdHJrS1dRSmVXMkdMb2pmTXdUcEl5a0J0WmNhZmNpV1BoVnhhd01PTnNUN3Nta09ka0RuUkk1dkZIU2toeXVQZDdoYVYra1RhbUg1bGxNSEFpUWQ0Wm9icDc5akIra2NPaz0gcnZjb25uZXhcdGhhd2F0Y2hhaS5zQERBVC1UV0NTCiAgCiAgc3NoX3B3YXV0aDogdHJ1ZQogIGNocGFzc3dkOgogICAgZXhwaXJlOiBmYWxzZQoKICBwYWNrYWdlczoKICAtIGdudXBnCiAgLSBzb2Z0d2FyZS1wcm9wZXJ0aWVzLWNvbW1vbgogIC0gY3VybAoKICBob3N0bmFtZTogaW5mcmEtbGFiLXByb3Zpc2lvbmVyCgogIHJ1bmNtZDoKICAtIG5ldHBsYW4gYXBwbHkKICAtIGFwdC1nZXQgdXBkYXRlCiAgLSBhcHQgaW5zdGFsbCBuZXQtdG9vbHMKICAjIEluc3RhbGwgVGVycmFmcm9tCiAgIyAtIGFwdC1nZXQgaW5zdGFsbCAteSBnbnVwZyBzb2Z0d2FyZS1wcm9wZXJ0aWVzLWNvbW1vbgogIC0gd2dldCAtTy0gaHR0cHM6Ly9hcHQucmVsZWFzZXMuaGFzaGljb3JwLmNvbS9ncGcgfCBncGcgLS1kZWFybW9yIHwgdGVlIC91c3Ivc2hhcmUva2V5cmluZ3MvaGFzaGljb3JwLWFyY2hpdmUta2V5cmluZy5ncGcgPiAvZGV2L251bGwKICAtIGdwZyAtLW5vLWRlZmF1bHQta2V5cmluZyAtLWtleXJpbmcgL3Vzci9zaGFyZS9rZXlyaW5ncy9oYXNoaWNvcnAtYXJjaGl2ZS1rZXlyaW5nLmdwZyAtLWZpbmdlcnByaW50CiAgLSBlY2hvICJkZWIgW3NpZ25lZC1ieT0vdXNyL3NoYXJlL2tleXJpbmdzL2hhc2hpY29ycC1hcmNoaXZlLWtleXJpbmcuZ3BnXSBodHRwczovL2FwdC5yZWxlYXNlcy5oYXNoaWNvcnAuY29tICQobHNiX3JlbGVhc2UgLWNzKSBtYWluIiB8IHRlZSAvZXRjL2FwdC9zb3VyY2VzLmxpc3QuZC9oYXNoaWNvcnAubGlzdAogIC0gYXB0LWdldCB1cGRhdGUKICAtIGFwdC1nZXQgaW5zdGFsbCAteSB0ZXJyYWZvcm0KICAjIEluc3RhbGwgQW5zaWJsZQogIC0gYXB0LWFkZC1yZXBvc2l0b3J5IC0teWVzIC0tdXBkYXRlIHBwYTphbnNpYmxlL2Fuc2libGUKICAtIGFwdC1nZXQgdXBkYXRlCiAgLSBhcHQtZ2V0IGluc3RhbGwgLXkgYW5zaWJsZQogICMgQ3JlYXRlIHByaXZhdGUga2V5CiAgLSBzdWRvIHN1CiAgLSBzc2gta2V5Z2VuIC10IHJzYSAtYiA0MDk2IC1mIC9ob21lL2FkbWluaXN0cmF0b3IvLnNzaC9pZF9yc2EgLU4gIiIKICAtIGNhdCAvaG9tZS9hZG1pbmlzdHJhdG9yLy5zc2gvaWRfcnNhLnB1YiA+PiAvaG9tZS9hZG1pbmlzdHJhdG9yLy5zc2gvYXV0aG9yaXplZF9rZXlzCiAgLSBjaG1vZCA2MDAgL2hvbWUvYWRtaW5pc3RyYXRvci8uc3NoL2F1dGhvcml6ZWRfa2V5cwogIC0gY2htb2QgNjAwIC9ob21lL2FkbWluaXN0cmF0b3IvLnNzaC9pZF9yc2EKICAtIGNobW9kIDY0NCAvaG9tZS9hZG1pbmlzdHJhdG9yLy5zc2gvaWRfcnNhLnB1YgogIAoKICB3cml0ZV9maWxlczoKICAtIHBhdGg6IC9ldGMvbmV0cGxhbi81MC1jbG91ZC1pbml0LnlhbWwKICAgIGNvbnRlbnQ6IHwKICAgICAgbmV0d29yazoKICAgICAgICB2ZXJzaW9uOiAyCiAgICAgICAgZXRoZXJuZXRzOgogICAgICAgICAgZW5zMTkyOgogICAgICAgICAgICBkaGNwNDogbm8KICAgICAgICAgICAgYWRkcmVzc2VzOgogICAgICAgICAgICAgIC0gMTcyLjI3LjEwLjk5LzI0CiAgICAgICAgICAgIGdhdGV3YXk0OiAxNzIuMjcuMTAuMjU0CiAgICAgICAgICAgIG5hbWVzZXJ2ZXJzOgogICAgICAgICAgICAgIGFkZHJlc3NlczogWzE5Mi4xNjguMTQwLjI1MSwgOC44LjguOF0="
                }
              }
            ],
            "vapp_transport": [
              "iso"
            ],
            "vbs_enabled": false,
            "vmware_tools_status": "guestToolsNotRunning",
            "vmx_path": "infra-lab-provisioner_1/infra-lab-provisioner.vmx",
            "vtpm": [],
            "vvtd_enabled": false,
            "wait_for_guest_ip_timeout": 0,
            "wait_for_guest_net_routable": true,
            "wait_for_guest_net_timeout": 0
          },
          "sensitive_attributes": [],
          "private": "eyJzY2hlbWFfdmVyc2lvbiI6IjMifQ==",
          "dependencies": [
            "data.vsphere_datacenter.dc",
            "data.vsphere_datastore.datastore_lun01",
            "data.vsphere_network.network",
            "data.vsphere_resource_pool.pool_dats_tf_1",
            "data.vsphere_virtual_machine.template"
          ]
        }
      ]
    }
  ],
  "check_results": null
}
