{
  "version": 4,
  "terraform_version": "1.13.4",
  "serial": 33,
  "lineage": "5adca3bf-3118-a17f-c961-feef28682e87",
  "outputs": {},
  "resources": [
    {
      "mode": "data",
      "type": "vsphere_datacenter",
      "name": "dc",
      "provider": "provider[\"registry.terraform.io/hashicorp/vsphere\"]",
      "instances": [
        {
          "schema_version": 0,
          "attributes": {
            "id": "datacenter-2",
            "name": "Datacenter",
            "virtual_machines": [
              "01-Smart-M Enterprise Core",
              "02-Smart-M Device adapters - Milestone",
              "03-Smart-M MSSQL",
              "04-Smart-M Valerian M01",
              "05-Smart-M Valerian M02",
              "06-Smart-M Valerian M03",
              "07-Smart-M Valerian C01",
              "08-Smart-M Valerian C02",
              "09-Smart-M Valerian C03",
              "10-Smart-M Valkyrie",
              "10-Smart-M Valkyrie_Clone",
              "11-Report Server",
              "12-Smart-M-AD",
              "13-FTP Server",
              "14-Smart-M DNS and AD",
              "15-Hikvision",
              "15-Smart-M Valkyrie02",
              "16-Senstar",
              "17-Gallagher",
              "Attacker-spectre-211",
              "CentOS 7 64-bit",
              "CentOS8_Master",
              "ClientWFT1_PG1",
              "Client_1",
              "Client_10",
              "Client_2",
              "Client_3",
              "Client_4",
              "Client_5",
              "Client_6",
              "Client_7",
              "Client_8",
              "Client_9",
              "Conceptus-Server",
              "Coordinate01",
              "Cy Demo MDR (03)",
              "Cy-CLI01",
              "Cy-CLI02",
              "Cy-CLI03",
              "Cy-CLI04",
              "Cy-CLI05",
              "Cy-CLI06",
              "Cy-CLI07",
              "Cy-Fraud-Cassandra-1",
              "Cy-Fraud-Cassandra-2",
              "Cy-Kali",
              "Cy-OpXDR",
              "Cy-Opensearch",
              "Cy-Phish (Gene Cyber)",
              "Cy-Phish02 (Gene Cyber)",
              "Cy-dfm",
              "Cy-soc-01",
              "Cy-soc-02",
              "Cy-tip-minio-0",
              "Cy-tip-nfs",
              "Cy_Swimlane_Dev",
              "DLPePO",
              "Datanode01",
              "Datanode02",
              "ELK (.20.161)",
              "Firewall-NAT",
              "FreeNAS",
              "GS10-Master-IOT",
              "GS10-Master-IOT2",
              "Gate Scanner Mail BE",
              "Gate Scanner Mail FE",
              "Gate Scanner Mail SQL",
              "Gate Scanner Mail Server",
              "GitHub (20.152)",
              "Ingest01",
              "Ingest02",
              "Kali2020-3",
              "MISP-20.199",
              "MSSQL01",
              "MSSQL02",
              "MSSQL03",
              "MSSQL04",
              "MSSQL05",
              "Master Metasploit pro",
              "Master Nessus",
              "Master Oracle Weblogic",
              "Master Splunk Forwarder",
              "Master Splunk Indexer",
              "OPNsense [v20.1]",
              "Proxy-Server-1",
              "Proxy-Server-2",
              "RTA-CSOC-Router",
              "RTA-POC-Center-ELK (Wait for delete confirmation)",
              "RTA-POC-Client1 (Wait for delete confirmation)",
              "RTA-POC-Client2 (Wait for delete confirmation)",
              "RTA-POC-ELK (Wait for delete confirmation)",
              "RTA-POC-FortiGate (Wait for delete confirmation)",
              "RTA-POC-MISP (Wait for delete confirmation)",
              "RTA-POC-SOCAgent1 (Wait for delete confirmation)",
              "RTA-POC-SOCAgent2 (Wait for delete confirmation)",
              "SW-Remote",
              "Smart-M Valerian Client",
              "Smart-M Valerian Client-EGAT",
              "Smart-M Valerian Master",
              "Smart-M Valerian Master-EGAT",
              "Smart-M Valkyrie-EGAT",
              "Splunk Forwarder",
              "Splunk Indexer",
              "Splunk_Ubuntu20",
              "Splunk_backup",
              "Splunk_es",
              "SyslogWFT1_PG2-(20.18)",
              "Test Lunux-001",
              "Test Lunux-002",
              "Tor proxy",
              "Trellix_ESM_RTN_Demo",
              "Ubuntu 18.4",
              "Ubuntu 64-bit",
              "Ubuntu 64-bit Server GUI",
              "Ubuntu Desktop x64",
              "Ubuntu22.04-Swimlane-POC-1",
              "Ubuntu22.04-Test",
              "VBR-DC",
              "VRO-DR",
              "Veeam-Backup-Proxy-DR",
              "Veeam-Proxy-CDP-DC",
              "W10-MerRemote",
              "W10-MerRemote02",
              "W10-MerRemote03",
              "Windows Server 2008_r2",
              "Windows7-spectre",
              "Wolf_Tail_Server (20.160)",
              "Wolftail-Server-20.200",
              "[AW] - APP-AD-Lair-105.252",
              "[AW] - APP-Lair-2TB-105.253",
              "[AW] - AW-DC-01-0.201",
              "[AW] - CentOS-Conceptus-0.11",
              "[AW] - windows-Conceptus-0.211",
              "[CO] NextCloud",
              "[CO] VMware vCenter Server",
              "[CO] Windows Server 2012R2 - Master",
              "[CO] Windows Server 2012R2 - Slave",
              "[CSOC] FreeNAS_B",
              "[Dark Web] Centos8.1905 Crawler-img (.181)",
              "[Dark Web] Hadoop-Master (190)",
              "[Dark Web] Hadoop-Node1 (191)",
              "[Dark Web] Hadoop-Node2 (192)",
              "[Dark Web] Hadoop-Node3 (193)",
              "[Dark Web] Hadoop-Node4 (194)",
              "[Dark Web] Hadoop-Node5 (195)",
              "[Dark Web] NATS Server 01 (.156)",
              "[Dark Web] NATS Server 02 (.157)",
              "[Dark Web] NATS Server 03 (.158)",
              "[Dark Web] Onion DB (.152)",
              "[Dark Web] Onion Generator V2 (.160)",
              "[Dark Web] Onion Generator V2 (.161)",
              "[Dark Web] Onion Generator V2 (.162)",
              "[Dark Web] Onion Generator V2 (.163)",
              "[Dark Web] Onion Generator V2 (.164)",
              "[Dark Web] Onion Generator V3 (.165)",
              "[Dark Web] Onion Generator V3 (.166)",
              "[Dark Web] Onion Generator V3 (.167)",
              "[Dark Web] Onion Generator V3 (.168)",
              "[Dark Web] Onion Generator V3 (.169)",
              "[Dark Web] SQL Server 2016 (.153)",
              "[Dark Web] Temp DB (.151)",
              "[Dark Web] Torproxy Master (.170)",
              "[Dark Web] Torproxy Node1 (.171)",
              "[Dark Web] Torproxy Node2 (.172)",
              "[Dark Web] Torproxy Node3 (.173)",
              "[Dark Web] Torproxy Node4 (.174)",
              "[Demo] McAfee NSM_B",
              "[Demo] McAfee SIEM_B",
              "[Firewall] OPNsense_B",
              "[HTG] Kali Agent",
              "[HTG] Windows Agent",
              "[LaoCERT] - ConceptusWS-0.99",
              "agartha-cm-sit-24-temp",
              "centos8(grok)",
              "cy-elk",
              "cy-etcd",
              "cy-k8s-master",
              "cy-ks-master-1",
              "cy-ks-master-2",
              "cy-ks-master-3",
              "cy-ks-node-1",
              "cy-ks-node-2",
              "cy-mssp-cli-demo",
              "cy-mssp-srv-demo",
              "cy-provisioning-tool",
              "cy-swimlane-quickstart",
              "cy-template-type-1",
              "cy-template-type-2",
              "cy-template-type-3",
              "cy-template-type-4",
              "cy-template-type-5",
              "cy-template-type-6",
              "cy-tip-k8s-worker",
              "cy-tip-kuber-dev",
              "cy-tip-minio-prod",
              "cy-tip-nfs-prod",
              "cy-tip-node-1",
              "cy-tip-node-2",
              "cy-tip-node-3",
              "cy-tip-rancher-prod",
              "cy-tip-rancher-prod-master-1",
              "cy-tip-rancher-prod-master-2",
              "cy-tip-rancher-prod-master-3",
              "cy-tip-rancher-prod-node-1",
              "cy-tip-rancher-prod-node-2",
              "cy-tip-rancher-prod-node-3",
              "cy-tip-rancher-prod-node-4",
              "d2s-alfresco",
              "d2s-elk-rancher-test-master-1",
              "d2s-elk-rancher-test-node-1",
              "d2s-elk-rancher-test-node-2",
              "d2s-elk-rancher-test-node-3",
              "d2s-elk-rancher-test-node-4",
              "d2s-server-backup",
              "d2s-spider-MiniO",
              "d2s-spider-Ubuntu22.04-Swimlane-Dev-1",
              "d2s-spider-Ubuntu22.04-Swimlane-Test",
              "d2s-spider-external-lb-dev",
              "d2s-spider-external-lb-test",
              "d2s-spider-external-mongodb",
              "d2s-wolftail-database-dev",
              "demo-nhealth",
              "dotProject (Master)",
              "kali (55.4)",
              "master01",
              "master02",
              "master03",
              "mssp-report-dev",
              "pfSenseWFT1_Bridge",
              "pfSenseWFT1_GW",
              "poc-ex-cts",
              "poc-ex-med",
              "proxy1-5-51",
              "proxy2-5-52",
              "proxy3-5-53",
              "server",
              "ssss",
              "sw-dev-dr",
              "sw-ubuntu24",
              "template-mssp-test-dev",
              "test-api-centos",
              "ubuntu-24.04-server-cloudimg-amd64",
              "ubuntu-jammy-22.04-cloudimg",
              "ubuntu-misp",
              "web-5-20",
              "web-login-210",
              "windows 10 (55.3)",
              "windows-2016"
            ]
          },
          "sensitive_attributes": [],
          "identity_schema_version": 0
        }
      ]
    },
    {
      "mode": "data",
      "type": "vsphere_datastore",
      "name": "datastore_lun01",
      "provider": "provider[\"registry.terraform.io/hashicorp/vsphere\"]",
      "instances": [
        {
          "schema_version": 0,
          "attributes": {
            "datacenter_id": "datacenter-2",
            "id": "datastore-1348",
            "name": "LUN01",
            "stats": {
              "capacity": "13193871097856",
              "free": "2608846602240"
            }
          },
          "sensitive_attributes": [],
          "identity_schema_version": 0
        }
      ]
    },
    {
      "mode": "data",
      "type": "vsphere_datastore",
      "name": "datastore_lun02",
      "provider": "provider[\"registry.terraform.io/hashicorp/vsphere\"]",
      "instances": [
        {
          "schema_version": 0,
          "attributes": {
            "datacenter_id": "datacenter-2",
            "id": "datastore-1349",
            "name": "LUN02",
            "stats": {
              "capacity": "13193871097856",
              "free": "2689027014656"
            }
          },
          "sensitive_attributes": [],
          "identity_schema_version": 0
        }
      ]
    },
    {
      "mode": "data",
      "type": "vsphere_datastore",
      "name": "datastore_lun03",
      "provider": "provider[\"registry.terraform.io/hashicorp/vsphere\"]",
      "instances": [
        {
          "schema_version": 0,
          "attributes": {
            "datacenter_id": "datacenter-2",
            "id": "datastore-1350",
            "name": "LUN03",
            "stats": {
              "capacity": "13202192596992",
              "free": "1421342670848"
            }
          },
          "sensitive_attributes": [],
          "identity_schema_version": 0
        }
      ]
    },
    {
      "mode": "data",
      "type": "vsphere_network",
      "name": "network",
      "provider": "provider[\"registry.terraform.io/hashicorp/vsphere\"]",
      "instances": [
        {
          "schema_version": 0,
          "attributes": {
            "datacenter_id": "datacenter-2",
            "distributed_virtual_switch_uuid": null,
            "filter": null,
            "id": "network-7665",
            "name": "Cyber-Server",
            "type": "Network"
          },
          "sensitive_attributes": [],
          "identity_schema_version": 0
        }
      ]
    },
    {
      "mode": "data",
      "type": "vsphere_resource_pool",
      "name": "pool_dats_tf_1",
      "provider": "provider[\"registry.terraform.io/hashicorp/vsphere\"]",
      "instances": [
        {
          "schema_version": 0,
          "attributes": {
            "datacenter_id": "datacenter-2",
            "id": "resgroup-22009",
            "name": "Infra-lab"
          },
          "sensitive_attributes": [],
          "identity_schema_version": 0
        }
      ]
    },
    {
      "mode": "data",
      "type": "vsphere_resource_pool",
      "name": "pool_dats_tf_2",
      "provider": "provider[\"registry.terraform.io/hashicorp/vsphere\"]",
      "instances": [
        {
          "schema_version": 0,
          "attributes": {
            "datacenter_id": "datacenter-2",
            "id": "resgroup-19185",
            "name": "DATS-TF-2"
          },
          "sensitive_attributes": [],
          "identity_schema_version": 0
        }
      ]
    },
    {
      "mode": "data",
      "type": "vsphere_resource_pool",
      "name": "pool_dats_tf_3",
      "provider": "provider[\"registry.terraform.io/hashicorp/vsphere\"]",
      "instances": [
        {
          "schema_version": 0,
          "attributes": {
            "datacenter_id": "datacenter-2",
            "id": "resgroup-19184",
            "name": "DATS-TF-3"
          },
          "sensitive_attributes": [],
          "identity_schema_version": 0
        }
      ]
    },
    {
      "mode": "data",
      "type": "vsphere_virtual_machine",
      "name": "template",
      "provider": "provider[\"registry.terraform.io/hashicorp/vsphere\"]",
      "instances": [
        {
          "schema_version": 0,
          "attributes": {
            "alternate_guest_name": "",
            "annotation": "",
            "boot_delay": 0,
            "boot_retry_delay": 10000,
            "boot_retry_enabled": false,
            "change_version": "2024-08-23T11:00:05.615195Z",
            "cpu_hot_add_enabled": false,
            "cpu_hot_remove_enabled": false,
            "cpu_limit": -1,
            "cpu_performance_counters_enabled": false,
            "cpu_reservation": 0,
            "cpu_share_count": 2000,
            "cpu_share_level": "normal",
            "datacenter_id": "datacenter-2",
            "default_ip_address": null,
            "disks": [
              {
                "eagerly_scrub": false,
                "label": "Hard disk 1",
                "size": 10,
                "thin_provisioned": true,
                "unit_number": 0
              }
            ],
            "efi_secure_boot_enabled": false,
            "enable_disk_uuid": false,
            "enable_logging": true,
            "ept_rvi_mode": "automatic",
            "extra_config": {},
            "extra_config_reboot_required": true,
            "firmware": "bios",
            "folder": null,
            "guest_id": "ubuntu64Guest",
            "guest_ip_addresses": [],
            "hardware_version": 10,
            "hv_mode": "hvAuto",
            "id": "420cf32e-d6dd-416d-e88a-1b90c7fff8dd",
            "ide_controller_scan_count": 2,
            "instance_uuid": "500c00d8-99b2-24cb-2d3e-5d3ca2bd3f5d",
            "latency_sensitivity": "normal",
            "memory": 1024,
            "memory_hot_add_enabled": false,
            "memory_limit": -1,
            "memory_reservation": 0,
            "memory_reservation_locked_to_max": false,
            "memory_share_count": 10240,
            "memory_share_level": "normal",
            "moid": "vm-19198",
            "name": "ubuntu-24.04-server-cloudimg-amd64",
            "nested_hv_enabled": false,
            "network_interface_types": [
              "vmxnet3"
            ],
            "network_interfaces": [
              {
                "adapter_type": "vmxnet3",
                "bandwidth_limit": -1,
                "bandwidth_reservation": 0,
                "bandwidth_share_count": 50,
                "bandwidth_share_level": "normal",
                "mac_address": "00:50:56:8c:fa:d8",
                "network_id": "network-16476",
                "physical_function": ""
              }
            ],
            "num_cores_per_socket": 1,
            "num_cpus": 2,
            "nvme_controller_scan_count": 1,
            "replace_trigger": null,
            "run_tools_scripts_after_power_on": true,
            "run_tools_scripts_after_resume": true,
            "run_tools_scripts_before_guest_reboot": false,
            "run_tools_scripts_before_guest_shutdown": true,
            "run_tools_scripts_before_guest_standby": true,
            "sata_controller_scan_count": 0,
            "scsi_bus_sharing": "noSharing",
            "scsi_controller_scan_count": 1,
            "scsi_type": "pvscsi",
            "storage_policy_id": null,
            "swap_placement_policy": "inherit",
            "sync_time_with_host": false,
            "sync_time_with_host_periodically": null,
            "tools_upgrade_policy": "manual",
            "uuid": "420cf32e-d6dd-416d-e88a-1b90c7fff8dd",
            "vapp": null,
            "vapp_transport": [
              "iso"
            ],
            "vbs_enabled": false,
            "vtpm": false,
            "vvtd_enabled": false
          },
          "sensitive_attributes": [],
          "identity_schema_version": 0
        }
      ]
    },
    {
      "mode": "managed",
      "type": "vsphere_virtual_machine",
      "name": "infra-lab-cicd-dev-master",
      "provider": "provider[\"registry.terraform.io/hashicorp/vsphere\"]",
      "instances": [
        {
          "index_key": 0,
          "schema_version": 3,
          "attributes": {
            "alternate_guest_name": "",
            "annotation": "",
            "boot_delay": 0,
            "boot_retry_delay": 10000,
            "boot_retry_enabled": false,
            "cdrom": [
              {
                "client_device": true,
                "datastore_id": "",
                "device_address": "ide:1:0",
                "key": 3002,
                "path": ""
              }
            ],
            "change_version": "2025-10-21T07:55:14.807732Z",
            "clone": [
              {
                "customization_spec": [],
                "customize": [],
                "linked_clone": false,
                "ovf_network_map": null,
                "ovf_storage_map": null,
                "template_uuid": "420cf32e-d6dd-416d-e88a-1b90c7fff8dd",
                "timeout": 30
              }
            ],
            "cpu_hot_add_enabled": false,
            "cpu_hot_remove_enabled": false,
            "cpu_limit": -1,
            "cpu_performance_counters_enabled": false,
            "cpu_reservation": 0,
            "cpu_share_count": 8000,
            "cpu_share_level": "normal",
            "custom_attributes": null,
            "datacenter_id": null,
            "datastore_cluster_id": null,
            "datastore_id": "datastore-1349",
            "default_ip_address": null,
            "disk": [
              {
                "attach": false,
                "controller_type": "scsi",
                "datastore_id": "datastore-1348",
                "device_address": "scsi:0:0",
                "disk_mode": "persistent",
                "disk_sharing": "sharingNone",
                "eagerly_scrub": false,
                "io_limit": -1,
                "io_reservation": 0,
                "io_share_count": 1000,
                "io_share_level": "normal",
                "keep_on_remove": false,
                "key": 2000,
                "label": "disk0",
                "path": "infra-lab-cicd-master-1/infra-lab-cicd-master-1.vmdk",
                "size": 100,
                "storage_policy_id": "",
                "thin_provisioned": true,
                "unit_number": 0,
                "uuid": "6000C298-1646-9103-2f33-6b2469e4fe1e",
                "write_through": false
              }
            ],
            "efi_secure_boot_enabled": false,
            "enable_disk_uuid": false,
            "enable_logging": false,
            "ept_rvi_mode": "automatic",
            "extra_config": null,
            "extra_config_reboot_required": true,
            "firmware": "bios",
            "folder": "",
            "force_power_off": true,
            "guest_id": "ubuntu64Guest",
            "guest_ip_addresses": [],
            "hardware_version": 10,
            "host_system_id": "host-13512",
            "hv_mode": "hvAuto",
            "id": "420c024c-406d-a318-07f0-8d33bd764d5c",
            "ide_controller_count": 2,
            "ignored_guest_ips": null,
            "imported": null,
            "latency_sensitivity": "normal",
            "memory": 8192,
            "memory_hot_add_enabled": false,
            "memory_limit": -1,
            "memory_reservation": 0,
            "memory_reservation_locked_to_max": false,
            "memory_share_count": 81920,
            "memory_share_level": "normal",
            "migrate_wait_timeout": 30,
            "moid": "vm-22050",
            "name": "infra-lab-cicd-master-1",
            "nested_hv_enabled": false,
            "network_interface": [
              {
                "adapter_type": "vmxnet3",
                "bandwidth_limit": -1,
                "bandwidth_reservation": 0,
                "bandwidth_share_count": 50,
                "bandwidth_share_level": "normal",
                "device_address": "pci:0:7",
                "key": 4000,
                "mac_address": "00:50:56:8c:c3:9c",
                "network_id": "network-7665",
                "ovf_mapping": "",
                "physical_function": "",
                "use_static_mac": false
              }
            ],
            "num_cores_per_socket": 1,
            "num_cpus": 8,
            "nvme_controller_count": 0,
            "ovf_deploy": [],
            "pci_device_id": null,
            "power_state": "on",
            "poweron_timeout": 300,
            "reboot_required": false,
            "replace_trigger": null,
            "resource_pool_id": "resgroup-22009",
            "run_tools_scripts_after_power_on": true,
            "run_tools_scripts_after_resume": true,
            "run_tools_scripts_before_guest_reboot": false,
            "run_tools_scripts_before_guest_shutdown": true,
            "run_tools_scripts_before_guest_standby": true,
            "sata_controller_count": 0,
            "scsi_bus_sharing": "noSharing",
            "scsi_controller_count": 1,
            "scsi_type": "pvscsi",
            "shutdown_wait_timeout": 3,
            "storage_policy_id": "",
            "swap_placement_policy": "inherit",
            "sync_time_with_host": true,
            "sync_time_with_host_periodically": null,
            "tags": null,
            "tools_upgrade_policy": "manual",
            "uuid": "420c024c-406d-a318-07f0-8d33bd764d5c",
            "vapp": [
              {
                "properties": {
                  "user-data": "I2Nsb3VkLWNvbmZpZwpwYWNrYWdlX3VwZGF0ZTogdHJ1ZQpwYWNrYWdlX3VwZ3JhZGU6IHRydWUKCnVzZXJzOgogIC0gbmFtZTogYWRtaW5pc3RyYXRvcgogICAgZ2Vjb3M6IEFkbWluaXN0cmF0b3IgVXNlcgogICAgc3VkbzogQUxMPShBTEwpIE5PUEFTU1dEOkFMTAogICAgZ3JvdXBzOiB1c2VycywgYWRtaW4KICAgIGhvbWU6IC9ob21lL2FkbWluaXN0cmF0b3IKICAgIHNoZWxsOiAvYmluL2Jhc2gKICAgIGxvY2tfcGFzc3dkOiBmYWxzZQogICAgcGFzc3dkOiAiJDYkR2FwMUJ4TVFpT05wTi9WeCRHbWdCY1hUUGJuZ2FDdlpiNzRpZmY5NFpLVGQ4OXFINDFZWkRGM2JSNmlYMHJmU2ZQZXJEcHV1SGQuYUk5YWVBbFZWNVZrd1FZV3hrazBJWFlnc0hzMSIKICAgIHNzaF9hdXRob3JpemVkX2tleXM6CiAgICAgIC0gc3NoLXJzYSBBQUFBQjNOemFDMXljMkVBQUFBREFRQUJBQUFDQVFETmNNUVgwV0JQVzZ2ZjkrVHZiRk5GK3kwdnMwL3NpMVNKalpRcFI2UkNxRkwxMm13ZmtVVDB0cjlSOENrbG53d2VrYTJIM1hmUnNoNUVqSmtqdWZJZFptUEM1SFBiSGN5RFQ5VTF2cFgvenNnZ2k2SVZHS3BFYlh6QVU1L1ZsVGlTdEhRcW05Tld1aUpsTFRGOVJTY1lhQ3g4dXFHRk11Zi9VRzBRYmgwWlcwYkx0elhHUm52THlHYmFSb01oV1FDRDl1M1pYUEZLdFp4TjNXNGpVSkJsT3RTNVBWV202OGl4VU1DNnhlTGQyWFFaMU0rTTY3MkJSUHpPcWQwZjV0Q3E0MTJhMWNkRngrQnRDTjhYcURmYVFJVVZKeXI5SWdGTWJ2SmFkNUtqZDZoU2lTUHp2WndYR1p0WWI2VitYVEdRZFNmVUNRUzNZZ1dDZU13RDc4Yy9jR0piN0ZMQ0hJTlRMM1NZY2dlamhYMUF0LzdFa0RDOExXZWVhYkN5TEJGUENySWxjR3dKa200bUhQdVhnT0lKQUxmalpSMm53dEFmNnRoTWxGamc3V2hldnNpb0JrakZZMXlYTmpnRlNlcFJBR29BL0JLYWNneVA5aVFuQ2FJaWxPemdPNmdYSFpnRWM1Zys3L3hiQzRGek1hQ1dxMlZoaU5HNjVrZ00yWVhLcnRBRGhjQUh3M2FkOXR2d1M5K1ltbFh2d2c2WDlKclFIcmlBb1R6cEQ5clJsbDNDV2JLeUtqNE1pQ2dqY3h2ci9RTXRsRWZ4VUgyOVdMR1NJWDVGRXJDQTdub1EzZjBRSGovOFRZYmFLWktjSndCZkwzRU9GU1dRU09lc2hMOXJrQWJRMllaVzBGYnRNWms5T3gzQnl2TEtHSWJQOHRRK0x4SkRjZXFpMVE9PSBhZG1pbmlzdHJhdG9yQHVidW50dTI0LXJlbW90ZQoKc3NoX3B3YXV0aDogdHJ1ZQpjaHBhc3N3ZDoKICBleHBpcmU6IGZhbHNlCgpob3N0bmFtZTogaW5mcmEtbGFiLWNpY2QtbWFzdGVyLTEKbWFuYWdlX2V0Y19ob3N0czogdHJ1ZQoKd3JpdGVfZmlsZXM6Ci0gcGF0aDogL2V0Yy9uZXRwbGFuLzUwLWNsb3VkLWluaXQueWFtbAogIGNvbnRlbnQ6IHwKICAgIG5ldHdvcms6CiAgICAgIHZlcnNpb246IDIKICAgICAgZXRoZXJuZXRzOgogICAgICAgIGVuczE5MjoKICAgICAgICAgIGRoY3A0OiBubwogICAgICAgICAgYWRkcmVzc2VzOgogICAgICAgICAgICAtIDE3Mi4yNy4xMC45OC8yNAogICAgICAgICAgZ2F0ZXdheTQ6IDE3Mi4yNy4xMC4yNTQKICAgICAgICAgIG5hbWVzZXJ2ZXJzOgogICAgICAgICAgICBhZGRyZXNzZXM6IFsxOTIuMTY4LjE0MC4yNTEsIDguOC44LjhdCgpwYWNrYWdlczoKLSBkb2NrZXIuaW8KLSBjdXJsCgpydW5jbWQ6Ci0gbmV0cGxhbiBhcHBseQotIGFwdC1nZXQgdXBkYXRlCi0gYXB0IGluc3RhbGwgbmV0LXRvb2xzCi0gYXB0LWdldCBpbnN0YWxsIC15IGRvY2tlci5pbwotIGN1cmwgLUwgImh0dHBzOi8vZ2l0aHViLmNvbS9kb2NrZXIvY29tcG9zZS9yZWxlYXNlcy9kb3dubG9hZC92Mi4yOS4xL2RvY2tlci1jb21wb3NlLSQodW5hbWUgLXMpLSQodW5hbWUgLW0pIiAtbyAvdXNyL2xvY2FsL2Jpbi9kb2NrZXItY29tcG9zZQotIGNobW9kICt4IC91c3IvbG9jYWwvYmluL2RvY2tlci1jb21wb3NlCi0gdXNlcm1vZCAtYUcgZG9ja2VyICRVU0VSCi0gbG4gLXMgL3Vzci9sb2NhbC9iaW4vZG9ja2VyLWNvbXBvc2UgL3Vzci9iaW4vZG9ja2VyLWNvbXBvc2UKLSBzeXN0ZW1jdGwgc3RhcnQgZG9ja2VyLnNlcnZpY2UKLSBzeXN0ZW1jdGwgZW5hYmxlIGRvY2tlci5zZXJ2aWNlCi0gc3lzdGVtY3RsIGVuYWJsZSBjb250YWluZXJkLnNlcnZpY2UK"
                }
              }
            ],
            "vapp_transport": [
              "iso"
            ],
            "vbs_enabled": false,
            "vmware_tools_status": "guestToolsNotRunning",
            "vmx_path": "infra-lab-cicd-master-1/infra-lab-cicd-master-1.vmx",
            "vtpm": [],
            "vvtd_enabled": false,
            "wait_for_guest_ip_timeout": 0,
            "wait_for_guest_net_routable": true,
            "wait_for_guest_net_timeout": 0
          },
          "sensitive_attributes": [],
          "identity_schema_version": 0,
          "private": "eyJzY2hlbWFfdmVyc2lvbiI6IjMifQ==",
          "dependencies": [
            "data.vsphere_datacenter.dc",
            "data.vsphere_datastore.datastore_lun01",
            "data.vsphere_network.network",
            "data.vsphere_resource_pool.pool_dats_tf_1",
            "data.vsphere_virtual_machine.template"
          ]
        }
      ]
    },
    {
      "mode": "managed",
      "type": "vsphere_virtual_machine",
      "name": "infra-lab-cicd-dev-node",
      "provider": "provider[\"registry.terraform.io/hashicorp/vsphere\"]",
      "instances": [
        {
          "index_key": 0,
          "schema_version": 3,
          "attributes": {
            "alternate_guest_name": "",
            "annotation": "",
            "boot_delay": 0,
            "boot_retry_delay": 10000,
            "boot_retry_enabled": false,
            "cdrom": [
              {
                "client_device": true,
                "datastore_id": "",
                "device_address": "ide:1:0",
                "key": 3002,
                "path": ""
              }
            ],
            "change_version": "2025-10-21T07:55:14.792941Z",
            "clone": [
              {
                "customization_spec": [],
                "customize": [],
                "linked_clone": false,
                "ovf_network_map": null,
                "ovf_storage_map": null,
                "template_uuid": "420cf32e-d6dd-416d-e88a-1b90c7fff8dd",
                "timeout": 30
              }
            ],
            "cpu_hot_add_enabled": false,
            "cpu_hot_remove_enabled": false,
            "cpu_limit": -1,
            "cpu_performance_counters_enabled": false,
            "cpu_reservation": 0,
            "cpu_share_count": 4000,
            "cpu_share_level": "normal",
            "custom_attributes": null,
            "datacenter_id": null,
            "datastore_cluster_id": null,
            "datastore_id": "datastore-1349",
            "default_ip_address": null,
            "disk": [
              {
                "attach": false,
                "controller_type": "scsi",
                "datastore_id": "datastore-1348",
                "device_address": "scsi:0:0",
                "disk_mode": "persistent",
                "disk_sharing": "sharingNone",
                "eagerly_scrub": false,
                "io_limit": -1,
                "io_reservation": 0,
                "io_share_count": 1000,
                "io_share_level": "normal",
                "keep_on_remove": false,
                "key": 2000,
                "label": "disk0",
                "path": "infra-lab-cicd-node-1/infra-lab-cicd-node-1.vmdk",
                "size": 100,
                "storage_policy_id": "",
                "thin_provisioned": true,
                "unit_number": 0,
                "uuid": "6000C29d-52b5-836b-7242-77b32c2c43d2",
                "write_through": false
              }
            ],
            "efi_secure_boot_enabled": false,
            "enable_disk_uuid": false,
            "enable_logging": false,
            "ept_rvi_mode": "automatic",
            "extra_config": null,
            "extra_config_reboot_required": true,
            "firmware": "bios",
            "folder": "",
            "force_power_off": true,
            "guest_id": "ubuntu64Guest",
            "guest_ip_addresses": [],
            "hardware_version": 10,
            "host_system_id": "host-13512",
            "hv_mode": "hvAuto",
            "id": "420cfacd-fcef-4c87-9341-ff5b59ef67d5",
            "ide_controller_count": 2,
            "ignored_guest_ips": null,
            "imported": null,
            "latency_sensitivity": "normal",
            "memory": 8192,
            "memory_hot_add_enabled": false,
            "memory_limit": -1,
            "memory_reservation": 0,
            "memory_reservation_locked_to_max": false,
            "memory_share_count": 81920,
            "memory_share_level": "normal",
            "migrate_wait_timeout": 30,
            "moid": "vm-22051",
            "name": "infra-lab-cicd-node-1",
            "nested_hv_enabled": false,
            "network_interface": [
              {
                "adapter_type": "vmxnet3",
                "bandwidth_limit": -1,
                "bandwidth_reservation": 0,
                "bandwidth_share_count": 50,
                "bandwidth_share_level": "normal",
                "device_address": "pci:0:7",
                "key": 4000,
                "mac_address": "00:50:56:8c:e3:d3",
                "network_id": "network-7665",
                "ovf_mapping": "",
                "physical_function": "",
                "use_static_mac": false
              }
            ],
            "num_cores_per_socket": 1,
            "num_cpus": 4,
            "nvme_controller_count": 0,
            "ovf_deploy": [],
            "pci_device_id": null,
            "power_state": "on",
            "poweron_timeout": 300,
            "reboot_required": false,
            "replace_trigger": null,
            "resource_pool_id": "resgroup-22009",
            "run_tools_scripts_after_power_on": true,
            "run_tools_scripts_after_resume": true,
            "run_tools_scripts_before_guest_reboot": false,
            "run_tools_scripts_before_guest_shutdown": true,
            "run_tools_scripts_before_guest_standby": true,
            "sata_controller_count": 0,
            "scsi_bus_sharing": "noSharing",
            "scsi_controller_count": 1,
            "scsi_type": "pvscsi",
            "shutdown_wait_timeout": 3,
            "storage_policy_id": "",
            "swap_placement_policy": "inherit",
            "sync_time_with_host": true,
            "sync_time_with_host_periodically": null,
            "tags": null,
            "tools_upgrade_policy": "manual",
            "uuid": "420cfacd-fcef-4c87-9341-ff5b59ef67d5",
            "vapp": [
              {
                "properties": {
                  "user-data": "I2Nsb3VkLWNvbmZpZwpwYWNrYWdlX3VwZGF0ZTogdHJ1ZQpwYWNrYWdlX3VwZ3JhZGU6IHRydWUKCnVzZXJzOgogIC0gbmFtZTogYWRtaW5pc3RyYXRvcgogICAgZ2Vjb3M6IEFkbWluaXN0cmF0b3IgVXNlcgogICAgc3VkbzogQUxMPShBTEwpIE5PUEFTU1dEOkFMTAogICAgZ3JvdXBzOiB1c2VycywgYWRtaW4KICAgIGhvbWU6IC9ob21lL2FkbWluaXN0cmF0b3IKICAgIHNoZWxsOiAvYmluL2Jhc2gKICAgIGxvY2tfcGFzc3dkOiBmYWxzZQogICAgcGFzc3dkOiAiJDYkR2FwMUJ4TVFpT05wTi9WeCRHbWdCY1hUUGJuZ2FDdlpiNzRpZmY5NFpLVGQ4OXFINDFZWkRGM2JSNmlYMHJmU2ZQZXJEcHV1SGQuYUk5YWVBbFZWNVZrd1FZV3hrazBJWFlnc0hzMSIKICAgIHNzaF9hdXRob3JpemVkX2tleXM6CiAgICAgIC0gc3NoLXJzYSBBQUFBQjNOemFDMXljMkVBQUFBREFRQUJBQUFDQVFETmNNUVgwV0JQVzZ2ZjkrVHZiRk5GK3kwdnMwL3NpMVNKalpRcFI2UkNxRkwxMm13ZmtVVDB0cjlSOENrbG53d2VrYTJIM1hmUnNoNUVqSmtqdWZJZFptUEM1SFBiSGN5RFQ5VTF2cFgvenNnZ2k2SVZHS3BFYlh6QVU1L1ZsVGlTdEhRcW05Tld1aUpsTFRGOVJTY1lhQ3g4dXFHRk11Zi9VRzBRYmgwWlcwYkx0elhHUm52THlHYmFSb01oV1FDRDl1M1pYUEZLdFp4TjNXNGpVSkJsT3RTNVBWV202OGl4VU1DNnhlTGQyWFFaMU0rTTY3MkJSUHpPcWQwZjV0Q3E0MTJhMWNkRngrQnRDTjhYcURmYVFJVVZKeXI5SWdGTWJ2SmFkNUtqZDZoU2lTUHp2WndYR1p0WWI2VitYVEdRZFNmVUNRUzNZZ1dDZU13RDc4Yy9jR0piN0ZMQ0hJTlRMM1NZY2dlamhYMUF0LzdFa0RDOExXZWVhYkN5TEJGUENySWxjR3dKa200bUhQdVhnT0lKQUxmalpSMm53dEFmNnRoTWxGamc3V2hldnNpb0JrakZZMXlYTmpnRlNlcFJBR29BL0JLYWNneVA5aVFuQ2FJaWxPemdPNmdYSFpnRWM1Zys3L3hiQzRGek1hQ1dxMlZoaU5HNjVrZ00yWVhLcnRBRGhjQUh3M2FkOXR2d1M5K1ltbFh2d2c2WDlKclFIcmlBb1R6cEQ5clJsbDNDV2JLeUtqNE1pQ2dqY3h2ci9RTXRsRWZ4VUgyOVdMR1NJWDVGRXJDQTdub1EzZjBRSGovOFRZYmFLWktjSndCZkwzRU9GU1dRU09lc2hMOXJrQWJRMllaVzBGYnRNWms5T3gzQnl2TEtHSWJQOHRRK0x4SkRjZXFpMVE9PSBhZG1pbmlzdHJhdG9yQHVidW50dTI0LXJlbW90ZQoKc3NoX3B3YXV0aDogdHJ1ZQpjaHBhc3N3ZDoKICBleHBpcmU6IGZhbHNlCgpob3N0bmFtZTogaW5mcmEtbGFiLWNpY2Qtbm9kZS0xCm1hbmFnZV9ldGNfaG9zdHM6IHRydWUKCndyaXRlX2ZpbGVzOgotIHBhdGg6IC9ldGMvbmV0cGxhbi81MC1jbG91ZC1pbml0LnlhbWwKICBjb250ZW50OiB8CiAgICBuZXR3b3JrOgogICAgICB2ZXJzaW9uOiAyCiAgICAgIGV0aGVybmV0czoKICAgICAgICBlbnMxOTI6CiAgICAgICAgICBkaGNwNDogbm8KICAgICAgICAgIGFkZHJlc3NlczoKICAgICAgICAgICAgLSAxNzIuMjcuMTAuOTcvMjQKICAgICAgICAgIGdhdGV3YXk0OiAxNzIuMjcuMTAuMjU0CiAgICAgICAgICBuYW1lc2VydmVyczoKICAgICAgICAgICAgYWRkcmVzc2VzOiBbMTkyLjE2OC4xNDAuMjUxLCA4LjguOC44XQoKcGFja2FnZXM6Ci0gZG9ja2VyLmlvCi0gY3VybAoKcnVuY21kOgotIG5ldHBsYW4gYXBwbHkKLSBhcHQtZ2V0IHVwZGF0ZQotIGFwdCBpbnN0YWxsIG5ldC10b29scwotIGFwdC1nZXQgaW5zdGFsbCAteSBkb2NrZXIuaW8KLSBjdXJsIC1MICJodHRwczovL2dpdGh1Yi5jb20vZG9ja2VyL2NvbXBvc2UvcmVsZWFzZXMvZG93bmxvYWQvdjIuMjkuMS9kb2NrZXItY29tcG9zZS0kKHVuYW1lIC1zKS0kKHVuYW1lIC1tKSIgLW8gL3Vzci9sb2NhbC9iaW4vZG9ja2VyLWNvbXBvc2UKLSBjaG1vZCAreCAvdXNyL2xvY2FsL2Jpbi9kb2NrZXItY29tcG9zZQotIHVzZXJtb2QgLWFHIGRvY2tlciAkVVNFUgotIGxuIC1zIC91c3IvbG9jYWwvYmluL2RvY2tlci1jb21wb3NlIC91c3IvYmluL2RvY2tlci1jb21wb3NlCi0gc3lzdGVtY3RsIHN0YXJ0IGRvY2tlci5zZXJ2aWNlCi0gc3lzdGVtY3RsIGVuYWJsZSBkb2NrZXIuc2VydmljZQotIHN5c3RlbWN0bCBlbmFibGUgY29udGFpbmVyZC5zZXJ2aWNlCg=="
                }
              }
            ],
            "vapp_transport": [
              "iso"
            ],
            "vbs_enabled": false,
            "vmware_tools_status": "guestToolsNotRunning",
            "vmx_path": "infra-lab-cicd-node-1/infra-lab-cicd-node-1.vmx",
            "vtpm": [],
            "vvtd_enabled": false,
            "wait_for_guest_ip_timeout": 0,
            "wait_for_guest_net_routable": true,
            "wait_for_guest_net_timeout": 0
          },
          "sensitive_attributes": [],
          "identity_schema_version": 0,
          "private": "eyJzY2hlbWFfdmVyc2lvbiI6IjMifQ==",
          "dependencies": [
            "data.vsphere_datacenter.dc",
            "data.vsphere_datastore.datastore_lun01",
            "data.vsphere_network.network",
            "data.vsphere_resource_pool.pool_dats_tf_1",
            "data.vsphere_virtual_machine.template"
          ]
        },
        {
          "index_key": 1,
          "schema_version": 3,
          "attributes": {
            "alternate_guest_name": "",
            "annotation": "",
            "boot_delay": 0,
            "boot_retry_delay": 10000,
            "boot_retry_enabled": false,
            "cdrom": [
              {
                "client_device": true,
                "datastore_id": "",
                "device_address": "ide:1:0",
                "key": 3002,
                "path": ""
              }
            ],
            "change_version": "2025-10-21T07:55:14.790045Z",
            "clone": [
              {
                "customization_spec": [],
                "customize": [],
                "linked_clone": false,
                "ovf_network_map": null,
                "ovf_storage_map": null,
                "template_uuid": "420cf32e-d6dd-416d-e88a-1b90c7fff8dd",
                "timeout": 30
              }
            ],
            "cpu_hot_add_enabled": false,
            "cpu_hot_remove_enabled": false,
            "cpu_limit": -1,
            "cpu_performance_counters_enabled": false,
            "cpu_reservation": 0,
            "cpu_share_count": 4000,
            "cpu_share_level": "normal",
            "custom_attributes": null,
            "datacenter_id": null,
            "datastore_cluster_id": null,
            "datastore_id": "datastore-1349",
            "default_ip_address": null,
            "disk": [
              {
                "attach": false,
                "controller_type": "scsi",
                "datastore_id": "datastore-1348",
                "device_address": "scsi:0:0",
                "disk_mode": "persistent",
                "disk_sharing": "sharingNone",
                "eagerly_scrub": false,
                "io_limit": -1,
                "io_reservation": 0,
                "io_share_count": 1000,
                "io_share_level": "normal",
                "keep_on_remove": false,
                "key": 2000,
                "label": "disk0",
                "path": "infra-lab-cicd-node-2/infra-lab-cicd-node-2.vmdk",
                "size": 100,
                "storage_policy_id": "",
                "thin_provisioned": true,
                "unit_number": 0,
                "uuid": "6000C296-3cff-4df5-1f7c-ca365aee1d06",
                "write_through": false
              }
            ],
            "efi_secure_boot_enabled": false,
            "enable_disk_uuid": false,
            "enable_logging": false,
            "ept_rvi_mode": "automatic",
            "extra_config": null,
            "extra_config_reboot_required": true,
            "firmware": "bios",
            "folder": "",
            "force_power_off": true,
            "guest_id": "ubuntu64Guest",
            "guest_ip_addresses": [],
            "hardware_version": 10,
            "host_system_id": "host-13512",
            "hv_mode": "hvAuto",
            "id": "420c683f-cc53-3bff-0f80-d7450b48277a",
            "ide_controller_count": 2,
            "ignored_guest_ips": null,
            "imported": null,
            "latency_sensitivity": "normal",
            "memory": 8192,
            "memory_hot_add_enabled": false,
            "memory_limit": -1,
            "memory_reservation": 0,
            "memory_reservation_locked_to_max": false,
            "memory_share_count": 81920,
            "memory_share_level": "normal",
            "migrate_wait_timeout": 30,
            "moid": "vm-22049",
            "name": "infra-lab-cicd-node-2",
            "nested_hv_enabled": false,
            "network_interface": [
              {
                "adapter_type": "vmxnet3",
                "bandwidth_limit": -1,
                "bandwidth_reservation": 0,
                "bandwidth_share_count": 50,
                "bandwidth_share_level": "normal",
                "device_address": "pci:0:7",
                "key": 4000,
                "mac_address": "00:50:56:8c:da:a8",
                "network_id": "network-7665",
                "ovf_mapping": "",
                "physical_function": "",
                "use_static_mac": false
              }
            ],
            "num_cores_per_socket": 1,
            "num_cpus": 4,
            "nvme_controller_count": 0,
            "ovf_deploy": [],
            "pci_device_id": null,
            "power_state": "on",
            "poweron_timeout": 300,
            "reboot_required": false,
            "replace_trigger": null,
            "resource_pool_id": "resgroup-22009",
            "run_tools_scripts_after_power_on": true,
            "run_tools_scripts_after_resume": true,
            "run_tools_scripts_before_guest_reboot": false,
            "run_tools_scripts_before_guest_shutdown": true,
            "run_tools_scripts_before_guest_standby": true,
            "sata_controller_count": 0,
            "scsi_bus_sharing": "noSharing",
            "scsi_controller_count": 1,
            "scsi_type": "pvscsi",
            "shutdown_wait_timeout": 3,
            "storage_policy_id": "",
            "swap_placement_policy": "inherit",
            "sync_time_with_host": true,
            "sync_time_with_host_periodically": null,
            "tags": null,
            "tools_upgrade_policy": "manual",
            "uuid": "420c683f-cc53-3bff-0f80-d7450b48277a",
            "vapp": [
              {
                "properties": {
                  "user-data": "I2Nsb3VkLWNvbmZpZwpwYWNrYWdlX3VwZGF0ZTogdHJ1ZQpwYWNrYWdlX3VwZ3JhZGU6IHRydWUKCnVzZXJzOgogIC0gbmFtZTogYWRtaW5pc3RyYXRvcgogICAgZ2Vjb3M6IEFkbWluaXN0cmF0b3IgVXNlcgogICAgc3VkbzogQUxMPShBTEwpIE5PUEFTU1dEOkFMTAogICAgZ3JvdXBzOiB1c2VycywgYWRtaW4KICAgIGhvbWU6IC9ob21lL2FkbWluaXN0cmF0b3IKICAgIHNoZWxsOiAvYmluL2Jhc2gKICAgIGxvY2tfcGFzc3dkOiBmYWxzZQogICAgcGFzc3dkOiAiJDYkR2FwMUJ4TVFpT05wTi9WeCRHbWdCY1hUUGJuZ2FDdlpiNzRpZmY5NFpLVGQ4OXFINDFZWkRGM2JSNmlYMHJmU2ZQZXJEcHV1SGQuYUk5YWVBbFZWNVZrd1FZV3hrazBJWFlnc0hzMSIKICAgIHNzaF9hdXRob3JpemVkX2tleXM6CiAgICAgIC0gc3NoLXJzYSBBQUFBQjNOemFDMXljMkVBQUFBREFRQUJBQUFDQVFETmNNUVgwV0JQVzZ2ZjkrVHZiRk5GK3kwdnMwL3NpMVNKalpRcFI2UkNxRkwxMm13ZmtVVDB0cjlSOENrbG53d2VrYTJIM1hmUnNoNUVqSmtqdWZJZFptUEM1SFBiSGN5RFQ5VTF2cFgvenNnZ2k2SVZHS3BFYlh6QVU1L1ZsVGlTdEhRcW05Tld1aUpsTFRGOVJTY1lhQ3g4dXFHRk11Zi9VRzBRYmgwWlcwYkx0elhHUm52THlHYmFSb01oV1FDRDl1M1pYUEZLdFp4TjNXNGpVSkJsT3RTNVBWV202OGl4VU1DNnhlTGQyWFFaMU0rTTY3MkJSUHpPcWQwZjV0Q3E0MTJhMWNkRngrQnRDTjhYcURmYVFJVVZKeXI5SWdGTWJ2SmFkNUtqZDZoU2lTUHp2WndYR1p0WWI2VitYVEdRZFNmVUNRUzNZZ1dDZU13RDc4Yy9jR0piN0ZMQ0hJTlRMM1NZY2dlamhYMUF0LzdFa0RDOExXZWVhYkN5TEJGUENySWxjR3dKa200bUhQdVhnT0lKQUxmalpSMm53dEFmNnRoTWxGamc3V2hldnNpb0JrakZZMXlYTmpnRlNlcFJBR29BL0JLYWNneVA5aVFuQ2FJaWxPemdPNmdYSFpnRWM1Zys3L3hiQzRGek1hQ1dxMlZoaU5HNjVrZ00yWVhLcnRBRGhjQUh3M2FkOXR2d1M5K1ltbFh2d2c2WDlKclFIcmlBb1R6cEQ5clJsbDNDV2JLeUtqNE1pQ2dqY3h2ci9RTXRsRWZ4VUgyOVdMR1NJWDVGRXJDQTdub1EzZjBRSGovOFRZYmFLWktjSndCZkwzRU9GU1dRU09lc2hMOXJrQWJRMllaVzBGYnRNWms5T3gzQnl2TEtHSWJQOHRRK0x4SkRjZXFpMVE9PSBhZG1pbmlzdHJhdG9yQHVidW50dTI0LXJlbW90ZQoKc3NoX3B3YXV0aDogdHJ1ZQpjaHBhc3N3ZDoKICBleHBpcmU6IGZhbHNlCgpob3N0bmFtZTogaW5mcmEtbGFiLWNpY2Qtbm9kZS0yCm1hbmFnZV9ldGNfaG9zdHM6IHRydWUKCndyaXRlX2ZpbGVzOgotIHBhdGg6IC9ldGMvbmV0cGxhbi81MC1jbG91ZC1pbml0LnlhbWwKICBjb250ZW50OiB8CiAgICBuZXR3b3JrOgogICAgICB2ZXJzaW9uOiAyCiAgICAgIGV0aGVybmV0czoKICAgICAgICBlbnMxOTI6CiAgICAgICAgICBkaGNwNDogbm8KICAgICAgICAgIGFkZHJlc3NlczoKICAgICAgICAgICAgLSAxNzIuMjcuMTAuOTYvMjQKICAgICAgICAgIGdhdGV3YXk0OiAxNzIuMjcuMTAuMjU0CiAgICAgICAgICBuYW1lc2VydmVyczoKICAgICAgICAgICAgYWRkcmVzc2VzOiBbMTkyLjE2OC4xNDAuMjUxLCA4LjguOC44XQoKcGFja2FnZXM6Ci0gZG9ja2VyLmlvCi0gY3VybAoKcnVuY21kOgotIG5ldHBsYW4gYXBwbHkKLSBhcHQtZ2V0IHVwZGF0ZQotIGFwdCBpbnN0YWxsIG5ldC10b29scwotIGFwdC1nZXQgaW5zdGFsbCAteSBkb2NrZXIuaW8KLSBjdXJsIC1MICJodHRwczovL2dpdGh1Yi5jb20vZG9ja2VyL2NvbXBvc2UvcmVsZWFzZXMvZG93bmxvYWQvdjIuMjkuMS9kb2NrZXItY29tcG9zZS0kKHVuYW1lIC1zKS0kKHVuYW1lIC1tKSIgLW8gL3Vzci9sb2NhbC9iaW4vZG9ja2VyLWNvbXBvc2UKLSBjaG1vZCAreCAvdXNyL2xvY2FsL2Jpbi9kb2NrZXItY29tcG9zZQotIHVzZXJtb2QgLWFHIGRvY2tlciAkVVNFUgotIGxuIC1zIC91c3IvbG9jYWwvYmluL2RvY2tlci1jb21wb3NlIC91c3IvYmluL2RvY2tlci1jb21wb3NlCi0gc3lzdGVtY3RsIHN0YXJ0IGRvY2tlci5zZXJ2aWNlCi0gc3lzdGVtY3RsIGVuYWJsZSBkb2NrZXIuc2VydmljZQotIHN5c3RlbWN0bCBlbmFibGUgY29udGFpbmVyZC5zZXJ2aWNlCg=="
                }
              }
            ],
            "vapp_transport": [
              "iso"
            ],
            "vbs_enabled": false,
            "vmware_tools_status": "guestToolsNotRunning",
            "vmx_path": "infra-lab-cicd-node-2/infra-lab-cicd-node-2.vmx",
            "vtpm": [],
            "vvtd_enabled": false,
            "wait_for_guest_ip_timeout": 0,
            "wait_for_guest_net_routable": true,
            "wait_for_guest_net_timeout": 0
          },
          "sensitive_attributes": [],
          "identity_schema_version": 0,
          "private": "eyJzY2hlbWFfdmVyc2lvbiI6IjMifQ==",
          "dependencies": [
            "data.vsphere_datacenter.dc",
            "data.vsphere_datastore.datastore_lun01",
            "data.vsphere_network.network",
            "data.vsphere_resource_pool.pool_dats_tf_1",
            "data.vsphere_virtual_machine.template"
          ]
        },
        {
          "index_key": 2,
          "schema_version": 3,
          "attributes": {
            "alternate_guest_name": "",
            "annotation": "",
            "boot_delay": 0,
            "boot_retry_delay": 10000,
            "boot_retry_enabled": false,
            "cdrom": [
              {
                "client_device": true,
                "datastore_id": "",
                "device_address": "ide:1:0",
                "key": 3002,
                "path": ""
              }
            ],
            "change_version": "2025-10-21T07:55:14.463021Z",
            "clone": [
              {
                "customization_spec": [],
                "customize": [],
                "linked_clone": false,
                "ovf_network_map": null,
                "ovf_storage_map": null,
                "template_uuid": "420cf32e-d6dd-416d-e88a-1b90c7fff8dd",
                "timeout": 30
              }
            ],
            "cpu_hot_add_enabled": false,
            "cpu_hot_remove_enabled": false,
            "cpu_limit": -1,
            "cpu_performance_counters_enabled": false,
            "cpu_reservation": 0,
            "cpu_share_count": 4000,
            "cpu_share_level": "normal",
            "custom_attributes": null,
            "datacenter_id": null,
            "datastore_cluster_id": null,
            "datastore_id": "datastore-1349",
            "default_ip_address": null,
            "disk": [
              {
                "attach": false,
                "controller_type": "scsi",
                "datastore_id": "datastore-1348",
                "device_address": "scsi:0:0",
                "disk_mode": "persistent",
                "disk_sharing": "sharingNone",
                "eagerly_scrub": false,
                "io_limit": -1,
                "io_reservation": 0,
                "io_share_count": 1000,
                "io_share_level": "normal",
                "keep_on_remove": false,
                "key": 2000,
                "label": "disk0",
                "path": "infra-lab-cicd-node-3/infra-lab-cicd-node-3.vmdk",
                "size": 100,
                "storage_policy_id": "",
                "thin_provisioned": true,
                "unit_number": 0,
                "uuid": "6000C297-398d-43ae-3395-6290ca923228",
                "write_through": false
              }
            ],
            "efi_secure_boot_enabled": false,
            "enable_disk_uuid": false,
            "enable_logging": false,
            "ept_rvi_mode": "automatic",
            "extra_config": null,
            "extra_config_reboot_required": true,
            "firmware": "bios",
            "folder": "",
            "force_power_off": true,
            "guest_id": "ubuntu64Guest",
            "guest_ip_addresses": [],
            "hardware_version": 10,
            "host_system_id": "host-13512",
            "hv_mode": "hvAuto",
            "id": "420cc225-d945-0810-24ad-96cf9bf66475",
            "ide_controller_count": 2,
            "ignored_guest_ips": null,
            "imported": null,
            "latency_sensitivity": "normal",
            "memory": 8192,
            "memory_hot_add_enabled": false,
            "memory_limit": -1,
            "memory_reservation": 0,
            "memory_reservation_locked_to_max": false,
            "memory_share_count": 81920,
            "memory_share_level": "normal",
            "migrate_wait_timeout": 30,
            "moid": "vm-22047",
            "name": "infra-lab-cicd-node-3",
            "nested_hv_enabled": false,
            "network_interface": [
              {
                "adapter_type": "vmxnet3",
                "bandwidth_limit": -1,
                "bandwidth_reservation": 0,
                "bandwidth_share_count": 50,
                "bandwidth_share_level": "normal",
                "device_address": "pci:0:7",
                "key": 4000,
                "mac_address": "00:50:56:8c:3a:b8",
                "network_id": "network-7665",
                "ovf_mapping": "",
                "physical_function": "",
                "use_static_mac": false
              }
            ],
            "num_cores_per_socket": 1,
            "num_cpus": 4,
            "nvme_controller_count": 0,
            "ovf_deploy": [],
            "pci_device_id": null,
            "power_state": "on",
            "poweron_timeout": 300,
            "reboot_required": false,
            "replace_trigger": null,
            "resource_pool_id": "resgroup-22009",
            "run_tools_scripts_after_power_on": true,
            "run_tools_scripts_after_resume": true,
            "run_tools_scripts_before_guest_reboot": false,
            "run_tools_scripts_before_guest_shutdown": true,
            "run_tools_scripts_before_guest_standby": true,
            "sata_controller_count": 0,
            "scsi_bus_sharing": "noSharing",
            "scsi_controller_count": 1,
            "scsi_type": "pvscsi",
            "shutdown_wait_timeout": 3,
            "storage_policy_id": "",
            "swap_placement_policy": "inherit",
            "sync_time_with_host": true,
            "sync_time_with_host_periodically": null,
            "tags": null,
            "tools_upgrade_policy": "manual",
            "uuid": "420cc225-d945-0810-24ad-96cf9bf66475",
            "vapp": [
              {
                "properties": {
                  "user-data": "I2Nsb3VkLWNvbmZpZwpwYWNrYWdlX3VwZGF0ZTogdHJ1ZQpwYWNrYWdlX3VwZ3JhZGU6IHRydWUKCnVzZXJzOgogIC0gbmFtZTogYWRtaW5pc3RyYXRvcgogICAgZ2Vjb3M6IEFkbWluaXN0cmF0b3IgVXNlcgogICAgc3VkbzogQUxMPShBTEwpIE5PUEFTU1dEOkFMTAogICAgZ3JvdXBzOiB1c2VycywgYWRtaW4KICAgIGhvbWU6IC9ob21lL2FkbWluaXN0cmF0b3IKICAgIHNoZWxsOiAvYmluL2Jhc2gKICAgIGxvY2tfcGFzc3dkOiBmYWxzZQogICAgcGFzc3dkOiAiJDYkR2FwMUJ4TVFpT05wTi9WeCRHbWdCY1hUUGJuZ2FDdlpiNzRpZmY5NFpLVGQ4OXFINDFZWkRGM2JSNmlYMHJmU2ZQZXJEcHV1SGQuYUk5YWVBbFZWNVZrd1FZV3hrazBJWFlnc0hzMSIKICAgIHNzaF9hdXRob3JpemVkX2tleXM6CiAgICAgIC0gc3NoLXJzYSBBQUFBQjNOemFDMXljMkVBQUFBREFRQUJBQUFDQVFETmNNUVgwV0JQVzZ2ZjkrVHZiRk5GK3kwdnMwL3NpMVNKalpRcFI2UkNxRkwxMm13ZmtVVDB0cjlSOENrbG53d2VrYTJIM1hmUnNoNUVqSmtqdWZJZFptUEM1SFBiSGN5RFQ5VTF2cFgvenNnZ2k2SVZHS3BFYlh6QVU1L1ZsVGlTdEhRcW05Tld1aUpsTFRGOVJTY1lhQ3g4dXFHRk11Zi9VRzBRYmgwWlcwYkx0elhHUm52THlHYmFSb01oV1FDRDl1M1pYUEZLdFp4TjNXNGpVSkJsT3RTNVBWV202OGl4VU1DNnhlTGQyWFFaMU0rTTY3MkJSUHpPcWQwZjV0Q3E0MTJhMWNkRngrQnRDTjhYcURmYVFJVVZKeXI5SWdGTWJ2SmFkNUtqZDZoU2lTUHp2WndYR1p0WWI2VitYVEdRZFNmVUNRUzNZZ1dDZU13RDc4Yy9jR0piN0ZMQ0hJTlRMM1NZY2dlamhYMUF0LzdFa0RDOExXZWVhYkN5TEJGUENySWxjR3dKa200bUhQdVhnT0lKQUxmalpSMm53dEFmNnRoTWxGamc3V2hldnNpb0JrakZZMXlYTmpnRlNlcFJBR29BL0JLYWNneVA5aVFuQ2FJaWxPemdPNmdYSFpnRWM1Zys3L3hiQzRGek1hQ1dxMlZoaU5HNjVrZ00yWVhLcnRBRGhjQUh3M2FkOXR2d1M5K1ltbFh2d2c2WDlKclFIcmlBb1R6cEQ5clJsbDNDV2JLeUtqNE1pQ2dqY3h2ci9RTXRsRWZ4VUgyOVdMR1NJWDVGRXJDQTdub1EzZjBRSGovOFRZYmFLWktjSndCZkwzRU9GU1dRU09lc2hMOXJrQWJRMllaVzBGYnRNWms5T3gzQnl2TEtHSWJQOHRRK0x4SkRjZXFpMVE9PSBhZG1pbmlzdHJhdG9yQHVidW50dTI0LXJlbW90ZQoKc3NoX3B3YXV0aDogdHJ1ZQpjaHBhc3N3ZDoKICBleHBpcmU6IGZhbHNlCgpob3N0bmFtZTogaW5mcmEtbGFiLWNpY2Qtbm9kZS0zCm1hbmFnZV9ldGNfaG9zdHM6IHRydWUKCndyaXRlX2ZpbGVzOgotIHBhdGg6IC9ldGMvbmV0cGxhbi81MC1jbG91ZC1pbml0LnlhbWwKICBjb250ZW50OiB8CiAgICBuZXR3b3JrOgogICAgICB2ZXJzaW9uOiAyCiAgICAgIGV0aGVybmV0czoKICAgICAgICBlbnMxOTI6CiAgICAgICAgICBkaGNwNDogbm8KICAgICAgICAgIGFkZHJlc3NlczoKICAgICAgICAgICAgLSAxNzIuMjcuMTAuOTUvMjQKICAgICAgICAgIGdhdGV3YXk0OiAxNzIuMjcuMTAuMjU0CiAgICAgICAgICBuYW1lc2VydmVyczoKICAgICAgICAgICAgYWRkcmVzc2VzOiBbMTkyLjE2OC4xNDAuMjUxLCA4LjguOC44XQoKcGFja2FnZXM6Ci0gZG9ja2VyLmlvCi0gY3VybAoKcnVuY21kOgotIG5ldHBsYW4gYXBwbHkKLSBhcHQtZ2V0IHVwZGF0ZQotIGFwdCBpbnN0YWxsIG5ldC10b29scwotIGFwdC1nZXQgaW5zdGFsbCAteSBkb2NrZXIuaW8KLSBjdXJsIC1MICJodHRwczovL2dpdGh1Yi5jb20vZG9ja2VyL2NvbXBvc2UvcmVsZWFzZXMvZG93bmxvYWQvdjIuMjkuMS9kb2NrZXItY29tcG9zZS0kKHVuYW1lIC1zKS0kKHVuYW1lIC1tKSIgLW8gL3Vzci9sb2NhbC9iaW4vZG9ja2VyLWNvbXBvc2UKLSBjaG1vZCAreCAvdXNyL2xvY2FsL2Jpbi9kb2NrZXItY29tcG9zZQotIHVzZXJtb2QgLWFHIGRvY2tlciAkVVNFUgotIGxuIC1zIC91c3IvbG9jYWwvYmluL2RvY2tlci1jb21wb3NlIC91c3IvYmluL2RvY2tlci1jb21wb3NlCi0gc3lzdGVtY3RsIHN0YXJ0IGRvY2tlci5zZXJ2aWNlCi0gc3lzdGVtY3RsIGVuYWJsZSBkb2NrZXIuc2VydmljZQotIHN5c3RlbWN0bCBlbmFibGUgY29udGFpbmVyZC5zZXJ2aWNlCg=="
                }
              }
            ],
            "vapp_transport": [
              "iso"
            ],
            "vbs_enabled": false,
            "vmware_tools_status": "guestToolsNotRunning",
            "vmx_path": "infra-lab-cicd-node-3/infra-lab-cicd-node-3.vmx",
            "vtpm": [],
            "vvtd_enabled": false,
            "wait_for_guest_ip_timeout": 0,
            "wait_for_guest_net_routable": true,
            "wait_for_guest_net_timeout": 0
          },
          "sensitive_attributes": [],
          "identity_schema_version": 0,
          "private": "eyJzY2hlbWFfdmVyc2lvbiI6IjMifQ==",
          "dependencies": [
            "data.vsphere_datacenter.dc",
            "data.vsphere_datastore.datastore_lun01",
            "data.vsphere_network.network",
            "data.vsphere_resource_pool.pool_dats_tf_1",
            "data.vsphere_virtual_machine.template"
          ]
        }
      ]
    },
    {
      "mode": "managed",
      "type": "vsphere_virtual_machine",
      "name": "infra-lab-cicd-dev-rancher",
      "provider": "provider[\"registry.terraform.io/hashicorp/vsphere\"]",
      "instances": [
        {
          "schema_version": 3,
          "attributes": {
            "alternate_guest_name": "",
            "annotation": "",
            "boot_delay": 0,
            "boot_retry_delay": 10000,
            "boot_retry_enabled": false,
            "cdrom": [
              {
                "client_device": true,
                "datastore_id": "",
                "device_address": "ide:1:0",
                "key": 3002,
                "path": ""
              }
            ],
            "change_version": "2025-10-21T07:55:14.539211Z",
            "clone": [
              {
                "customization_spec": [],
                "customize": [],
                "linked_clone": false,
                "ovf_network_map": null,
                "ovf_storage_map": null,
                "template_uuid": "420cf32e-d6dd-416d-e88a-1b90c7fff8dd",
                "timeout": 30
              }
            ],
            "cpu_hot_add_enabled": false,
            "cpu_hot_remove_enabled": false,
            "cpu_limit": -1,
            "cpu_performance_counters_enabled": false,
            "cpu_reservation": 0,
            "cpu_share_count": 4000,
            "cpu_share_level": "normal",
            "custom_attributes": null,
            "datacenter_id": null,
            "datastore_cluster_id": null,
            "datastore_id": "datastore-1349",
            "default_ip_address": null,
            "disk": [
              {
                "attach": false,
                "controller_type": "scsi",
                "datastore_id": "datastore-1348",
                "device_address": "scsi:0:0",
                "disk_mode": "persistent",
                "disk_sharing": "sharingNone",
                "eagerly_scrub": false,
                "io_limit": -1,
                "io_reservation": 0,
                "io_share_count": 1000,
                "io_share_level": "normal",
                "keep_on_remove": false,
                "key": 2000,
                "label": "disk0",
                "path": "infra-lab-rancher/infra-lab-rancher.vmdk",
                "size": 50,
                "storage_policy_id": "",
                "thin_provisioned": true,
                "unit_number": 0,
                "uuid": "6000C29c-283c-b3b4-3384-510ae8a0f7f4",
                "write_through": false
              }
            ],
            "efi_secure_boot_enabled": false,
            "enable_disk_uuid": false,
            "enable_logging": false,
            "ept_rvi_mode": "automatic",
            "extra_config": null,
            "extra_config_reboot_required": true,
            "firmware": "bios",
            "folder": "",
            "force_power_off": true,
            "guest_id": "ubuntu64Guest",
            "guest_ip_addresses": [],
            "hardware_version": 10,
            "host_system_id": "host-13512",
            "hv_mode": "hvAuto",
            "id": "420cd263-1af0-6ef8-c6f0-6f8cf1f6a8e8",
            "ide_controller_count": 2,
            "ignored_guest_ips": null,
            "imported": null,
            "latency_sensitivity": "normal",
            "memory": 8192,
            "memory_hot_add_enabled": false,
            "memory_limit": -1,
            "memory_reservation": 0,
            "memory_reservation_locked_to_max": false,
            "memory_share_count": 81920,
            "memory_share_level": "normal",
            "migrate_wait_timeout": 30,
            "moid": "vm-22048",
            "name": "infra-lab-rancher",
            "nested_hv_enabled": false,
            "network_interface": [
              {
                "adapter_type": "vmxnet3",
                "bandwidth_limit": -1,
                "bandwidth_reservation": 0,
                "bandwidth_share_count": 50,
                "bandwidth_share_level": "normal",
                "device_address": "pci:0:7",
                "key": 4000,
                "mac_address": "00:50:56:8c:0f:4e",
                "network_id": "network-7665",
                "ovf_mapping": "",
                "physical_function": "",
                "use_static_mac": false
              }
            ],
            "num_cores_per_socket": 1,
            "num_cpus": 4,
            "nvme_controller_count": 0,
            "ovf_deploy": [],
            "pci_device_id": null,
            "power_state": "on",
            "poweron_timeout": 300,
            "reboot_required": false,
            "replace_trigger": null,
            "resource_pool_id": "resgroup-22009",
            "run_tools_scripts_after_power_on": true,
            "run_tools_scripts_after_resume": true,
            "run_tools_scripts_before_guest_reboot": false,
            "run_tools_scripts_before_guest_shutdown": true,
            "run_tools_scripts_before_guest_standby": true,
            "sata_controller_count": 0,
            "scsi_bus_sharing": "noSharing",
            "scsi_controller_count": 1,
            "scsi_type": "pvscsi",
            "shutdown_wait_timeout": 3,
            "storage_policy_id": "",
            "swap_placement_policy": "inherit",
            "sync_time_with_host": true,
            "sync_time_with_host_periodically": null,
            "tags": null,
            "tools_upgrade_policy": "manual",
            "uuid": "420cd263-1af0-6ef8-c6f0-6f8cf1f6a8e8",
            "vapp": [
              {
                "properties": {
                  "user-data": "I2Nsb3VkLWNvbmZpZwpwYWNrYWdlX3VwZGF0ZTogdHJ1ZQpwYWNrYWdlX3VwZ3JhZGU6IHRydWUKCnVzZXJzOgogIC0gbmFtZTogYWRtaW5pc3RyYXRvcgogICAgZ2Vjb3M6IEFkbWluaXN0cmF0b3IgVXNlcgogICAgc3VkbzogQUxMPShBTEwpIE5PUEFTU1dEOkFMTAogICAgZ3JvdXBzOiB1c2VycywgYWRtaW4KICAgIGhvbWU6IC9ob21lL2FkbWluaXN0cmF0b3IKICAgIHNoZWxsOiAvYmluL2Jhc2gKICAgIGxvY2tfcGFzc3dkOiBmYWxzZQogICAgcGFzc3dkOiAiJDYkR2FwMUJ4TVFpT05wTi9WeCRHbWdCY1hUUGJuZ2FDdlpiNzRpZmY5NFpLVGQ4OXFINDFZWkRGM2JSNmlYMHJmU2ZQZXJEcHV1SGQuYUk5YWVBbFZWNVZrd1FZV3hrazBJWFlnc0hzMSIKICAgIHNzaF9hdXRob3JpemVkX2tleXM6CiAgICAgIC0gc3NoLXJzYSBBQUFBQjNOemFDMXljMkVBQUFBREFRQUJBQUFDQVFETmNNUVgwV0JQVzZ2ZjkrVHZiRk5GK3kwdnMwL3NpMVNKalpRcFI2UkNxRkwxMm13ZmtVVDB0cjlSOENrbG53d2VrYTJIM1hmUnNoNUVqSmtqdWZJZFptUEM1SFBiSGN5RFQ5VTF2cFgvenNnZ2k2SVZHS3BFYlh6QVU1L1ZsVGlTdEhRcW05Tld1aUpsTFRGOVJTY1lhQ3g4dXFHRk11Zi9VRzBRYmgwWlcwYkx0elhHUm52THlHYmFSb01oV1FDRDl1M1pYUEZLdFp4TjNXNGpVSkJsT3RTNVBWV202OGl4VU1DNnhlTGQyWFFaMU0rTTY3MkJSUHpPcWQwZjV0Q3E0MTJhMWNkRngrQnRDTjhYcURmYVFJVVZKeXI5SWdGTWJ2SmFkNUtqZDZoU2lTUHp2WndYR1p0WWI2VitYVEdRZFNmVUNRUzNZZ1dDZU13RDc4Yy9jR0piN0ZMQ0hJTlRMM1NZY2dlamhYMUF0LzdFa0RDOExXZWVhYkN5TEJGUENySWxjR3dKa200bUhQdVhnT0lKQUxmalpSMm53dEFmNnRoTWxGamc3V2hldnNpb0JrakZZMXlYTmpnRlNlcFJBR29BL0JLYWNneVA5aVFuQ2FJaWxPemdPNmdYSFpnRWM1Zys3L3hiQzRGek1hQ1dxMlZoaU5HNjVrZ00yWVhLcnRBRGhjQUh3M2FkOXR2d1M5K1ltbFh2d2c2WDlKclFIcmlBb1R6cEQ5clJsbDNDV2JLeUtqNE1pQ2dqY3h2ci9RTXRsRWZ4VUgyOVdMR1NJWDVGRXJDQTdub1EzZjBRSGovOFRZYmFLWktjSndCZkwzRU9GU1dRU09lc2hMOXJrQWJRMllaVzBGYnRNWms5T3gzQnl2TEtHSWJQOHRRK0x4SkRjZXFpMVE9PSBhZG1pbmlzdHJhdG9yQHVidW50dTI0LXJlbW90ZQoKc3NoX3B3YXV0aDogdHJ1ZQpjaHBhc3N3ZDoKICBleHBpcmU6IGZhbHNlCgpob3N0bmFtZTogaW5mcmEtbGFiLXJhbmNoZXIKbWFuYWdlX2V0Y19ob3N0czogdHJ1ZQoKd3JpdGVfZmlsZXM6Ci0gcGF0aDogL2V0Yy9uZXRwbGFuLzUwLWNsb3VkLWluaXQueWFtbAogIGNvbnRlbnQ6IHwKICAgIG5ldHdvcms6CiAgICAgIHZlcnNpb246IDIKICAgICAgZXRoZXJuZXRzOgogICAgICAgIGVuczE5MjoKICAgICAgICAgIGRoY3A0OiBubwogICAgICAgICAgYWRkcmVzc2VzOgogICAgICAgICAgICAtIDE3Mi4yNy4xMC4xMDAvMjQKICAgICAgICAgIGdhdGV3YXk0OiAxNzIuMjcuMTAuMjU0CiAgICAgICAgICBuYW1lc2VydmVyczoKICAgICAgICAgICAgYWRkcmVzc2VzOiBbMTkyLjE2OC4xNDAuMjUxLCA4LjguOC44XQoKcGFja2FnZXM6Ci0gZG9ja2VyLmlvCi0gY3VybAoKcnVuY21kOgotIG5ldHBsYW4gYXBwbHkKLSBhcHQtZ2V0IHVwZGF0ZQotIGFwdCBpbnN0YWxsIG5ldC10b29scwotIGFwdC1nZXQgaW5zdGFsbCAteSBkb2NrZXIuaW8KLSBjdXJsIC1MICJodHRwczovL2dpdGh1Yi5jb20vZG9ja2VyL2NvbXBvc2UvcmVsZWFzZXMvZG93bmxvYWQvdjIuMjkuMS9kb2NrZXItY29tcG9zZS0kKHVuYW1lIC1zKS0kKHVuYW1lIC1tKSIgLW8gL3Vzci9sb2NhbC9iaW4vZG9ja2VyLWNvbXBvc2UKLSBjaG1vZCAreCAvdXNyL2xvY2FsL2Jpbi9kb2NrZXItY29tcG9zZQotIHVzZXJtb2QgLWFHIGRvY2tlciAkVVNFUgotIGxuIC1zIC91c3IvbG9jYWwvYmluL2RvY2tlci1jb21wb3NlIC91c3IvYmluL2RvY2tlci1jb21wb3NlCi0gc3lzdGVtY3RsIHN0YXJ0IGRvY2tlci5zZXJ2aWNlCi0gc3lzdGVtY3RsIGVuYWJsZSBkb2NrZXIuc2VydmljZQotIHN5c3RlbWN0bCBlbmFibGUgY29udGFpbmVyZC5zZXJ2aWNlCg=="
                }
              }
            ],
            "vapp_transport": [
              "iso"
            ],
            "vbs_enabled": false,
            "vmware_tools_status": "guestToolsNotRunning",
            "vmx_path": "infra-lab-rancher/infra-lab-rancher.vmx",
            "vtpm": [],
            "vvtd_enabled": false,
            "wait_for_guest_ip_timeout": 0,
            "wait_for_guest_net_routable": true,
            "wait_for_guest_net_timeout": 0
          },
          "sensitive_attributes": [],
          "identity_schema_version": 0,
          "private": "eyJzY2hlbWFfdmVyc2lvbiI6IjMifQ==",
          "dependencies": [
            "data.vsphere_datacenter.dc",
            "data.vsphere_datastore.datastore_lun01",
            "data.vsphere_network.network",
            "data.vsphere_resource_pool.pool_dats_tf_1",
            "data.vsphere_virtual_machine.template"
          ]
        }
      ]
    }
  ],
  "check_results": null
}
