{
  "version": 4,
  "terraform_version": "1.10.3",
  "serial": 14,
  "lineage": "68f9475b-ebf2-815f-6ca1-7e446243c52e",
  "outputs": {},
  "resources": [
    {
      "mode": "data",
      "type": "vsphere_compute_cluster",
      "name": "cluster",
      "provider": "provider[\"registry.terraform.io/hashicorp/vsphere\"]",
      "instances": [
        {
          "schema_version": 0,
          "attributes": {
            "datacenter_id": "datacenter-1001",
            "id": "domain-c2001",
            "name": "New Cluster",
            "resource_pool_id": "resgroup-2002"
          },
          "sensitive_attributes": []
        }
      ]
    },
    {
      "mode": "data",
      "type": "vsphere_datacenter",
      "name": "dc",
      "provider": "provider[\"registry.terraform.io/hashicorp/vsphere\"]",
      "instances": [
        {
          "schema_version": 0,
          "attributes": {
            "id": "datacenter-1001",
            "name": "Datacenter",
            "virtual_machines": [
              "Ubuntu22.04-Test",
              "VMware vCenter Server",
              "ubuntu-noble-24.04-cloudimg",
              "vCLS-79dd2768-2f1c-42d2-b0d4-adab4c228c5e"
            ]
          },
          "sensitive_attributes": []
        }
      ]
    },
    {
      "mode": "data",
      "type": "vsphere_datastore",
      "name": "datastore",
      "provider": "provider[\"registry.terraform.io/hashicorp/vsphere\"]",
      "instances": [
        {
          "schema_version": 0,
          "attributes": {
            "datacenter_id": "datacenter-1001",
            "id": "datastore-2012",
            "name": "vsanDatastore (1)",
            "stats": {
              "capacity": "483158654976",
              "free": "448828528397"
            }
          },
          "sensitive_attributes": []
        }
      ]
    },
    {
      "mode": "data",
      "type": "vsphere_network",
      "name": "network",
      "provider": "provider[\"registry.terraform.io/hashicorp/vsphere\"]",
      "instances": [
        {
          "schema_version": 0,
          "attributes": {
            "datacenter_id": "datacenter-1001",
            "distributed_virtual_switch_uuid": null,
            "filter": null,
            "id": "network-1011",
            "name": "VM Network",
            "type": "Network"
          },
          "sensitive_attributes": []
        }
      ]
    },
    {
      "mode": "data",
      "type": "vsphere_virtual_machine",
      "name": "template",
      "provider": "provider[\"registry.terraform.io/hashicorp/vsphere\"]",
      "instances": [
        {
          "schema_version": 0,
          "attributes": {
            "alternate_guest_name": "",
            "annotation": "",
            "boot_delay": 0,
            "boot_retry_delay": 10000,
            "boot_retry_enabled": false,
            "change_version": "2024-12-29T13:25:46.180005Z",
            "cpu_hot_add_enabled": false,
            "cpu_hot_remove_enabled": false,
            "cpu_limit": -1,
            "cpu_performance_counters_enabled": false,
            "cpu_reservation": 0,
            "cpu_share_count": 2000,
            "cpu_share_level": "normal",
            "datacenter_id": "datacenter-1001",
            "default_ip_address": null,
            "disks": [
              {
                "eagerly_scrub": false,
                "label": "Hard disk 1",
                "size": 10,
                "thin_provisioned": true,
                "unit_number": 0
              }
            ],
            "efi_secure_boot_enabled": false,
            "enable_disk_uuid": false,
            "enable_logging": true,
            "ept_rvi_mode": "",
            "extra_config": {},
            "extra_config_reboot_required": true,
            "firmware": "bios",
            "folder": null,
            "guest_id": "ubuntu64Guest",
            "guest_ip_addresses": [],
            "hardware_version": 10,
            "hv_mode": "",
            "id": "423ea9ee-0b5a-ffcc-86a6-dc604c79efe1",
            "ide_controller_scan_count": 2,
            "instance_uuid": "503e8162-2df3-0f5e-ddaf-57714f4c88fa",
            "latency_sensitivity": "normal",
            "memory": 1024,
            "memory_hot_add_enabled": false,
            "memory_limit": -1,
            "memory_reservation": 0,
            "memory_reservation_locked_to_max": false,
            "memory_share_count": 10240,
            "memory_share_level": "normal",
            "moid": "vm-2015",
            "name": "ubuntu-noble-24.04-cloudimg",
            "nested_hv_enabled": false,
            "network_interface_types": [
              "vmxnet3"
            ],
            "network_interfaces": [
              {
                "adapter_type": "vmxnet3",
                "bandwidth_limit": -1,
                "bandwidth_reservation": 0,
                "bandwidth_share_count": 50,
                "bandwidth_share_level": "normal",
                "mac_address": "00:50:56:be:79:38",
                "network_id": "network-1011",
                "physical_function": ""
              }
            ],
            "num_cores_per_socket": 1,
            "num_cpus": 2,
            "replace_trigger": null,
            "run_tools_scripts_after_power_on": true,
            "run_tools_scripts_after_resume": true,
            "run_tools_scripts_before_guest_reboot": false,
            "run_tools_scripts_before_guest_shutdown": true,
            "run_tools_scripts_before_guest_standby": true,
            "sata_controller_scan_count": 0,
            "scsi_bus_sharing": "noSharing",
            "scsi_controller_scan_count": 1,
            "scsi_type": "pvscsi",
            "storage_policy_id": null,
            "swap_placement_policy": "inherit",
            "sync_time_with_host": true,
            "sync_time_with_host_periodically": false,
            "tools_upgrade_policy": "manual",
            "uuid": "423ea9ee-0b5a-ffcc-86a6-dc604c79efe1",
            "vapp": null,
            "vapp_transport": [
              "iso"
            ],
            "vbs_enabled": false,
            "vtpm": null,
            "vvtd_enabled": false
          },
          "sensitive_attributes": []
        }
      ]
    },
    {
      "mode": "managed",
      "type": "vsphere_virtual_machine",
      "name": "vm",
      "provider": "provider[\"registry.terraform.io/hashicorp/vsphere\"]",
      "instances": [
        {
          "schema_version": 3,
          "attributes": {
            "alternate_guest_name": "",
            "annotation": "",
            "boot_delay": 0,
            "boot_retry_delay": 10000,
            "boot_retry_enabled": false,
            "cdrom": [
              {
                "client_device": true,
                "datastore_id": "",
                "device_address": "ide:1:0",
                "key": 3002,
                "path": ""
              }
            ],
            "change_version": "2025-01-02T13:56:09.602239Z",
            "clone": [
              {
                "customization_spec": [],
                "customize": [],
                "linked_clone": false,
                "ovf_network_map": null,
                "ovf_storage_map": null,
                "template_uuid": "423ea9ee-0b5a-ffcc-86a6-dc604c79efe1",
                "timeout": 30
              }
            ],
            "cpu_hot_add_enabled": false,
            "cpu_hot_remove_enabled": false,
            "cpu_limit": -1,
            "cpu_performance_counters_enabled": false,
            "cpu_reservation": 0,
            "cpu_share_count": 2000,
            "cpu_share_level": "normal",
            "custom_attributes": null,
            "datacenter_id": null,
            "datastore_cluster_id": null,
            "datastore_id": "datastore-2012",
            "default_ip_address": null,
            "disk": [
              {
                "attach": false,
                "controller_type": "scsi",
                "datastore_id": "datastore-2012",
                "device_address": "scsi:0:0",
                "disk_mode": "persistent",
                "disk_sharing": "sharingNone",
                "eagerly_scrub": false,
                "io_limit": -1,
                "io_reservation": 0,
                "io_share_count": 1000,
                "io_share_level": "normal",
                "keep_on_remove": false,
                "key": 2000,
                "label": "disk0",
                "path": "639a7667-430e-58a2-9953-000c29013856/ubuntu-cloud-vm.vmdk",
                "size": 20,
                "storage_policy_id": "aa6d5a82-1c88-45da-85d3-3d74b91a5bad",
                "thin_provisioned": true,
                "unit_number": 0,
                "uuid": "6000C291-b35c-69f0-5b97-a7b5b9207430",
                "write_through": false
              }
            ],
            "efi_secure_boot_enabled": false,
            "enable_disk_uuid": false,
            "enable_logging": false,
            "ept_rvi_mode": "",
            "extra_config": null,
            "extra_config_reboot_required": true,
            "firmware": "bios",
            "folder": "",
            "force_power_off": true,
            "guest_id": "ubuntu64Guest",
            "guest_ip_addresses": [],
            "hardware_version": 10,
            "host_system_id": "host-2003",
            "hv_mode": "",
            "id": "423e7b64-174b-f315-af33-27a2df49f3c5",
            "ide_controller_count": 2,
            "ignored_guest_ips": null,
            "imported": null,
            "latency_sensitivity": "normal",
            "memory": 2048,
            "memory_hot_add_enabled": false,
            "memory_limit": -1,
            "memory_reservation": 0,
            "memory_reservation_locked_to_max": false,
            "memory_share_count": 20480,
            "memory_share_level": "normal",
            "migrate_wait_timeout": 30,
            "moid": "vm-2021",
            "name": "ubuntu-cloud-vm",
            "nested_hv_enabled": false,
            "network_interface": [
              {
                "adapter_type": "vmxnet3",
                "bandwidth_limit": -1,
                "bandwidth_reservation": 0,
                "bandwidth_share_count": 50,
                "bandwidth_share_level": "normal",
                "device_address": "pci:0:7",
                "key": 4000,
                "mac_address": "00:50:56:be:f1:e9",
                "network_id": "network-1011",
                "ovf_mapping": "",
                "physical_function": "",
                "use_static_mac": false
              }
            ],
            "num_cores_per_socket": 1,
            "num_cpus": 2,
            "ovf_deploy": [],
            "pci_device_id": null,
            "power_state": "on",
            "poweron_timeout": 300,
            "reboot_required": false,
            "replace_trigger": null,
            "resource_pool_id": "resgroup-2002",
            "run_tools_scripts_after_power_on": true,
            "run_tools_scripts_after_resume": true,
            "run_tools_scripts_before_guest_reboot": false,
            "run_tools_scripts_before_guest_shutdown": true,
            "run_tools_scripts_before_guest_standby": true,
            "sata_controller_count": 0,
            "scsi_bus_sharing": "noSharing",
            "scsi_controller_count": 1,
            "scsi_type": "pvscsi",
            "shutdown_wait_timeout": 3,
            "storage_policy_id": "aa6d5a82-1c88-45da-85d3-3d74b91a5bad",
            "swap_placement_policy": "inherit",
            "sync_time_with_host": true,
            "sync_time_with_host_periodically": false,
            "tags": null,
            "tools_upgrade_policy": "manual",
            "uuid": "423e7b64-174b-f315-af33-27a2df49f3c5",
            "vapp": [
              {
                "properties": {
                  "user-data": "I2Nsb3VkLWNvbmZpZw0KDQojIHNldHMgdGhlIGhvc3RuYW1lIHRvICd0ZXJyYWZvcm1lZCcNCmhvc3RuYW1lOiB1YnVudHUtY2xvdWQNCg0KdXNlcnM6DQogICMgQWRkcyBhIHVzZXIgY2FsbGVkICdleGFtcGxlJyB3aXRoIHRoZSBwYXNzd29yZCBoYXNoIG9mICdwYXNzd29ydCcsIHN1ZG8gcmlnaHRzIGFuZCB0aGUgZGVmYXVsdCB1YnVudHUgZ3JvdXBzDQogICMgLSBuYW1lOiBleGFtcGxlDQogICMgICBwYXNzd2Q6ICIkNiRyb3VuZHM9NDA5NiRQMHV2bEI5Ljhuc2lZNjckdXVPeFlTazZuLzc0RHMzSnRWMW1UNnhZak9ndXdUV2dObU9lSHZjSGlRYTl6YW41N2w4ZHZmSEUvemx1MTlmRG1KR3lTTnpMbWg2SzBSMkkxQVU5bzAiDQogICMgICBsb2NrX3Bhc3N3ZDogZmFsc2UNCiAgIyAgIHN1ZG86IEFMTD0oQUxMKSBBTEwNCiAgIyAgIGdyb3VwczogW2FkbSwgYXVkaW8sIGNkcm9tLCBkaWFsb3V0LCBmbG9wcHksIHZpZGVvLCBwbHVnZGV2LCBkaXAsIG5ldGRldl0NCiAgLSBuYW1lOiBhZG1pbmlzdHJhdG9yDQogICAgZ2Vjb3M6IEFkbWluaXN0cmF0b3IgVXNlcg0KICAgIHN1ZG86IEFMTD0oQUxMKSBOT1BBU1NXRDpBTEwNCiAgICBncm91cHM6IHVzZXJzLCBhZG1pbg0KICAgIGhvbWU6IC9ob21lL2FkbWluaXN0cmF0b3INCiAgICBzaGVsbDogL2Jpbi9iYXNoDQogICAgbG9ja19wYXNzd2Q6IGZhbHNlDQogICAgI3BsYWluX3RleHRfcGFzc3dkOiAiIiAgIyBVbnVzZWQNCiAgICBwYXNzd2Q6ICIkMnkkMTAkL1F5Ly9HbkloV3VHS0tja0tDSG44T3g0cFAvZXpWM1d4VktWZ1hMS25reTh2TFh0ZFdkNWUiICMg4Lij4Lir4Lix4Liq4Lic4LmI4Liy4LiZ4LmB4Lia4LiaIEhhc2gNCiAgICAjIHNzaF9hdXRob3JpemVkX2tleXM6DQogICAgIyAgIC0gc3NoLXJzYSBBQUFBQjNOemFDMXljMkVBQUFBREFRQUJBQUFCZ1FETWxqakVISGIzRmVDVUJ1aTFPSGRaZVJvYTlDNE4wUlFzVkZ1SEQxOXR0djZoZkNKRUNFek9HZ0Y5VFdFZi9jWE8yU3Z5SEVRSVVJTGlNUEVWY1YwRG9vOFVGZEFwTWR3OGErdXllK29hTmxORlpXNXZKT25BaTE5YlpoVUFoVDQ2ZFhEVTdZZ2JUTm1aL0VaUXVtNk5ka205dWZnZ3pRTzY1K09nSXFIRkNuK0FkdEU1VStyQTYrRU5uMFYrRVVEOVorODVEN2ZtWFZvRGh1YnpSWTI2bG9rTkFDL1ZBQ2FTYjVGMCtrZXIvVnhWOWtCVFpwclAvQ0d6QWZTS295ZEVrczNIRnU4YldFYUVMNkRaalM5VFA3SGo5MkpsTFM0d0ZvbG9SVGw0QnZKMVdhdXlOc0RvVjFiSDhqT0dzTWd2VnRjNmJBa1dLbEFiSGorbDB0bWpHbHdiMUpacktwZTZxSFZLdzNTenZJZ045bmRVenVDYis0WVNNVEZjSTMySUlJRlhKNVRZbzJKMnIzeWpWWFFVWm5tbzdvTDNXWHUvejVjNjgvSDdURm5uNTd6azRwdTNVa2RDUUE0NmM4Q1Q2NUJSSUVEbFByN0pyQ2FFVnhrLzRGK21TeHMvR094TWJXLys4dzdLM0dZRXBqM25jajBMMVFQcHdsOHlkQU09IGFkbWluaXN0cmF0b3JAUlZDSURNQzAwMS5sb2NhbA0KDQpzc2hfcHdhdXRoOiB0cnVlDQpjaHBhc3N3ZDoNCiAgZXhwaXJlOiBmYWxzZQ0KDQojIHBhY2thZ2VzOg0KIyAgIC0gZ251cGcNCiMgICAtIHNvZnR3YXJlLXByb3BlcnRpZXMtY29tbW9uDQojICAgLSBjdXJsDQoNCiMgcnVuY21kOg0KIyAgIC0gbmV0cGxhbiBhcHBseQ0KIyAgIC0gYXB0LWdldCB1cGRhdGUNCiMgICAjIEluc3RhbGwgVGVycmFmcm9tDQojICAgIyAtIGFwdC1nZXQgaW5zdGFsbCAteSBnbnVwZyBzb2Z0d2FyZS1wcm9wZXJ0aWVzLWNvbW1vbg0KIyAgIC0gd2dldCAtTy0gaHR0cHM6Ly9hcHQucmVsZWFzZXMuaGFzaGljb3JwLmNvbS9ncGcgfCBncGcgLS1kZWFybW9yIHwgdGVlIC91c3Ivc2hhcmUva2V5cmluZ3MvaGFzaGljb3JwLWFyY2hpdmUta2V5cmluZy5ncGcgPiAvZGV2L251bGwNCiMgICAtIGdwZyAtLW5vLWRlZmF1bHQta2V5cmluZyAtLWtleXJpbmcgL3Vzci9zaGFyZS9rZXlyaW5ncy9oYXNoaWNvcnAtYXJjaGl2ZS1rZXlyaW5nLmdwZyAtLWZpbmdlcnByaW50DQojICAgLSBlY2hvICJkZWIgW3NpZ25lZC1ieT0vdXNyL3NoYXJlL2tleXJpbmdzL2hhc2hpY29ycC1hcmNoaXZlLWtleXJpbmcuZ3BnXSBodHRwczovL2FwdC5yZWxlYXNlcy5oYXNoaWNvcnAuY29tICQobHNiX3JlbGVhc2UgLWNzKSBtYWluIiB8IHRlZSAvZXRjL2FwdC9zb3VyY2VzLmxpc3QuZC9oYXNoaWNvcnAubGlzdA0KIyAgIC0gYXB0LWdldCB1cGRhdGUNCiMgICAtIGFwdC1nZXQgaW5zdGFsbCAteSB0ZXJyYWZvcm0NCiMgICAjIEluc3RhbGwgQW5zaWJsZQ0KIyAgIC0gYXB0LWFkZC1yZXBvc2l0b3J5IC0teWVzIC0tdXBkYXRlIHBwYTphbnNpYmxlL2Fuc2libGUNCiMgICAtIGFwdC1nZXQgdXBkYXRlDQojICAgLSBhcHQtZ2V0IGluc3RhbGwgLXkgYW5zaWJsZQ0KIyAgICMgQ3JlYXRlIHByaXZhdGUga2V5DQojICAgLSBzc2gta2V5Z2VuIC10IHJzYSAtYiA0MDk2IC1mIC9ob21lL2FkbWluaXN0cmF0b3IvLnNzaC9pZF9yc2EgLU4gIiINCiMgICAtIGNhdCAvaG9tZS9hZG1pbmlzdHJhdG9yLy5zc2gvaWRfcnNhLnB1YiA+PiAvaG9tZS9hZG1pbmlzdHJhdG9yLy5zc2gvYXV0aG9yaXplZF9rZXlzDQojICAgLSBjaG1vZCA2MDAgL2hvbWUvYWRtaW5pc3RyYXRvci8uc3NoL2F1dGhvcml6ZWRfa2V5cw0KIyAgIC0gY2htb2QgNjAwIC9ob21lL2FkbWluaXN0cmF0b3IvLnNzaC9pZF9yc2ENCiMgICAtIGNobW9kIDY0NCAvaG9tZS9hZG1pbmlzdHJhdG9yLy5zc2gvaWRfcnNhLnB1Yg0KDQp3cml0ZV9maWxlczoNCi0gcGF0aDogL2V0Yy9uZXRwbGFuLzUwLWNsb3VkLWluaXQueWFtbA0KICBjb250ZW50OiB8DQogICAgbmV0d29yazoNCiAgICAgIHZlcnNpb246IDINCiAgICAgIGV0aGVybmV0czoNCiAgICAgICAgZW5zMTkyOg0KICAgICAgICAgIGRoY3A0OiBubw0KICAgICAgICAgIGFkZHJlc3NlczoNCiAgICAgICAgICAgIC0gMTAuMS4zLjExLzI0DQogICAgICAgICAgZ2F0ZXdheTQ6IDEwLjEuMy4xDQogICAgICAgICAgbmFtZXNlcnZlcnM6DQogICAgICAgICAgICBhZGRyZXNzZXM6IFs4LjguOC44LDguOC40LjRdDQo="
                }
              }
            ],
            "vapp_transport": [
              "iso"
            ],
            "vbs_enabled": false,
            "vmware_tools_status": "guestToolsNotRunning",
            "vmx_path": "639a7667-430e-58a2-9953-000c29013856/ubuntu-cloud-vm.vmx",
            "vtpm": [],
            "vvtd_enabled": false,
            "wait_for_guest_ip_timeout": 0,
            "wait_for_guest_net_routable": true,
            "wait_for_guest_net_timeout": 0
          },
          "sensitive_attributes": [],
          "private": "eyJzY2hlbWFfdmVyc2lvbiI6IjMifQ==",
          "dependencies": [
            "data.vsphere_compute_cluster.cluster",
            "data.vsphere_datacenter.dc",
            "data.vsphere_datastore.datastore",
            "data.vsphere_network.network",
            "data.vsphere_virtual_machine.template"
          ]
        }
      ]
    }
  ],
  "check_results": null
}
