{
  "version": 4,
  "terraform_version": "1.9.8",
  "serial": 1,
  "lineage": "0d08b21c-e948-dbda-4e36-c12d581b8228",
  "outputs": {},
  "resources": [
    {
      "mode": "data",
      "type": "vsphere_datacenter",
      "name": "dc",
      "provider": "provider[\"registry.terraform.io/hashicorp/vsphere\"]",
      "instances": [
        {
          "schema_version": 0,
          "attributes": {
            "id": "datacenter-2",
            "name": "Datacenter",
            "virtual_machines": [
              "01-Smart-M Enterprise Core",
              "02-Smart-M Device adapters - Milestone",
              "03-Smart-M MSSQL",
              "04-Smart-M Valerian M01",
              "05-Smart-M Valerian M02",
              "06-Smart-M Valerian M03",
              "07-Smart-M Valerian C01",
              "08-Smart-M Valerian C02",
              "09-Smart-M Valerian C03",
              "10-Smart-M Valkyrie",
              "10-Smart-M Valkyrie_Clone",
              "11-Report Server",
              "12-Smart-M-AD",
              "13-FTP Server",
              "14-Smart-M DNS and AD",
              "15-Hikvision",
              "15-Smart-M Valkyrie02",
              "16-Senstar",
              "17-Gallagher",
              "Attacker-spectre-211",
              "CentOS 7 64-bit",
              "CentOS8_Master",
              "ClientWFT1_PG1",
              "Client_1",
              "Client_10",
              "Client_2",
              "Client_3",
              "Client_4",
              "Client_5",
              "Client_6",
              "Client_7",
              "Client_8",
              "Client_9",
              "Conceptus-Server",
              "Coordinate01",
              "Cy Demo MDR (03)",
              "Cy-CLI01",
              "Cy-CLI02",
              "Cy-CLI03",
              "Cy-CLI04",
              "Cy-CLI05",
              "Cy-CLI06",
              "Cy-Fraud-Cassandra-1",
              "Cy-Fraud-Cassandra-2",
              "Cy-OpXDR",
              "Cy-Opensearch",
              "Cy-Phish (Gene Cyber)",
              "Cy-Phish02 (Gene Cyber)",
              "Cy-dfm",
              "Cy-soc-01",
              "Cy-soc-02",
              "Cy-tip-minio-0",
              "Cy-tip-nfs",
              "Cy_Swimlane_Dev",
              "DLPePO",
              "Datanode01",
              "Datanode02",
              "ELK (.20.161)",
              "Firewall-NAT",
              "FreeNAS",
              "GS10-Master-IOT",
              "GS10-Master-IOT2",
              "Gate Scanner Mail BE",
              "Gate Scanner Mail FE",
              "Gate Scanner Mail SQL",
              "Gate Scanner Mail Server",
              "GitHub (20.152)",
              "Ingest01",
              "Ingest02",
              "Kali2020-3",
              "MISP-20.199",
              "MSSQL01",
              "MSSQL02",
              "MSSQL03",
              "MSSQL04",
              "MSSQL05",
              "Master Metasploit pro",
              "Master Nessus",
              "Master Oracle Weblogic",
              "Master Splunk Forwarder",
              "Master Splunk Indexer",
              "Mhone-Test",
              "OPNsense [v20.1]",
              "Proxy-Server-1",
              "Proxy-Server-2",
              "RTA-CSOC-Router",
              "RTA-POC-Center-ELK (Wait for delete confirmation)",
              "RTA-POC-Client1 (Wait for delete confirmation)",
              "RTA-POC-Client2 (Wait for delete confirmation)",
              "RTA-POC-ELK (Wait for delete confirmation)",
              "RTA-POC-FortiGate (Wait for delete confirmation)",
              "RTA-POC-MISP (Wait for delete confirmation)",
              "RTA-POC-SOCAgent1 (Wait for delete confirmation)",
              "RTA-POC-SOCAgent2 (Wait for delete confirmation)",
              "SW-Remote",
              "Smart-M Valerian Client",
              "Smart-M Valerian Client-EGAT",
              "Smart-M Valerian Master",
              "Smart-M Valerian Master-EGAT",
              "Smart-M Valkyrie-EGAT",
              "Splunk Forwarder",
              "Splunk Indexer",
              "Splunk_Ubuntu20",
              "Splunk_backup",
              "Splunk_es",
              "SyslogWFT1_PG2-(20.18)",
              "Test Lunux-001",
              "Test Lunux-002",
              "Tor proxy",
              "Trellix_ESM_RTN_Demo",
              "Ubuntu 18.4",
              "Ubuntu 64-bit",
              "Ubuntu 64-bit Server GUI",
              "Ubuntu Desktop x64",
              "Ubuntu22.04-Swimlane-Existing",
              "Ubuntu22.04-Swimlane-Temp",
              "Ubuntu22.04-Test",
              "Ubuntu22.04-Test_restored",
              "VBR-DC",
              "VRO-DR",
              "Veeam-Backup-Proxy-DR",
              "Veeam-Proxy-CDP-DC",
              "W10-MerRemote",
              "W10-MerRemote02",
              "W10-MerRemote03",
              "Windows Server 2008_r2",
              "Windows7-spectre",
              "Wolf_Tail_Server (20.160)",
              "Wolftail-Server-20.200",
              "[AW] - APP-AD-Lair-105.252",
              "[AW] - APP-Lair-2TB-105.253",
              "[AW] - AW-DC-01-0.201",
              "[AW] - CentOS-Conceptus-0.11",
              "[AW] - windows-Conceptus-0.211",
              "[CO] NextCloud",
              "[CO] VMware vCenter Server",
              "[CO] Windows Server 2012R2 - Master",
              "[CO] Windows Server 2012R2 - Slave",
              "[CSOC] FreeNAS_B",
              "[Dark Web] Centos8.1905 Crawler-img (.181)",
              "[Dark Web] Hadoop-Master (190)",
              "[Dark Web] Hadoop-Node1 (191)",
              "[Dark Web] Hadoop-Node2 (192)",
              "[Dark Web] Hadoop-Node3 (193)",
              "[Dark Web] Hadoop-Node4 (194)",
              "[Dark Web] Hadoop-Node5 (195)",
              "[Dark Web] NATS Server 01 (.156)",
              "[Dark Web] NATS Server 02 (.157)",
              "[Dark Web] NATS Server 03 (.158)",
              "[Dark Web] Onion DB (.152)",
              "[Dark Web] Onion Generator V2 (.160)",
              "[Dark Web] Onion Generator V2 (.161)",
              "[Dark Web] Onion Generator V2 (.162)",
              "[Dark Web] Onion Generator V2 (.163)",
              "[Dark Web] Onion Generator V2 (.164)",
              "[Dark Web] Onion Generator V3 (.165)",
              "[Dark Web] Onion Generator V3 (.166)",
              "[Dark Web] Onion Generator V3 (.167)",
              "[Dark Web] Onion Generator V3 (.168)",
              "[Dark Web] Onion Generator V3 (.169)",
              "[Dark Web] SQL Server 2016 (.153)",
              "[Dark Web] Temp DB (.151)",
              "[Dark Web] Torproxy Master (.170)",
              "[Dark Web] Torproxy Node1 (.171)",
              "[Dark Web] Torproxy Node2 (.172)",
              "[Dark Web] Torproxy Node3 (.173)",
              "[Dark Web] Torproxy Node4 (.174)",
              "[Demo] McAfee NSM_B",
              "[Demo] McAfee SIEM_B",
              "[Firewall] OPNsense_B",
              "[HTG] Kali Agent",
              "[HTG] Windows Agent",
              "[LaoCERT] - ConceptusWS-0.99",
              "centos8(grok)",
              "cy-elk",
              "cy-etcd",
              "cy-k8s-master",
              "cy-ks-master-1",
              "cy-ks-master-2",
              "cy-ks-master-3",
              "cy-ks-node-1",
              "cy-ks-node-2",
              "cy-mssp-cli-demo",
              "cy-mssp-srv-demo",
              "cy-provisioning-tool",
              "cy-swimlane-cus %2f%2f Waiting delete by Manoon",
              "cy-swimlane-dev2 %2f%2f Waiting delete by Manoon",
              "cy-swimlane-quickstart",
              "cy-template-type-1",
              "cy-template-type-2",
              "cy-template-type-3",
              "cy-template-type-4",
              "cy-template-type-5",
              "cy-template-type-6",
              "cy-tip-k8s-worker",
              "cy-tip-kuber-dev",
              "cy-tip-minio-prod",
              "cy-tip-nfs-prod",
              "cy-tip-node-1",
              "cy-tip-node-2",
              "cy-tip-node-3",
              "cy-tip-rancher-prod",
              "cy-tip-rancher-prod-master-1",
              "cy-tip-rancher-prod-master-2",
              "cy-tip-rancher-prod-master-3",
              "cy-tip-rancher-prod-node-1",
              "cy-tip-rancher-prod-node-2",
              "cy-tip-rancher-prod-node-3",
              "cy-tip-rancher-prod-node-4",
              "d2s-alfresco",
              "d2s-elk-rancher-test-master-1",
              "d2s-elk-rancher-test-node-1",
              "d2s-elk-rancher-test-node-2",
              "d2s-elk-rancher-test-node-3",
              "d2s-elk-rancher-test-node-4",
              "d2s-failover-cicd-dev-master-1",
              "d2s-failover-cicd-dev-master-1_replica",
              "d2s-failover-cicd-dev-node-1",
              "d2s-failover-cicd-dev-node-1_replica",
              "d2s-failover-cicd-dev-rancher",
              "d2s-failover-cicd-dev-rancher_replica",
              "d2s-failover-db-dev-master-1",
              "d2s-failover-db-dev-master-1_replica",
              "d2s-failover-db-dev-node-1",
              "d2s-failover-db-dev-node-1_replica",
              "d2s-failover-db-dev-node-2",
              "d2s-failover-db-dev-node-2_replica",
              "d2s-failover-db-dev-node-3",
              "d2s-failover-db-dev-node-3_replica",
              "d2s-failover-fraud-dev-master-1",
              "d2s-failover-fraud-dev-node-1",
              "d2s-failover-fraud-dev-node-2",
              "d2s-failover-fraud-dev-node-3",
              "d2s-failover-fraud-external-lb-1",
              "d2s-failover-fraud-external-lb-failover-failover-1",
              "d2s-failover-fraud-jenkins-1",
              "d2s-failover-provisioner",
              "d2s-failover-swimlane-failover-node-1_restored",
              "d2s-failover-swimlane-failover-node-2_restored",
              "d2s-failover-swimlane-failover-node-3_restored",
              "d2s-server-backup",
              "d2s-spider-Ubuntu22.04-Swimlane-Embedded-1",
              "d2s-spider-cicd-dev-master-1",
              "d2s-spider-cicd-dev-node-1",
              "d2s-spider-cicd-dev-node-2",
              "d2s-spider-cicd-dev-node-3",
              "d2s-spider-dev-dev-master-1",
              "d2s-spider-dev-dev-node-1",
              "d2s-spider-dev-dev-node-2",
              "d2s-spider-dev-dev-node-3",
              "d2s-spider-sit-dev-master-1",
              "d2s-spider-sit-dev-node-1",
              "d2s-spider-sit-dev-node-2",
              "d2s-spider-sit-dev-node-3",
              "d2s-wolftail-database-dev",
              "demo-nhealth",
              "dotProject (Master)",
              "infra-lab-cicd-dev-cicd-dev-master-1",
              "infra-lab-cicd-dev-cicd-dev-node-1",
              "infra-lab-cicd-dev-cicd-dev-node-2",
              "infra-lab-cicd-dev-cicd-dev-node-3",
              "infra-lab-cicd-dev-rancher",
              "infra-lab-provisioner",
              "kali (55.4)",
              "master01",
              "master02",
              "master03",
              "mssp-report-dev",
              "pfSenseWFT1_Bridge",
              "pfSenseWFT1_GW",
              "poc-ex-cts",
              "poc-ex-med",
              "proxy1-5-51",
              "proxy2-5-52",
              "proxy3-5-53",
              "server",
              "ssss",
              "template-mssp-test-dev",
              "test-api-centos",
              "ubuntu-24.04-server-cloudimg-amd64",
              "ubuntu-jammy-22.04-cloudimg",
              "ubuntu-misp",
              "web-5-20",
              "web-login-210",
              "windows 10 (55.3)",
              "windows-2016"
            ]
          },
          "sensitive_attributes": []
        }
      ]
    },
    {
      "mode": "data",
      "type": "vsphere_datastore",
      "name": "datastore_lun01",
      "provider": "provider[\"registry.terraform.io/hashicorp/vsphere\"]",
      "instances": [
        {
          "schema_version": 0,
          "attributes": {
            "datacenter_id": "datacenter-2",
            "id": "datastore-1348",
            "name": "LUN01",
            "stats": {
              "capacity": "13193871097856",
              "free": "1792649723904"
            }
          },
          "sensitive_attributes": []
        }
      ]
    },
    {
      "mode": "data",
      "type": "vsphere_datastore",
      "name": "datastore_lun02",
      "provider": "provider[\"registry.terraform.io/hashicorp/vsphere\"]",
      "instances": [
        {
          "schema_version": 0,
          "attributes": {
            "datacenter_id": "datacenter-2",
            "id": "datastore-1349",
            "name": "LUN02",
            "stats": {
              "capacity": "13193871097856",
              "free": "1029462556672"
            }
          },
          "sensitive_attributes": []
        }
      ]
    },
    {
      "mode": "data",
      "type": "vsphere_datastore",
      "name": "datastore_lun03",
      "provider": "provider[\"registry.terraform.io/hashicorp/vsphere\"]",
      "instances": [
        {
          "schema_version": 0,
          "attributes": {
            "datacenter_id": "datacenter-2",
            "id": "datastore-1350",
            "name": "LUN03",
            "stats": {
              "capacity": "13202192596992",
              "free": "2045371219968"
            }
          },
          "sensitive_attributes": []
        }
      ]
    },
    {
      "mode": "data",
      "type": "vsphere_network",
      "name": "network",
      "provider": "provider[\"registry.terraform.io/hashicorp/vsphere\"]",
      "instances": [
        {
          "schema_version": 0,
          "attributes": {
            "datacenter_id": "datacenter-2",
            "distributed_virtual_switch_uuid": null,
            "filter": null,
            "id": "network-7665",
            "name": "Cyber-Server",
            "type": "Network"
          },
          "sensitive_attributes": []
        }
      ]
    },
    {
      "mode": "data",
      "type": "vsphere_resource_pool",
      "name": "pool_dats_tf_1",
      "provider": "provider[\"registry.terraform.io/hashicorp/vsphere\"]",
      "instances": [
        {
          "schema_version": 0,
          "attributes": {
            "datacenter_id": "datacenter-2",
            "id": "resgroup-21465",
            "name": "Veeam-DR-Test"
          },
          "sensitive_attributes": []
        }
      ]
    },
    {
      "mode": "data",
      "type": "vsphere_resource_pool",
      "name": "pool_dats_tf_2",
      "provider": "provider[\"registry.terraform.io/hashicorp/vsphere\"]",
      "instances": [
        {
          "schema_version": 0,
          "attributes": {
            "datacenter_id": "datacenter-2",
            "id": "resgroup-19185",
            "name": "DATS-TF-2"
          },
          "sensitive_attributes": []
        }
      ]
    },
    {
      "mode": "data",
      "type": "vsphere_resource_pool",
      "name": "pool_dats_tf_3",
      "provider": "provider[\"registry.terraform.io/hashicorp/vsphere\"]",
      "instances": [
        {
          "schema_version": 0,
          "attributes": {
            "datacenter_id": "datacenter-2",
            "id": "resgroup-19184",
            "name": "DATS-TF-3"
          },
          "sensitive_attributes": []
        }
      ]
    },
    {
      "mode": "data",
      "type": "vsphere_virtual_machine",
      "name": "template",
      "provider": "provider[\"registry.terraform.io/hashicorp/vsphere\"]",
      "instances": [
        {
          "schema_version": 0,
          "attributes": {
            "alternate_guest_name": "",
            "annotation": "",
            "boot_delay": 0,
            "boot_retry_delay": 10000,
            "boot_retry_enabled": false,
            "change_version": "2024-08-23T11:00:05.615195Z",
            "cpu_hot_add_enabled": false,
            "cpu_hot_remove_enabled": false,
            "cpu_limit": -1,
            "cpu_performance_counters_enabled": false,
            "cpu_reservation": 0,
            "cpu_share_count": 2000,
            "cpu_share_level": "normal",
            "datacenter_id": "datacenter-2",
            "default_ip_address": null,
            "disks": [
              {
                "eagerly_scrub": false,
                "label": "Hard disk 1",
                "size": 10,
                "thin_provisioned": true,
                "unit_number": 0
              }
            ],
            "efi_secure_boot_enabled": false,
            "enable_disk_uuid": false,
            "enable_logging": true,
            "ept_rvi_mode": "automatic",
            "extra_config": {},
            "extra_config_reboot_required": true,
            "firmware": "bios",
            "folder": null,
            "guest_id": "ubuntu64Guest",
            "guest_ip_addresses": [],
            "hardware_version": 10,
            "hv_mode": "hvAuto",
            "id": "420cf32e-d6dd-416d-e88a-1b90c7fff8dd",
            "ide_controller_scan_count": 2,
            "instance_uuid": "500c00d8-99b2-24cb-2d3e-5d3ca2bd3f5d",
            "latency_sensitivity": "normal",
            "memory": 1024,
            "memory_hot_add_enabled": false,
            "memory_limit": -1,
            "memory_reservation": 0,
            "memory_reservation_locked_to_max": false,
            "memory_share_count": 10240,
            "memory_share_level": "normal",
            "moid": "vm-19198",
            "name": "ubuntu-24.04-server-cloudimg-amd64",
            "nested_hv_enabled": false,
            "network_interface_types": [
              "vmxnet3"
            ],
            "network_interfaces": [
              {
                "adapter_type": "vmxnet3",
                "bandwidth_limit": -1,
                "bandwidth_reservation": 0,
                "bandwidth_share_count": 50,
                "bandwidth_share_level": "normal",
                "mac_address": "00:50:56:8c:fa:d8",
                "network_id": "network-16476",
                "physical_function": ""
              }
            ],
            "num_cores_per_socket": 1,
            "num_cpus": 2,
            "nvme_controller_scan_count": 1,
            "replace_trigger": null,
            "run_tools_scripts_after_power_on": true,
            "run_tools_scripts_after_resume": true,
            "run_tools_scripts_before_guest_reboot": false,
            "run_tools_scripts_before_guest_shutdown": true,
            "run_tools_scripts_before_guest_standby": true,
            "sata_controller_scan_count": 0,
            "scsi_bus_sharing": "noSharing",
            "scsi_controller_scan_count": 1,
            "scsi_type": "pvscsi",
            "storage_policy_id": null,
            "swap_placement_policy": "inherit",
            "sync_time_with_host": false,
            "sync_time_with_host_periodically": null,
            "tools_upgrade_policy": "manual",
            "uuid": "420cf32e-d6dd-416d-e88a-1b90c7fff8dd",
            "vapp": null,
            "vapp_transport": [
              "iso"
            ],
            "vbs_enabled": false,
            "vtpm": false,
            "vvtd_enabled": false
          },
          "sensitive_attributes": []
        }
      ]
    },
    {
      "mode": "managed",
      "type": "vsphere_virtual_machine",
      "name": "infra-lab-cicd-dev-rancher",
      "provider": "provider[\"registry.terraform.io/hashicorp/vsphere\"]",
      "instances": [
        {
          "schema_version": 3,
          "attributes": {
            "alternate_guest_name": "",
            "annotation": "",
            "boot_delay": 0,
            "boot_retry_delay": 10000,
            "boot_retry_enabled": false,
            "cdrom": [
              {
                "client_device": true,
                "datastore_id": "",
                "device_address": "ide:1:0",
                "key": 3002,
                "path": ""
              }
            ],
            "change_version": "2025-04-09T06:28:59.052062Z",
            "clone": [
              {
                "customization_spec": [],
                "customize": [],
                "linked_clone": false,
                "ovf_network_map": null,
                "ovf_storage_map": null,
                "template_uuid": "420cf32e-d6dd-416d-e88a-1b90c7fff8dd",
                "timeout": 30
              }
            ],
            "cpu_hot_add_enabled": false,
            "cpu_hot_remove_enabled": false,
            "cpu_limit": -1,
            "cpu_performance_counters_enabled": false,
            "cpu_reservation": 0,
            "cpu_share_count": 4000,
            "cpu_share_level": "normal",
            "custom_attributes": null,
            "datacenter_id": null,
            "datastore_cluster_id": null,
            "datastore_id": "datastore-1349",
            "default_ip_address": null,
            "disk": [
              {
                "attach": false,
                "controller_type": "scsi",
                "datastore_id": "datastore-1348",
                "device_address": "scsi:0:0",
                "disk_mode": "persistent",
                "disk_sharing": "sharingNone",
                "eagerly_scrub": false,
                "io_limit": -1,
                "io_reservation": 0,
                "io_share_count": 1000,
                "io_share_level": "normal",
                "keep_on_remove": false,
                "key": 2000,
                "label": "disk0",
                "path": "infra-lab-jenkins/infra-lab-jenkins.vmdk",
                "size": 50,
                "storage_policy_id": "",
                "thin_provisioned": true,
                "unit_number": 0,
                "uuid": "6000C292-dbfc-9f1f-3892-eaeb06af8f0b",
                "write_through": false
              }
            ],
            "efi_secure_boot_enabled": false,
            "enable_disk_uuid": false,
            "enable_logging": false,
            "ept_rvi_mode": "automatic",
            "extra_config": null,
            "extra_config_reboot_required": true,
            "firmware": "bios",
            "folder": "",
            "force_power_off": true,
            "guest_id": "ubuntu64Guest",
            "guest_ip_addresses": [],
            "hardware_version": 10,
            "host_system_id": "host-13512",
            "hv_mode": "hvAuto",
            "id": "420ca731-f426-7dc3-d156-be143fff7ebc",
            "ide_controller_count": 2,
            "ignored_guest_ips": null,
            "imported": null,
            "latency_sensitivity": "normal",
            "memory": 8192,
            "memory_hot_add_enabled": false,
            "memory_limit": -1,
            "memory_reservation": 0,
            "memory_reservation_locked_to_max": false,
            "memory_share_count": 81920,
            "memory_share_level": "normal",
            "migrate_wait_timeout": 30,
            "moid": "vm-21845",
            "name": "infra-lab-jenkins",
            "nested_hv_enabled": false,
            "network_interface": [
              {
                "adapter_type": "vmxnet3",
                "bandwidth_limit": -1,
                "bandwidth_reservation": 0,
                "bandwidth_share_count": 50,
                "bandwidth_share_level": "normal",
                "device_address": "pci:0:7",
                "key": 4000,
                "mac_address": "00:50:56:8c:23:d4",
                "network_id": "network-7665",
                "ovf_mapping": "",
                "physical_function": "",
                "use_static_mac": false
              }
            ],
            "num_cores_per_socket": 1,
            "num_cpus": 4,
            "nvme_controller_count": 0,
            "ovf_deploy": [],
            "pci_device_id": null,
            "power_state": "on",
            "poweron_timeout": 300,
            "reboot_required": false,
            "replace_trigger": null,
            "resource_pool_id": "resgroup-21465",
            "run_tools_scripts_after_power_on": true,
            "run_tools_scripts_after_resume": true,
            "run_tools_scripts_before_guest_reboot": false,
            "run_tools_scripts_before_guest_shutdown": true,
            "run_tools_scripts_before_guest_standby": true,
            "sata_controller_count": 0,
            "scsi_bus_sharing": "noSharing",
            "scsi_controller_count": 1,
            "scsi_type": "pvscsi",
            "shutdown_wait_timeout": 3,
            "storage_policy_id": "",
            "swap_placement_policy": "inherit",
            "sync_time_with_host": true,
            "sync_time_with_host_periodically": null,
            "tags": null,
            "tools_upgrade_policy": "manual",
            "uuid": "420ca731-f426-7dc3-d156-be143fff7ebc",
            "vapp": [
              {
                "properties": {
                  "user-data": "I2Nsb3VkLWNvbmZpZwpwYWNrYWdlX3VwZGF0ZTogdHJ1ZQpwYWNrYWdlX3VwZ3JhZGU6IHRydWUKCnVzZXJzOgogIC0gbmFtZTogYWRtaW5pc3RyYXRvcgogICAgZ2Vjb3M6IEFkbWluaXN0cmF0b3IgVXNlcgogICAgc3VkbzogQUxMPShBTEwpIE5PUEFTU1dEOkFMTAogICAgZ3JvdXBzOiB1c2VycywgYWRtaW4KICAgIGhvbWU6IC9ob21lL2FkbWluaXN0cmF0b3IKICAgIHNoZWxsOiAvYmluL2Jhc2gKICAgIGxvY2tfcGFzc3dkOiBmYWxzZQogICAgcGFzc3dkOiAiJDYkR2FwMUJ4TVFpT05wTi9WeCRHbWdCY1hUUGJuZ2FDdlpiNzRpZmY5NFpLVGQ4OXFINDFZWkRGM2JSNmlYMHJmU2ZQZXJEcHV1SGQuYUk5YWVBbFZWNVZrd1FZV3hrazBJWFlnc0hzMSIKICAgIHNzaF9hdXRob3JpemVkX2tleXM6CiAgICAgIC0gc3NoLXJzYSBBQUFBQjNOemFDMXljMkVBQUFBREFRQUJBQUFDQVFDcTk1eVNzTGcrUTBOUGtTWlhlWnBHNE5DdjdSd1I5eXJMUW93MSsvTXgwa0Z0TkpObHdsUkNzRVozaU90OFYyNktLeFM0ei9UbEVZTVNkaDRXSk5OZGt0U3psbk9ObURGUSt6QXpRQ0poK2JYZEUvcnhuTjlZNWxPdEZpeDJ4eDR2WFNTZGJVeGltYWQ5YXhMQ2RRTGNqaEN2aW1HMCtQblNDcy9ZbkpUN3QvNUxCWGQzbDZ1SmI1NUtWYjVjbE0waXhvSU0zYUZUUUQ3dWNram0vRk80REVtK28rZDdSalF6MGN4ZG1JT2ZyMGRacDJRczljcUwvbXVTUzNTMGFnMmpFVCtCV3JIMTJPVWF0Y0RUVGtFQ2xNU0pmaCtYSkp0R0c3WHJ0eWNpMmZxeW1NbVo3Zi9OS3Y2MzcxRzA4VmFHekRPSFhZN1BwdzkvdUo3UXN6aFRSVmRIYzlJMGZTNzdzTTZWV3h5UWNKQ1Y4d1h3dmkrOGxTeVJnYm5JbithWEJ5b0hrRk9jOEpBMWt0M21hOWhNT280L01aU05lL1A2RXFFOVBZb1MrajJwU2FIS1FmUUxYeVhkbzZRTDROZkM0VTlkdnRHMFl0bXN6cnRwVnRZS0tIaEdTWitTa1dRRHJ0dld3TVRzOUJPall5OS9rS1YyNDAxWDEzSjhMM0ZjMDJYT2FHdWR5RTRZZVoxdzFTMVRWZlppVHFvMjhYYVl1SjJvL1psTTlRc2NzY1YzQ1BEdHhJdzBtVTB2RVJzSVhHeElFa0lxSHBEVnZUSkE1ZjE3V1Ywam1SWGxiN1RGMURRV0pxTDZsazRkZTVwN3Q3bGtzdEV4V2gweEZKcE1wVC9JbnFBWWVPdWJJakVzSU5Vd2QrakdibVdOZTVwYWtvZFlpcEJySHc9PSByb290QGluZnJhLWxhYi1wcm92aXNpb25lcgogICAgICAtIHNzaC1yc2EgQUFBQUIzTnphQzF5YzJFQUFBQURBUUFCQUFBQmdRRFBjZTA5MFk4VGRXay8wd09HNFN2UXBBa2lteG1GVUZmdFRQVytOek5GY3FmQk5NZEVsZ3lmODFScUJLcUtuU2JjNENhNTZacWMzR3ZWaGhOOHRwZWdFdnFocXB2UGdQcjhPMkttbE1jRnUrcnJ1V2kzaFh5SVZKZDVLQk1qZm9rR011UjNJWTBXWUhuYlBiNXhscVpLQVA1dFd6cWxUNVdwcitwUlVHM2FpYTVuTEh4ZzZxU1FyeEtBTXpYdDdTMnI4dXpPMXhIemhzc0IwSkR3MFhtaDJQK1BrNzlHdllzWGg2dzRyNDZlVVR0MXFPZUFUVnVlbm5USDR0V0d5RVlwQldKbWQvVUs0Wm1WOGNlcGtoczUzcmhZSHc1RG1Va2dmZ3lYOUIxc2Y3Ti82dUhPWWNma05JNWl1c00yeVlOU1l4ZXlzT282cFhPa2dtQXllUHdsVHV2Q0hEZ0V4dklCL0t1QTIrLzBFSndHdFBxYTRweU1OZlgwbmYvMnRIR0ZKRGRFQmZvZ1g2bGlZak90SWJ2VkhSUVZ5YnQ1SlpCVmt6R0lTVThWMlhKRVM3V1RMMEJaZWFtYlQ4K0xvVlhoNDg3emd5M3NPNUlzVXVCMjRXS3NKbjZ2Rndnc0RMU3JRQ2d0ZjBmc3QwcVBHRm9XK1RHSVo4dlk2M29QNUxFPSBydmNvbm5leFx0aGF3YXRjaGFpLnNAREFULVRXQ1MKICAKc3NoX3B3YXV0aDogdHJ1ZQpjaHBhc3N3ZDoKICBleHBpcmU6IGZhbHNlCgpob3N0bmFtZTogaW5mcmEtbGFiLWplbmtpbnMKbWFuYWdlX2V0Y19ob3N0czogdHJ1ZQoKd3JpdGVfZmlsZXM6Ci0gcGF0aDogL2V0Yy9uZXRwbGFuLzUwLWNsb3VkLWluaXQueWFtbAogIGNvbnRlbnQ6IHwKICAgIG5ldHdvcms6CiAgICAgIHZlcnNpb246IDIKICAgICAgZXRoZXJuZXRzOgogICAgICAgIGVuczE5MjoKICAgICAgICAgIGRoY3A0OiBubwogICAgICAgICAgYWRkcmVzc2VzOgogICAgICAgICAgICAtIDE3Mi4yNy4xMC45NC8yNAogICAgICAgICAgZ2F0ZXdheTQ6IDE3Mi4yNy4xMC4yNTQKICAgICAgICAgIG5hbWVzZXJ2ZXJzOgogICAgICAgICAgICBhZGRyZXNzZXM6IFsxOTIuMTY4LjE0MC4yNTEsIDguOC44LjhdCgpwYWNrYWdlczoKLSBkb2NrZXIuaW8KLSBjdXJsCgpydW5jbWQ6Ci0gbmV0cGxhbiBhcHBseQotIGFwdC1nZXQgdXBkYXRlCi0gYXB0LWdldCBpbnN0YWxsIC15IGRvY2tlci5pbwotIGN1cmwgLUwgImh0dHBzOi8vZ2l0aHViLmNvbS9kb2NrZXIvY29tcG9zZS9yZWxlYXNlcy9kb3dubG9hZC92Mi4yOS4xL2RvY2tlci1jb21wb3NlLSQodW5hbWUgLXMpLSQodW5hbWUgLW0pIiAtbyAvdXNyL2xvY2FsL2Jpbi9kb2NrZXItY29tcG9zZQotIGNobW9kICt4IC91c3IvbG9jYWwvYmluL2RvY2tlci1jb21wb3NlCi0gdXNlcm1vZCAtYUcgZG9ja2VyICRVU0VSCi0gbG4gLXMgL3Vzci9sb2NhbC9iaW4vZG9ja2VyLWNvbXBvc2UgL3Vzci9iaW4vZG9ja2VyLWNvbXBvc2UKLSBzeXN0ZW1jdGwgc3RhcnQgZG9ja2VyLnNlcnZpY2UKLSBzeXN0ZW1jdGwgZW5hYmxlIGRvY2tlci5zZXJ2aWNlCi0gc3lzdGVtY3RsIGVuYWJsZSBjb250YWluZXJkLnNlcnZpY2U="
                }
              }
            ],
            "vapp_transport": [
              "iso"
            ],
            "vbs_enabled": false,
            "vmware_tools_status": "guestToolsNotRunning",
            "vmx_path": "infra-lab-jenkins/infra-lab-jenkins.vmx",
            "vtpm": [],
            "vvtd_enabled": false,
            "wait_for_guest_ip_timeout": 0,
            "wait_for_guest_net_routable": true,
            "wait_for_guest_net_timeout": 0
          },
          "sensitive_attributes": [],
          "private": "eyJzY2hlbWFfdmVyc2lvbiI6IjMifQ==",
          "dependencies": [
            "data.vsphere_datacenter.dc",
            "data.vsphere_datastore.datastore_lun01",
            "data.vsphere_network.network",
            "data.vsphere_resource_pool.pool_dats_tf_1",
            "data.vsphere_virtual_machine.template"
          ]
        }
      ]
    }
  ],
  "check_results": null
}
