{
  "version": 4,
  "terraform_version": "1.11.3",
  "serial": 12,
  "lineage": "5adca3bf-3118-a17f-c961-feef28682e87",
  "outputs": {},
  "resources": [
    {
      "mode": "data",
      "type": "vsphere_datacenter",
      "name": "dc",
      "provider": "provider[\"registry.terraform.io/hashicorp/vsphere\"]",
      "instances": [
        {
          "schema_version": 0,
          "attributes": {
            "id": "datacenter-2",
            "name": "Datacenter",
            "virtual_machines": [
              "01-Smart-M Enterprise Core",
              "02-Smart-M Device adapters - Milestone",
              "03-Smart-M MSSQL",
              "04-Smart-M Valerian M01",
              "05-Smart-M Valerian M02",
              "06-Smart-M Valerian M03",
              "07-Smart-M Valerian C01",
              "08-Smart-M Valerian C02",
              "09-Smart-M Valerian C03",
              "10-Smart-M Valkyrie",
              "10-Smart-M Valkyrie_Clone",
              "11-Report Server",
              "12-Smart-M-AD",
              "13-FTP Server",
              "14-Smart-M DNS and AD",
              "15-Hikvision",
              "15-Smart-M Valkyrie02",
              "16-Senstar",
              "17-Gallagher",
              "Attacker-spectre-211",
              "CentOS 7 64-bit",
              "CentOS8_Master",
              "ClientWFT1_PG1",
              "Client_1",
              "Client_10",
              "Client_2",
              "Client_3",
              "Client_4",
              "Client_5",
              "Client_6",
              "Client_7",
              "Client_8",
              "Client_9",
              "Conceptus-Server",
              "Coordinate01",
              "Cy Demo MDR (03)",
              "Cy-CLI01",
              "Cy-CLI02",
              "Cy-CLI03",
              "Cy-CLI04",
              "Cy-CLI05",
              "Cy-CLI06",
              "Cy-CLI07",
              "Cy-Fraud-Cassandra-1",
              "Cy-Fraud-Cassandra-2",
              "Cy-Kali",
              "Cy-OpXDR",
              "Cy-Opensearch",
              "Cy-Phish (Gene Cyber)",
              "Cy-Phish02 (Gene Cyber)",
              "Cy-dfm",
              "Cy-soc-01",
              "Cy-soc-02",
              "Cy-tip-minio-0",
              "Cy-tip-nfs",
              "Cy_Swimlane_Dev",
              "DLPePO",
              "Datanode01",
              "Datanode02",
              "ELK (.20.161)",
              "Firewall-NAT",
              "FreeNAS",
              "GS10-Master-IOT",
              "GS10-Master-IOT2",
              "Gate Scanner Mail BE",
              "Gate Scanner Mail FE",
              "Gate Scanner Mail SQL",
              "Gate Scanner Mail Server",
              "GitHub (20.152)",
              "Ingest01",
              "Ingest02",
              "Kali2020-3",
              "MISP-20.199",
              "MSSQL01",
              "MSSQL02",
              "MSSQL03",
              "MSSQL04",
              "MSSQL05",
              "Master Metasploit pro",
              "Master Nessus",
              "Master Oracle Weblogic",
              "Master Splunk Forwarder",
              "Master Splunk Indexer",
              "OPNsense [v20.1]",
              "Proxy-Server-1",
              "Proxy-Server-2",
              "RTA-CSOC-Router",
              "RTA-POC-Center-ELK (Wait for delete confirmation)",
              "RTA-POC-Client1 (Wait for delete confirmation)",
              "RTA-POC-Client2 (Wait for delete confirmation)",
              "RTA-POC-ELK (Wait for delete confirmation)",
              "RTA-POC-FortiGate (Wait for delete confirmation)",
              "RTA-POC-MISP (Wait for delete confirmation)",
              "RTA-POC-SOCAgent1 (Wait for delete confirmation)",
              "RTA-POC-SOCAgent2 (Wait for delete confirmation)",
              "SW-Remote",
              "Smart-M Valerian Client",
              "Smart-M Valerian Client-EGAT",
              "Smart-M Valerian Master",
              "Smart-M Valerian Master-EGAT",
              "Smart-M Valkyrie-EGAT",
              "Splunk Forwarder",
              "Splunk Indexer",
              "Splunk_Ubuntu20",
              "Splunk_backup",
              "Splunk_es",
              "SyslogWFT1_PG2-(20.18)",
              "Test Lunux-001",
              "Test Lunux-002",
              "Tor proxy",
              "Trellix_ESM_RTN_Demo",
              "Ubuntu 18.4",
              "Ubuntu 64-bit",
              "Ubuntu 64-bit Server GUI",
              "Ubuntu Desktop x64",
              "Ubuntu22.04-Swimlane-POC-1",
              "Ubuntu22.04-Test",
              "Ubuntu22.04-Test_restored",
              "VBR-DC",
              "VRO-DR",
              "Veeam-Backup-Proxy-DR",
              "Veeam-Proxy-CDP-DC",
              "W10-MerRemote",
              "W10-MerRemote02",
              "W10-MerRemote03",
              "Windows Server 2008_r2",
              "Windows7-spectre",
              "Wolf_Tail_Server (20.160)",
              "Wolftail-Server-20.200",
              "[AW] - APP-AD-Lair-105.252",
              "[AW] - APP-Lair-2TB-105.253",
              "[AW] - AW-DC-01-0.201",
              "[AW] - CentOS-Conceptus-0.11",
              "[AW] - windows-Conceptus-0.211",
              "[CO] NextCloud",
              "[CO] VMware vCenter Server",
              "[CO] Windows Server 2012R2 - Master",
              "[CO] Windows Server 2012R2 - Slave",
              "[CSOC] FreeNAS_B",
              "[Dark Web] Centos8.1905 Crawler-img (.181)",
              "[Dark Web] Hadoop-Master (190)",
              "[Dark Web] Hadoop-Node1 (191)",
              "[Dark Web] Hadoop-Node2 (192)",
              "[Dark Web] Hadoop-Node3 (193)",
              "[Dark Web] Hadoop-Node4 (194)",
              "[Dark Web] Hadoop-Node5 (195)",
              "[Dark Web] NATS Server 01 (.156)",
              "[Dark Web] NATS Server 02 (.157)",
              "[Dark Web] NATS Server 03 (.158)",
              "[Dark Web] Onion DB (.152)",
              "[Dark Web] Onion Generator V2 (.160)",
              "[Dark Web] Onion Generator V2 (.161)",
              "[Dark Web] Onion Generator V2 (.162)",
              "[Dark Web] Onion Generator V2 (.163)",
              "[Dark Web] Onion Generator V2 (.164)",
              "[Dark Web] Onion Generator V3 (.165)",
              "[Dark Web] Onion Generator V3 (.166)",
              "[Dark Web] Onion Generator V3 (.167)",
              "[Dark Web] Onion Generator V3 (.168)",
              "[Dark Web] Onion Generator V3 (.169)",
              "[Dark Web] SQL Server 2016 (.153)",
              "[Dark Web] Temp DB (.151)",
              "[Dark Web] Torproxy Master (.170)",
              "[Dark Web] Torproxy Node1 (.171)",
              "[Dark Web] Torproxy Node2 (.172)",
              "[Dark Web] Torproxy Node3 (.173)",
              "[Dark Web] Torproxy Node4 (.174)",
              "[Demo] McAfee NSM_B",
              "[Demo] McAfee SIEM_B",
              "[Firewall] OPNsense_B",
              "[HTG] Kali Agent",
              "[HTG] Windows Agent",
              "[LaoCERT] - ConceptusWS-0.99",
              "agartha-cm-sit-24-temp",
              "centos8(grok)",
              "cy-elk",
              "cy-etcd",
              "cy-k8s-master",
              "cy-ks-master-1",
              "cy-ks-master-2",
              "cy-ks-master-3",
              "cy-ks-node-1",
              "cy-ks-node-2",
              "cy-mssp-cli-demo",
              "cy-mssp-srv-demo",
              "cy-provisioning-tool",
              "cy-swimlane-quickstart",
              "cy-template-type-1",
              "cy-template-type-2",
              "cy-template-type-3",
              "cy-template-type-4",
              "cy-template-type-5",
              "cy-template-type-6",
              "cy-tip-k8s-worker",
              "cy-tip-kuber-dev",
              "cy-tip-minio-prod",
              "cy-tip-nfs-prod",
              "cy-tip-node-1",
              "cy-tip-node-2",
              "cy-tip-node-3",
              "cy-tip-rancher-prod",
              "cy-tip-rancher-prod-master-1",
              "cy-tip-rancher-prod-master-2",
              "cy-tip-rancher-prod-master-3",
              "cy-tip-rancher-prod-node-1",
              "cy-tip-rancher-prod-node-2",
              "cy-tip-rancher-prod-node-3",
              "cy-tip-rancher-prod-node-4",
              "d2s-alfresco",
              "d2s-elk-rancher-test-master-1",
              "d2s-elk-rancher-test-node-1",
              "d2s-elk-rancher-test-node-2",
              "d2s-elk-rancher-test-node-3",
              "d2s-elk-rancher-test-node-4",
              "d2s-server-backup",
              "d2s-spider-MiniO",
              "d2s-spider-Ubuntu22.04-Swimlane-Dev-1",
              "d2s-spider-Ubuntu22.04-Swimlane-Test",
              "d2s-spider-external-lb-dev",
              "d2s-spider-external-lb-test",
              "d2s-spider-external-mongodb",
              "d2s-wolftail-database-dev",
              "demo-nhealth",
              "dotProject (Master)",
              "kali (55.4)",
              "master01",
              "master02",
              "master03",
              "mssp-report-dev",
              "pfSenseWFT1_Bridge",
              "pfSenseWFT1_GW",
              "poc-ex-cts",
              "poc-ex-med",
              "proxy1-5-51",
              "proxy2-5-52",
              "proxy3-5-53",
              "server",
              "ssss",
              "sw-dev-dr",
              "sw-ubuntu24",
              "template-mssp-test-dev",
              "test-api-centos",
              "ubuntu-24.04-server-cloudimg-amd64",
              "ubuntu-jammy-22.04-cloudimg",
              "ubuntu-misp",
              "web-5-20",
              "web-login-210",
              "windows 10 (55.3)",
              "windows-2016"
            ]
          },
          "sensitive_attributes": []
        }
      ]
    },
    {
      "mode": "data",
      "type": "vsphere_datastore",
      "name": "datastore_lun01",
      "provider": "provider[\"registry.terraform.io/hashicorp/vsphere\"]",
      "instances": [
        {
          "schema_version": 0,
          "attributes": {
            "datacenter_id": "datacenter-2",
            "id": "datastore-1348",
            "name": "LUN01",
            "stats": {
              "capacity": "13193871097856",
              "free": "2551212670976"
            }
          },
          "sensitive_attributes": []
        }
      ]
    },
    {
      "mode": "data",
      "type": "vsphere_datastore",
      "name": "datastore_lun02",
      "provider": "provider[\"registry.terraform.io/hashicorp/vsphere\"]",
      "instances": [
        {
          "schema_version": 0,
          "attributes": {
            "datacenter_id": "datacenter-2",
            "id": "datastore-1349",
            "name": "LUN02",
            "stats": {
              "capacity": "13193871097856",
              "free": "2692361486336"
            }
          },
          "sensitive_attributes": []
        }
      ]
    },
    {
      "mode": "data",
      "type": "vsphere_datastore",
      "name": "datastore_lun03",
      "provider": "provider[\"registry.terraform.io/hashicorp/vsphere\"]",
      "instances": [
        {
          "schema_version": 0,
          "attributes": {
            "datacenter_id": "datacenter-2",
            "id": "datastore-1350",
            "name": "LUN03",
            "stats": {
              "capacity": "13202192596992",
              "free": "1097638871040"
            }
          },
          "sensitive_attributes": []
        }
      ]
    },
    {
      "mode": "data",
      "type": "vsphere_network",
      "name": "network",
      "provider": "provider[\"registry.terraform.io/hashicorp/vsphere\"]",
      "instances": [
        {
          "schema_version": 0,
          "attributes": {
            "datacenter_id": "datacenter-2",
            "distributed_virtual_switch_uuid": null,
            "filter": null,
            "id": "network-7665",
            "name": "Cyber-Server",
            "type": "Network"
          },
          "sensitive_attributes": []
        }
      ]
    },
    {
      "mode": "data",
      "type": "vsphere_resource_pool",
      "name": "pool_dats_tf_1",
      "provider": "provider[\"registry.terraform.io/hashicorp/vsphere\"]",
      "instances": [
        {
          "schema_version": 0,
          "attributes": {
            "datacenter_id": "datacenter-2",
            "id": "resgroup-22009",
            "name": "Infra-lab"
          },
          "sensitive_attributes": []
        }
      ]
    },
    {
      "mode": "data",
      "type": "vsphere_resource_pool",
      "name": "pool_dats_tf_2",
      "provider": "provider[\"registry.terraform.io/hashicorp/vsphere\"]",
      "instances": [
        {
          "schema_version": 0,
          "attributes": {
            "datacenter_id": "datacenter-2",
            "id": "resgroup-19185",
            "name": "DATS-TF-2"
          },
          "sensitive_attributes": []
        }
      ]
    },
    {
      "mode": "data",
      "type": "vsphere_resource_pool",
      "name": "pool_dats_tf_3",
      "provider": "provider[\"registry.terraform.io/hashicorp/vsphere\"]",
      "instances": [
        {
          "schema_version": 0,
          "attributes": {
            "datacenter_id": "datacenter-2",
            "id": "resgroup-19184",
            "name": "DATS-TF-3"
          },
          "sensitive_attributes": []
        }
      ]
    },
    {
      "mode": "data",
      "type": "vsphere_virtual_machine",
      "name": "template",
      "provider": "provider[\"registry.terraform.io/hashicorp/vsphere\"]",
      "instances": [
        {
          "schema_version": 0,
          "attributes": {
            "alternate_guest_name": "",
            "annotation": "",
            "boot_delay": 0,
            "boot_retry_delay": 10000,
            "boot_retry_enabled": false,
            "change_version": "2024-08-23T11:00:05.615195Z",
            "cpu_hot_add_enabled": false,
            "cpu_hot_remove_enabled": false,
            "cpu_limit": -1,
            "cpu_performance_counters_enabled": false,
            "cpu_reservation": 0,
            "cpu_share_count": 2000,
            "cpu_share_level": "normal",
            "datacenter_id": "datacenter-2",
            "default_ip_address": null,
            "disks": [
              {
                "eagerly_scrub": false,
                "label": "Hard disk 1",
                "size": 10,
                "thin_provisioned": true,
                "unit_number": 0
              }
            ],
            "efi_secure_boot_enabled": false,
            "enable_disk_uuid": false,
            "enable_logging": true,
            "ept_rvi_mode": "automatic",
            "extra_config": {},
            "extra_config_reboot_required": true,
            "firmware": "bios",
            "folder": null,
            "guest_id": "ubuntu64Guest",
            "guest_ip_addresses": [],
            "hardware_version": 10,
            "hv_mode": "hvAuto",
            "id": "420cf32e-d6dd-416d-e88a-1b90c7fff8dd",
            "ide_controller_scan_count": 2,
            "instance_uuid": "500c00d8-99b2-24cb-2d3e-5d3ca2bd3f5d",
            "latency_sensitivity": "normal",
            "memory": 1024,
            "memory_hot_add_enabled": false,
            "memory_limit": -1,
            "memory_reservation": 0,
            "memory_reservation_locked_to_max": false,
            "memory_share_count": 10240,
            "memory_share_level": "normal",
            "moid": "vm-19198",
            "name": "ubuntu-24.04-server-cloudimg-amd64",
            "nested_hv_enabled": false,
            "network_interface_types": [
              "vmxnet3"
            ],
            "network_interfaces": [
              {
                "adapter_type": "vmxnet3",
                "bandwidth_limit": -1,
                "bandwidth_reservation": 0,
                "bandwidth_share_count": 50,
                "bandwidth_share_level": "normal",
                "mac_address": "00:50:56:8c:fa:d8",
                "network_id": "network-16476",
                "physical_function": ""
              }
            ],
            "num_cores_per_socket": 1,
            "num_cpus": 2,
            "nvme_controller_scan_count": 1,
            "replace_trigger": null,
            "run_tools_scripts_after_power_on": true,
            "run_tools_scripts_after_resume": true,
            "run_tools_scripts_before_guest_reboot": false,
            "run_tools_scripts_before_guest_shutdown": true,
            "run_tools_scripts_before_guest_standby": true,
            "sata_controller_scan_count": 0,
            "scsi_bus_sharing": "noSharing",
            "scsi_controller_scan_count": 1,
            "scsi_type": "pvscsi",
            "storage_policy_id": null,
            "swap_placement_policy": "inherit",
            "sync_time_with_host": false,
            "sync_time_with_host_periodically": null,
            "tools_upgrade_policy": "manual",
            "uuid": "420cf32e-d6dd-416d-e88a-1b90c7fff8dd",
            "vapp": null,
            "vapp_transport": [
              "iso"
            ],
            "vbs_enabled": false,
            "vtpm": false,
            "vvtd_enabled": false
          },
          "sensitive_attributes": []
        }
      ]
    },
    {
      "mode": "managed",
      "type": "vsphere_virtual_machine",
      "name": "infra-lab-cicd-dev-master",
      "provider": "provider[\"registry.terraform.io/hashicorp/vsphere\"]",
      "instances": [
        {
          "index_key": 0,
          "schema_version": 3,
          "attributes": {
            "alternate_guest_name": "",
            "annotation": "",
            "boot_delay": 0,
            "boot_retry_delay": 10000,
            "boot_retry_enabled": false,
            "cdrom": [
              {
                "client_device": true,
                "datastore_id": "",
                "device_address": "ide:1:0",
                "key": 3002,
                "path": ""
              }
            ],
            "change_version": "2025-10-17T09:23:29.112925Z",
            "clone": [
              {
                "customization_spec": [],
                "customize": [],
                "linked_clone": false,
                "ovf_network_map": null,
                "ovf_storage_map": null,
                "template_uuid": "420cf32e-d6dd-416d-e88a-1b90c7fff8dd",
                "timeout": 30
              }
            ],
            "cpu_hot_add_enabled": false,
            "cpu_hot_remove_enabled": false,
            "cpu_limit": -1,
            "cpu_performance_counters_enabled": false,
            "cpu_reservation": 0,
            "cpu_share_count": 8000,
            "cpu_share_level": "normal",
            "custom_attributes": null,
            "datacenter_id": null,
            "datastore_cluster_id": null,
            "datastore_id": "datastore-1349",
            "default_ip_address": null,
            "disk": [
              {
                "attach": false,
                "controller_type": "scsi",
                "datastore_id": "datastore-1348",
                "device_address": "scsi:0:0",
                "disk_mode": "persistent",
                "disk_sharing": "sharingNone",
                "eagerly_scrub": false,
                "io_limit": -1,
                "io_reservation": 0,
                "io_share_count": 1000,
                "io_share_level": "normal",
                "keep_on_remove": false,
                "key": 2000,
                "label": "disk0",
                "path": "infra-lab-monitor-master-1/infra-lab-monitor-master-1.vmdk",
                "size": 100,
                "storage_policy_id": "",
                "thin_provisioned": true,
                "unit_number": 0,
                "uuid": "6000C29c-d834-ec47-d70c-8cd452d88ee8",
                "write_through": false
              }
            ],
            "efi_secure_boot_enabled": false,
            "enable_disk_uuid": false,
            "enable_logging": false,
            "ept_rvi_mode": "automatic",
            "extra_config": null,
            "extra_config_reboot_required": true,
            "firmware": "bios",
            "folder": "",
            "force_power_off": true,
            "guest_id": "ubuntu64Guest",
            "guest_ip_addresses": [],
            "hardware_version": 10,
            "host_system_id": "host-13512",
            "hv_mode": "hvAuto",
            "id": "420cdbcb-5ce8-c00f-a255-0a86cb576f03",
            "ide_controller_count": 2,
            "ignored_guest_ips": null,
            "imported": null,
            "latency_sensitivity": "normal",
            "memory": 8192,
            "memory_hot_add_enabled": false,
            "memory_limit": -1,
            "memory_reservation": 0,
            "memory_reservation_locked_to_max": false,
            "memory_share_count": 81920,
            "memory_share_level": "normal",
            "migrate_wait_timeout": 30,
            "moid": "vm-22014",
            "name": "infra-lab-monitor-master-1",
            "nested_hv_enabled": false,
            "network_interface": [
              {
                "adapter_type": "vmxnet3",
                "bandwidth_limit": -1,
                "bandwidth_reservation": 0,
                "bandwidth_share_count": 50,
                "bandwidth_share_level": "normal",
                "device_address": "pci:0:7",
                "key": 4000,
                "mac_address": "00:50:56:8c:85:7c",
                "network_id": "network-7665",
                "ovf_mapping": "",
                "physical_function": "",
                "use_static_mac": false
              }
            ],
            "num_cores_per_socket": 1,
            "num_cpus": 8,
            "nvme_controller_count": 0,
            "ovf_deploy": [],
            "pci_device_id": null,
            "power_state": "on",
            "poweron_timeout": 300,
            "reboot_required": false,
            "replace_trigger": null,
            "resource_pool_id": "resgroup-22009",
            "run_tools_scripts_after_power_on": true,
            "run_tools_scripts_after_resume": true,
            "run_tools_scripts_before_guest_reboot": false,
            "run_tools_scripts_before_guest_shutdown": true,
            "run_tools_scripts_before_guest_standby": true,
            "sata_controller_count": 0,
            "scsi_bus_sharing": "noSharing",
            "scsi_controller_count": 1,
            "scsi_type": "pvscsi",
            "shutdown_wait_timeout": 3,
            "storage_policy_id": "",
            "swap_placement_policy": "inherit",
            "sync_time_with_host": true,
            "sync_time_with_host_periodically": null,
            "tags": null,
            "tools_upgrade_policy": "manual",
            "uuid": "420cdbcb-5ce8-c00f-a255-0a86cb576f03",
            "vapp": [
              {
                "properties": {
                  "user-data": "I2Nsb3VkLWNvbmZpZwpwYWNrYWdlX3VwZGF0ZTogdHJ1ZQpwYWNrYWdlX3VwZ3JhZGU6IHRydWUKCnVzZXJzOgogIC0gbmFtZTogYWRtaW5pc3RyYXRvcgogICAgZ2Vjb3M6IEFkbWluaXN0cmF0b3IgVXNlcgogICAgc3VkbzogQUxMPShBTEwpIE5PUEFTU1dEOkFMTAogICAgZ3JvdXBzOiB1c2VycywgYWRtaW4KICAgIGhvbWU6IC9ob21lL2FkbWluaXN0cmF0b3IKICAgIHNoZWxsOiAvYmluL2Jhc2gKICAgIGxvY2tfcGFzc3dkOiBmYWxzZQogICAgcGFzc3dkOiAiJDYkR2FwMUJ4TVFpT05wTi9WeCRHbWdCY1hUUGJuZ2FDdlpiNzRpZmY5NFpLVGQ4OXFINDFZWkRGM2JSNmlYMHJmU2ZQZXJEcHV1SGQuYUk5YWVBbFZWNVZrd1FZV3hrazBJWFlnc0hzMSIKICAgIHNzaF9hdXRob3JpemVkX2tleXM6CiAgICAgIC0gc3NoLXJzYSBBQUFBQjNOemFDMXljMkVBQUFBREFRQUJBQUFDQVFDcTk1eVNzTGcrUTBOUGtTWlhlWnBHNE5DdjdSd1I5eXJMUW93MSsvTXgwa0Z0TkpObHdsUkNzRVozaU90OFYyNktLeFM0ei9UbEVZTVNkaDRXSk5OZGt0U3psbk9ObURGUSt6QXpRQ0poK2JYZEUvcnhuTjlZNWxPdEZpeDJ4eDR2WFNTZGJVeGltYWQ5YXhMQ2RRTGNqaEN2aW1HMCtQblNDcy9ZbkpUN3QvNUxCWGQzbDZ1SmI1NUtWYjVjbE0waXhvSU0zYUZUUUQ3dWNram0vRk80REVtK28rZDdSalF6MGN4ZG1JT2ZyMGRacDJRczljcUwvbXVTUzNTMGFnMmpFVCtCV3JIMTJPVWF0Y0RUVGtFQ2xNU0pmaCtYSkp0R0c3WHJ0eWNpMmZxeW1NbVo3Zi9OS3Y2MzcxRzA4VmFHekRPSFhZN1BwdzkvdUo3UXN6aFRSVmRIYzlJMGZTNzdzTTZWV3h5UWNKQ1Y4d1h3dmkrOGxTeVJnYm5JbithWEJ5b0hrRk9jOEpBMWt0M21hOWhNT280L01aU05lL1A2RXFFOVBZb1MrajJwU2FIS1FmUUxYeVhkbzZRTDROZkM0VTlkdnRHMFl0bXN6cnRwVnRZS0tIaEdTWitTa1dRRHJ0dld3TVRzOUJPall5OS9rS1YyNDAxWDEzSjhMM0ZjMDJYT2FHdWR5RTRZZVoxdzFTMVRWZlppVHFvMjhYYVl1SjJvL1psTTlRc2NzY1YzQ1BEdHhJdzBtVTB2RVJzSVhHeElFa0lxSHBEVnZUSkE1ZjE3V1Ywam1SWGxiN1RGMURRV0pxTDZsazRkZTVwN3Q3bGtzdEV4V2gweEZKcE1wVC9JbnFBWWVPdWJJakVzSU5Vd2QrakdibVdOZTVwYWtvZFlpcEJySHc9PSByb290QGluZnJhLWxhYi1wcm92aXNpb25lcgogICAgICAtIHNzaC1yc2EgQUFBQUIzTnphQzF5YzJFQUFBQURBUUFCQUFBQmdRRGNFOEpKVUU1Z292dDErUWNxc3FBckhBRTVPZW5qYU1TdnIwNEFtZ0o4RFNyS2cxQko0N1VaTHNUZmFjV25lNU43RkZCUEg2UjhHUXJtZU1Rd3VzNklabzhXdFJsLzJ0YzZoSUNzZ1pHL2k3Y1BGZkdOQitMNDRnVnU2RGJzRmlUelNrOU11NjdWenREVzk3ZmVTdzcwd3VwMGlQSHAzdG9aWjVSU25ZUFRyU2xZR2V6TXA0cDMyQ2JIdU83blpDbEQ0UmlZK1FRVmNrb3kwdHRqa2tFY0VWaFp1Y0xpWWtzb1NwQWV6eXIvRHhBYTc2N1dZNXRvNEd1N3hrWU1CM1pVckFCUXcxQVY5T2YzS3QwOE5NUU9kaThnY0FEQ2M2dW5uSWJWV1FiYUJwTUhPWFJydGVmblRLa3dRN0xqRGRrUzN4c1RJY25rRmZ4dTRLZmRoNEhENEFJa2xBMlcxVzVGaEk4c0Q4U2Fzb05EWGN6Q0owdUs2NTBMcEsvUE4xbSt5TUlPS3o3QXlkT0QrT09BWHN3elhnVVZteExGUVZ0cmtLV1FKZVcyR0xvamZNd1RwSXlrQnRaY2FmY2lXUGhWeGF3TU9Oc1Q3c21rT2RrRG5SSTV2RkhTa2h5dVBkN2hhVitrVGFtSDVsbE1IQWlRZDRab2JwNzlqQitrY09rPSBydmNvbm5leFx0aGF3YXRjaGFpLnNAREFULVRXQ1MKCnNzaF9wd2F1dGg6IHRydWUKY2hwYXNzd2Q6CiAgZXhwaXJlOiBmYWxzZQoKaG9zdG5hbWU6IGluZnJhLWxhYi1tb25pdG9yLW1hc3Rlci0xCm1hbmFnZV9ldGNfaG9zdHM6IHRydWUKCndyaXRlX2ZpbGVzOgotIHBhdGg6IC9ldGMvbmV0cGxhbi81MC1jbG91ZC1pbml0LnlhbWwKICBjb250ZW50OiB8CiAgICBuZXR3b3JrOgogICAgICB2ZXJzaW9uOiAyCiAgICAgIGV0aGVybmV0czoKICAgICAgICBlbnMxOTI6CiAgICAgICAgICBkaGNwNDogbm8KICAgICAgICAgIGFkZHJlc3NlczoKICAgICAgICAgICAgLSAxNzIuMjcuMTAuOTgvMjQKICAgICAgICAgIGdhdGV3YXk0OiAxNzIuMjcuMTAuMjU0CiAgICAgICAgICBuYW1lc2VydmVyczoKICAgICAgICAgICAgYWRkcmVzc2VzOiBbMTkyLjE2OC4xNDAuMjUxLCA4LjguOC44XQoKcGFja2FnZXM6Ci0gZG9ja2VyLmlvCi0gY3VybAoKcnVuY21kOgotIG5ldHBsYW4gYXBwbHkKLSBhcHQtZ2V0IHVwZGF0ZQotIGFwdC1nZXQgaW5zdGFsbCAteSBkb2NrZXIuaW8KLSBjdXJsIC1MICJodHRwczovL2dpdGh1Yi5jb20vZG9ja2VyL2NvbXBvc2UvcmVsZWFzZXMvZG93bmxvYWQvdjIuMjkuMS9kb2NrZXItY29tcG9zZS0kKHVuYW1lIC1zKS0kKHVuYW1lIC1tKSIgLW8gL3Vzci9sb2NhbC9iaW4vZG9ja2VyLWNvbXBvc2UKLSBjaG1vZCAreCAvdXNyL2xvY2FsL2Jpbi9kb2NrZXItY29tcG9zZQotIHVzZXJtb2QgLWFHIGRvY2tlciAkVVNFUgotIGxuIC1zIC91c3IvbG9jYWwvYmluL2RvY2tlci1jb21wb3NlIC91c3IvYmluL2RvY2tlci1jb21wb3NlCi0gc3lzdGVtY3RsIHN0YXJ0IGRvY2tlci5zZXJ2aWNlCi0gc3lzdGVtY3RsIGVuYWJsZSBkb2NrZXIuc2VydmljZQotIHN5c3RlbWN0bCBlbmFibGUgY29udGFpbmVyZC5zZXJ2aWNlCi0gYXB0LWdldCBpbnN0YWxsIC15IG5ldC10b29scw=="
                }
              }
            ],
            "vapp_transport": [
              "iso"
            ],
            "vbs_enabled": false,
            "vmware_tools_status": "guestToolsNotRunning",
            "vmx_path": "infra-lab-monitor-master-1/infra-lab-monitor-master-1.vmx",
            "vtpm": [],
            "vvtd_enabled": false,
            "wait_for_guest_ip_timeout": 0,
            "wait_for_guest_net_routable": true,
            "wait_for_guest_net_timeout": 0
          },
          "sensitive_attributes": [],
          "private": "eyJzY2hlbWFfdmVyc2lvbiI6IjMifQ==",
          "dependencies": [
            "data.vsphere_datacenter.dc",
            "data.vsphere_datastore.datastore_lun01",
            "data.vsphere_network.network",
            "data.vsphere_resource_pool.pool_dats_tf_1",
            "data.vsphere_virtual_machine.template"
          ]
        }
      ]
    },
    {
      "mode": "managed",
      "type": "vsphere_virtual_machine",
      "name": "infra-lab-cicd-dev-node",
      "provider": "provider[\"registry.terraform.io/hashicorp/vsphere\"]",
      "instances": [
        {
          "index_key": 0,
          "schema_version": 3,
          "attributes": {
            "alternate_guest_name": "",
            "annotation": "",
            "boot_delay": 0,
            "boot_retry_delay": 10000,
            "boot_retry_enabled": false,
            "cdrom": [
              {
                "client_device": true,
                "datastore_id": "",
                "device_address": "ide:1:0",
                "key": 3002,
                "path": ""
              }
            ],
            "change_version": "2025-10-17T09:23:29.087308Z",
            "clone": [
              {
                "customization_spec": [],
                "customize": [],
                "linked_clone": false,
                "ovf_network_map": null,
                "ovf_storage_map": null,
                "template_uuid": "420cf32e-d6dd-416d-e88a-1b90c7fff8dd",
                "timeout": 30
              }
            ],
            "cpu_hot_add_enabled": false,
            "cpu_hot_remove_enabled": false,
            "cpu_limit": -1,
            "cpu_performance_counters_enabled": false,
            "cpu_reservation": 0,
            "cpu_share_count": 4000,
            "cpu_share_level": "normal",
            "custom_attributes": null,
            "datacenter_id": null,
            "datastore_cluster_id": null,
            "datastore_id": "datastore-1349",
            "default_ip_address": null,
            "disk": [
              {
                "attach": false,
                "controller_type": "scsi",
                "datastore_id": "datastore-1348",
                "device_address": "scsi:0:0",
                "disk_mode": "persistent",
                "disk_sharing": "sharingNone",
                "eagerly_scrub": false,
                "io_limit": -1,
                "io_reservation": 0,
                "io_share_count": 1000,
                "io_share_level": "normal",
                "keep_on_remove": false,
                "key": 2000,
                "label": "disk0",
                "path": "infra-lab-monitor-node-1/infra-lab-monitor-node-1.vmdk",
                "size": 100,
                "storage_policy_id": "",
                "thin_provisioned": true,
                "unit_number": 0,
                "uuid": "6000C29e-ef6d-b3b3-49ab-e535f6d9a440",
                "write_through": false
              }
            ],
            "efi_secure_boot_enabled": false,
            "enable_disk_uuid": false,
            "enable_logging": false,
            "ept_rvi_mode": "automatic",
            "extra_config": null,
            "extra_config_reboot_required": true,
            "firmware": "bios",
            "folder": "",
            "force_power_off": true,
            "guest_id": "ubuntu64Guest",
            "guest_ip_addresses": [],
            "hardware_version": 10,
            "host_system_id": "host-13512",
            "hv_mode": "hvAuto",
            "id": "420c3001-3c49-398e-7c87-52c715a0155b",
            "ide_controller_count": 2,
            "ignored_guest_ips": null,
            "imported": null,
            "latency_sensitivity": "normal",
            "memory": 8192,
            "memory_hot_add_enabled": false,
            "memory_limit": -1,
            "memory_reservation": 0,
            "memory_reservation_locked_to_max": false,
            "memory_share_count": 81920,
            "memory_share_level": "normal",
            "migrate_wait_timeout": 30,
            "moid": "vm-22010",
            "name": "infra-lab-monitor-node-1",
            "nested_hv_enabled": false,
            "network_interface": [
              {
                "adapter_type": "vmxnet3",
                "bandwidth_limit": -1,
                "bandwidth_reservation": 0,
                "bandwidth_share_count": 50,
                "bandwidth_share_level": "normal",
                "device_address": "pci:0:7",
                "key": 4000,
                "mac_address": "00:50:56:8c:28:f4",
                "network_id": "network-7665",
                "ovf_mapping": "",
                "physical_function": "",
                "use_static_mac": false
              }
            ],
            "num_cores_per_socket": 1,
            "num_cpus": 4,
            "nvme_controller_count": 0,
            "ovf_deploy": [],
            "pci_device_id": null,
            "power_state": "on",
            "poweron_timeout": 300,
            "reboot_required": false,
            "replace_trigger": null,
            "resource_pool_id": "resgroup-22009",
            "run_tools_scripts_after_power_on": true,
            "run_tools_scripts_after_resume": true,
            "run_tools_scripts_before_guest_reboot": false,
            "run_tools_scripts_before_guest_shutdown": true,
            "run_tools_scripts_before_guest_standby": true,
            "sata_controller_count": 0,
            "scsi_bus_sharing": "noSharing",
            "scsi_controller_count": 1,
            "scsi_type": "pvscsi",
            "shutdown_wait_timeout": 3,
            "storage_policy_id": "",
            "swap_placement_policy": "inherit",
            "sync_time_with_host": true,
            "sync_time_with_host_periodically": null,
            "tags": null,
            "tools_upgrade_policy": "manual",
            "uuid": "420c3001-3c49-398e-7c87-52c715a0155b",
            "vapp": [
              {
                "properties": {
                  "user-data": "I2Nsb3VkLWNvbmZpZwpwYWNrYWdlX3VwZGF0ZTogdHJ1ZQpwYWNrYWdlX3VwZ3JhZGU6IHRydWUKCnVzZXJzOgogIC0gbmFtZTogYWRtaW5pc3RyYXRvcgogICAgZ2Vjb3M6IEFkbWluaXN0cmF0b3IgVXNlcgogICAgc3VkbzogQUxMPShBTEwpIE5PUEFTU1dEOkFMTAogICAgZ3JvdXBzOiB1c2VycywgYWRtaW4KICAgIGhvbWU6IC9ob21lL2FkbWluaXN0cmF0b3IKICAgIHNoZWxsOiAvYmluL2Jhc2gKICAgIGxvY2tfcGFzc3dkOiBmYWxzZQogICAgcGFzc3dkOiAiJDYkR2FwMUJ4TVFpT05wTi9WeCRHbWdCY1hUUGJuZ2FDdlpiNzRpZmY5NFpLVGQ4OXFINDFZWkRGM2JSNmlYMHJmU2ZQZXJEcHV1SGQuYUk5YWVBbFZWNVZrd1FZV3hrazBJWFlnc0hzMSIKICAgIHNzaF9hdXRob3JpemVkX2tleXM6CiAgICAgIC0gc3NoLXJzYSBBQUFBQjNOemFDMXljMkVBQUFBREFRQUJBQUFDQVFDcTk1eVNzTGcrUTBOUGtTWlhlWnBHNE5DdjdSd1I5eXJMUW93MSsvTXgwa0Z0TkpObHdsUkNzRVozaU90OFYyNktLeFM0ei9UbEVZTVNkaDRXSk5OZGt0U3psbk9ObURGUSt6QXpRQ0poK2JYZEUvcnhuTjlZNWxPdEZpeDJ4eDR2WFNTZGJVeGltYWQ5YXhMQ2RRTGNqaEN2aW1HMCtQblNDcy9ZbkpUN3QvNUxCWGQzbDZ1SmI1NUtWYjVjbE0waXhvSU0zYUZUUUQ3dWNram0vRk80REVtK28rZDdSalF6MGN4ZG1JT2ZyMGRacDJRczljcUwvbXVTUzNTMGFnMmpFVCtCV3JIMTJPVWF0Y0RUVGtFQ2xNU0pmaCtYSkp0R0c3WHJ0eWNpMmZxeW1NbVo3Zi9OS3Y2MzcxRzA4VmFHekRPSFhZN1BwdzkvdUo3UXN6aFRSVmRIYzlJMGZTNzdzTTZWV3h5UWNKQ1Y4d1h3dmkrOGxTeVJnYm5JbithWEJ5b0hrRk9jOEpBMWt0M21hOWhNT280L01aU05lL1A2RXFFOVBZb1MrajJwU2FIS1FmUUxYeVhkbzZRTDROZkM0VTlkdnRHMFl0bXN6cnRwVnRZS0tIaEdTWitTa1dRRHJ0dld3TVRzOUJPall5OS9rS1YyNDAxWDEzSjhMM0ZjMDJYT2FHdWR5RTRZZVoxdzFTMVRWZlppVHFvMjhYYVl1SjJvL1psTTlRc2NzY1YzQ1BEdHhJdzBtVTB2RVJzSVhHeElFa0lxSHBEVnZUSkE1ZjE3V1Ywam1SWGxiN1RGMURRV0pxTDZsazRkZTVwN3Q3bGtzdEV4V2gweEZKcE1wVC9JbnFBWWVPdWJJakVzSU5Vd2QrakdibVdOZTVwYWtvZFlpcEJySHc9PSByb290QGluZnJhLWxhYi1wcm92aXNpb25lcgogICAgICAtIHNzaC1yc2EgQUFBQUIzTnphQzF5YzJFQUFBQURBUUFCQUFBQmdRRGNFOEpKVUU1Z292dDErUWNxc3FBckhBRTVPZW5qYU1TdnIwNEFtZ0o4RFNyS2cxQko0N1VaTHNUZmFjV25lNU43RkZCUEg2UjhHUXJtZU1Rd3VzNklabzhXdFJsLzJ0YzZoSUNzZ1pHL2k3Y1BGZkdOQitMNDRnVnU2RGJzRmlUelNrOU11NjdWenREVzk3ZmVTdzcwd3VwMGlQSHAzdG9aWjVSU25ZUFRyU2xZR2V6TXA0cDMyQ2JIdU83blpDbEQ0UmlZK1FRVmNrb3kwdHRqa2tFY0VWaFp1Y0xpWWtzb1NwQWV6eXIvRHhBYTc2N1dZNXRvNEd1N3hrWU1CM1pVckFCUXcxQVY5T2YzS3QwOE5NUU9kaThnY0FEQ2M2dW5uSWJWV1FiYUJwTUhPWFJydGVmblRLa3dRN0xqRGRrUzN4c1RJY25rRmZ4dTRLZmRoNEhENEFJa2xBMlcxVzVGaEk4c0Q4U2Fzb05EWGN6Q0owdUs2NTBMcEsvUE4xbSt5TUlPS3o3QXlkT0QrT09BWHN3elhnVVZteExGUVZ0cmtLV1FKZVcyR0xvamZNd1RwSXlrQnRaY2FmY2lXUGhWeGF3TU9Oc1Q3c21rT2RrRG5SSTV2RkhTa2h5dVBkN2hhVitrVGFtSDVsbE1IQWlRZDRab2JwNzlqQitrY09rPSBydmNvbm5leFx0aGF3YXRjaGFpLnNAREFULVRXQ1MKCnNzaF9wd2F1dGg6IHRydWUKY2hwYXNzd2Q6CiAgZXhwaXJlOiBmYWxzZQoKaG9zdG5hbWU6IGluZnJhLWxhYi1tb25pdG9yLW5vZGUtMQptYW5hZ2VfZXRjX2hvc3RzOiB0cnVlCgp3cml0ZV9maWxlczoKLSBwYXRoOiAvZXRjL25ldHBsYW4vNTAtY2xvdWQtaW5pdC55YW1sCiAgY29udGVudDogfAogICAgbmV0d29yazoKICAgICAgdmVyc2lvbjogMgogICAgICBldGhlcm5ldHM6CiAgICAgICAgZW5zMTkyOgogICAgICAgICAgZGhjcDQ6IG5vCiAgICAgICAgICBhZGRyZXNzZXM6CiAgICAgICAgICAgIC0gMTcyLjI3LjEwLjk3LzI0CiAgICAgICAgICBnYXRld2F5NDogMTcyLjI3LjEwLjI1NAogICAgICAgICAgbmFtZXNlcnZlcnM6CiAgICAgICAgICAgIGFkZHJlc3NlczogWzE5Mi4xNjguMTQwLjI1MSwgOC44LjguOF0KCnBhY2thZ2VzOgotIGRvY2tlci5pbwotIGN1cmwKCnJ1bmNtZDoKLSBuZXRwbGFuIGFwcGx5Ci0gYXB0LWdldCB1cGRhdGUKLSBhcHQtZ2V0IGluc3RhbGwgLXkgZG9ja2VyLmlvCi0gY3VybCAtTCAiaHR0cHM6Ly9naXRodWIuY29tL2RvY2tlci9jb21wb3NlL3JlbGVhc2VzL2Rvd25sb2FkL3YyLjI5LjEvZG9ja2VyLWNvbXBvc2UtJCh1bmFtZSAtcyktJCh1bmFtZSAtbSkiIC1vIC91c3IvbG9jYWwvYmluL2RvY2tlci1jb21wb3NlCi0gY2htb2QgK3ggL3Vzci9sb2NhbC9iaW4vZG9ja2VyLWNvbXBvc2UKLSB1c2VybW9kIC1hRyBkb2NrZXIgJFVTRVIKLSBsbiAtcyAvdXNyL2xvY2FsL2Jpbi9kb2NrZXItY29tcG9zZSAvdXNyL2Jpbi9kb2NrZXItY29tcG9zZQotIHN5c3RlbWN0bCBzdGFydCBkb2NrZXIuc2VydmljZQotIHN5c3RlbWN0bCBlbmFibGUgZG9ja2VyLnNlcnZpY2UKLSBzeXN0ZW1jdGwgZW5hYmxlIGNvbnRhaW5lcmQuc2VydmljZQotIGFwdC1nZXQgaW5zdGFsbCAteSBuZXQtdG9vbHM="
                }
              }
            ],
            "vapp_transport": [
              "iso"
            ],
            "vbs_enabled": false,
            "vmware_tools_status": "guestToolsNotRunning",
            "vmx_path": "infra-lab-monitor-node-1/infra-lab-monitor-node-1.vmx",
            "vtpm": [],
            "vvtd_enabled": false,
            "wait_for_guest_ip_timeout": 0,
            "wait_for_guest_net_routable": true,
            "wait_for_guest_net_timeout": 0
          },
          "sensitive_attributes": [],
          "private": "eyJzY2hlbWFfdmVyc2lvbiI6IjMifQ==",
          "dependencies": [
            "data.vsphere_datacenter.dc",
            "data.vsphere_datastore.datastore_lun01",
            "data.vsphere_network.network",
            "data.vsphere_resource_pool.pool_dats_tf_1",
            "data.vsphere_virtual_machine.template"
          ]
        },
        {
          "index_key": 1,
          "schema_version": 3,
          "attributes": {
            "alternate_guest_name": "",
            "annotation": "",
            "boot_delay": 0,
            "boot_retry_delay": 10000,
            "boot_retry_enabled": false,
            "cdrom": [
              {
                "client_device": true,
                "datastore_id": "",
                "device_address": "ide:1:0",
                "key": 3002,
                "path": ""
              }
            ],
            "change_version": "2025-10-17T09:23:29.166653Z",
            "clone": [
              {
                "customization_spec": [],
                "customize": [],
                "linked_clone": false,
                "ovf_network_map": null,
                "ovf_storage_map": null,
                "template_uuid": "420cf32e-d6dd-416d-e88a-1b90c7fff8dd",
                "timeout": 30
              }
            ],
            "cpu_hot_add_enabled": false,
            "cpu_hot_remove_enabled": false,
            "cpu_limit": -1,
            "cpu_performance_counters_enabled": false,
            "cpu_reservation": 0,
            "cpu_share_count": 4000,
            "cpu_share_level": "normal",
            "custom_attributes": null,
            "datacenter_id": null,
            "datastore_cluster_id": null,
            "datastore_id": "datastore-1349",
            "default_ip_address": null,
            "disk": [
              {
                "attach": false,
                "controller_type": "scsi",
                "datastore_id": "datastore-1348",
                "device_address": "scsi:0:0",
                "disk_mode": "persistent",
                "disk_sharing": "sharingNone",
                "eagerly_scrub": false,
                "io_limit": -1,
                "io_reservation": 0,
                "io_share_count": 1000,
                "io_share_level": "normal",
                "keep_on_remove": false,
                "key": 2000,
                "label": "disk0",
                "path": "infra-lab-monitor-node-2/infra-lab-monitor-node-2.vmdk",
                "size": 100,
                "storage_policy_id": "",
                "thin_provisioned": true,
                "unit_number": 0,
                "uuid": "6000C292-4119-8a47-8b4d-0214d0004132",
                "write_through": false
              }
            ],
            "efi_secure_boot_enabled": false,
            "enable_disk_uuid": false,
            "enable_logging": false,
            "ept_rvi_mode": "automatic",
            "extra_config": null,
            "extra_config_reboot_required": true,
            "firmware": "bios",
            "folder": "",
            "force_power_off": true,
            "guest_id": "ubuntu64Guest",
            "guest_ip_addresses": [],
            "hardware_version": 10,
            "host_system_id": "host-13512",
            "hv_mode": "hvAuto",
            "id": "420c1269-d75b-f562-f3eb-7d0c5417420c",
            "ide_controller_count": 2,
            "ignored_guest_ips": null,
            "imported": null,
            "latency_sensitivity": "normal",
            "memory": 8192,
            "memory_hot_add_enabled": false,
            "memory_limit": -1,
            "memory_reservation": 0,
            "memory_reservation_locked_to_max": false,
            "memory_share_count": 81920,
            "memory_share_level": "normal",
            "migrate_wait_timeout": 30,
            "moid": "vm-22011",
            "name": "infra-lab-monitor-node-2",
            "nested_hv_enabled": false,
            "network_interface": [
              {
                "adapter_type": "vmxnet3",
                "bandwidth_limit": -1,
                "bandwidth_reservation": 0,
                "bandwidth_share_count": 50,
                "bandwidth_share_level": "normal",
                "device_address": "pci:0:7",
                "key": 4000,
                "mac_address": "00:50:56:8c:33:cc",
                "network_id": "network-7665",
                "ovf_mapping": "",
                "physical_function": "",
                "use_static_mac": false
              }
            ],
            "num_cores_per_socket": 1,
            "num_cpus": 4,
            "nvme_controller_count": 0,
            "ovf_deploy": [],
            "pci_device_id": null,
            "power_state": "on",
            "poweron_timeout": 300,
            "reboot_required": false,
            "replace_trigger": null,
            "resource_pool_id": "resgroup-22009",
            "run_tools_scripts_after_power_on": true,
            "run_tools_scripts_after_resume": true,
            "run_tools_scripts_before_guest_reboot": false,
            "run_tools_scripts_before_guest_shutdown": true,
            "run_tools_scripts_before_guest_standby": true,
            "sata_controller_count": 0,
            "scsi_bus_sharing": "noSharing",
            "scsi_controller_count": 1,
            "scsi_type": "pvscsi",
            "shutdown_wait_timeout": 3,
            "storage_policy_id": "",
            "swap_placement_policy": "inherit",
            "sync_time_with_host": true,
            "sync_time_with_host_periodically": null,
            "tags": null,
            "tools_upgrade_policy": "manual",
            "uuid": "420c1269-d75b-f562-f3eb-7d0c5417420c",
            "vapp": [
              {
                "properties": {
                  "user-data": "I2Nsb3VkLWNvbmZpZwpwYWNrYWdlX3VwZGF0ZTogdHJ1ZQpwYWNrYWdlX3VwZ3JhZGU6IHRydWUKCnVzZXJzOgogIC0gbmFtZTogYWRtaW5pc3RyYXRvcgogICAgZ2Vjb3M6IEFkbWluaXN0cmF0b3IgVXNlcgogICAgc3VkbzogQUxMPShBTEwpIE5PUEFTU1dEOkFMTAogICAgZ3JvdXBzOiB1c2VycywgYWRtaW4KICAgIGhvbWU6IC9ob21lL2FkbWluaXN0cmF0b3IKICAgIHNoZWxsOiAvYmluL2Jhc2gKICAgIGxvY2tfcGFzc3dkOiBmYWxzZQogICAgcGFzc3dkOiAiJDYkR2FwMUJ4TVFpT05wTi9WeCRHbWdCY1hUUGJuZ2FDdlpiNzRpZmY5NFpLVGQ4OXFINDFZWkRGM2JSNmlYMHJmU2ZQZXJEcHV1SGQuYUk5YWVBbFZWNVZrd1FZV3hrazBJWFlnc0hzMSIKICAgIHNzaF9hdXRob3JpemVkX2tleXM6CiAgICAgIC0gc3NoLXJzYSBBQUFBQjNOemFDMXljMkVBQUFBREFRQUJBQUFDQVFDcTk1eVNzTGcrUTBOUGtTWlhlWnBHNE5DdjdSd1I5eXJMUW93MSsvTXgwa0Z0TkpObHdsUkNzRVozaU90OFYyNktLeFM0ei9UbEVZTVNkaDRXSk5OZGt0U3psbk9ObURGUSt6QXpRQ0poK2JYZEUvcnhuTjlZNWxPdEZpeDJ4eDR2WFNTZGJVeGltYWQ5YXhMQ2RRTGNqaEN2aW1HMCtQblNDcy9ZbkpUN3QvNUxCWGQzbDZ1SmI1NUtWYjVjbE0waXhvSU0zYUZUUUQ3dWNram0vRk80REVtK28rZDdSalF6MGN4ZG1JT2ZyMGRacDJRczljcUwvbXVTUzNTMGFnMmpFVCtCV3JIMTJPVWF0Y0RUVGtFQ2xNU0pmaCtYSkp0R0c3WHJ0eWNpMmZxeW1NbVo3Zi9OS3Y2MzcxRzA4VmFHekRPSFhZN1BwdzkvdUo3UXN6aFRSVmRIYzlJMGZTNzdzTTZWV3h5UWNKQ1Y4d1h3dmkrOGxTeVJnYm5JbithWEJ5b0hrRk9jOEpBMWt0M21hOWhNT280L01aU05lL1A2RXFFOVBZb1MrajJwU2FIS1FmUUxYeVhkbzZRTDROZkM0VTlkdnRHMFl0bXN6cnRwVnRZS0tIaEdTWitTa1dRRHJ0dld3TVRzOUJPall5OS9rS1YyNDAxWDEzSjhMM0ZjMDJYT2FHdWR5RTRZZVoxdzFTMVRWZlppVHFvMjhYYVl1SjJvL1psTTlRc2NzY1YzQ1BEdHhJdzBtVTB2RVJzSVhHeElFa0lxSHBEVnZUSkE1ZjE3V1Ywam1SWGxiN1RGMURRV0pxTDZsazRkZTVwN3Q3bGtzdEV4V2gweEZKcE1wVC9JbnFBWWVPdWJJakVzSU5Vd2QrakdibVdOZTVwYWtvZFlpcEJySHc9PSByb290QGluZnJhLWxhYi1wcm92aXNpb25lcgogICAgICAtIHNzaC1yc2EgQUFBQUIzTnphQzF5YzJFQUFBQURBUUFCQUFBQmdRRGNFOEpKVUU1Z292dDErUWNxc3FBckhBRTVPZW5qYU1TdnIwNEFtZ0o4RFNyS2cxQko0N1VaTHNUZmFjV25lNU43RkZCUEg2UjhHUXJtZU1Rd3VzNklabzhXdFJsLzJ0YzZoSUNzZ1pHL2k3Y1BGZkdOQitMNDRnVnU2RGJzRmlUelNrOU11NjdWenREVzk3ZmVTdzcwd3VwMGlQSHAzdG9aWjVSU25ZUFRyU2xZR2V6TXA0cDMyQ2JIdU83blpDbEQ0UmlZK1FRVmNrb3kwdHRqa2tFY0VWaFp1Y0xpWWtzb1NwQWV6eXIvRHhBYTc2N1dZNXRvNEd1N3hrWU1CM1pVckFCUXcxQVY5T2YzS3QwOE5NUU9kaThnY0FEQ2M2dW5uSWJWV1FiYUJwTUhPWFJydGVmblRLa3dRN0xqRGRrUzN4c1RJY25rRmZ4dTRLZmRoNEhENEFJa2xBMlcxVzVGaEk4c0Q4U2Fzb05EWGN6Q0owdUs2NTBMcEsvUE4xbSt5TUlPS3o3QXlkT0QrT09BWHN3elhnVVZteExGUVZ0cmtLV1FKZVcyR0xvamZNd1RwSXlrQnRaY2FmY2lXUGhWeGF3TU9Oc1Q3c21rT2RrRG5SSTV2RkhTa2h5dVBkN2hhVitrVGFtSDVsbE1IQWlRZDRab2JwNzlqQitrY09rPSBydmNvbm5leFx0aGF3YXRjaGFpLnNAREFULVRXQ1MKCnNzaF9wd2F1dGg6IHRydWUKY2hwYXNzd2Q6CiAgZXhwaXJlOiBmYWxzZQoKaG9zdG5hbWU6IGluZnJhLWxhYi1tb25pdG9yLW5vZGUtMgptYW5hZ2VfZXRjX2hvc3RzOiB0cnVlCgp3cml0ZV9maWxlczoKLSBwYXRoOiAvZXRjL25ldHBsYW4vNTAtY2xvdWQtaW5pdC55YW1sCiAgY29udGVudDogfAogICAgbmV0d29yazoKICAgICAgdmVyc2lvbjogMgogICAgICBldGhlcm5ldHM6CiAgICAgICAgZW5zMTkyOgogICAgICAgICAgZGhjcDQ6IG5vCiAgICAgICAgICBhZGRyZXNzZXM6CiAgICAgICAgICAgIC0gMTcyLjI3LjEwLjk2LzI0CiAgICAgICAgICBnYXRld2F5NDogMTcyLjI3LjEwLjI1NAogICAgICAgICAgbmFtZXNlcnZlcnM6CiAgICAgICAgICAgIGFkZHJlc3NlczogWzE5Mi4xNjguMTQwLjI1MSwgOC44LjguOF0KCnBhY2thZ2VzOgotIGRvY2tlci5pbwotIGN1cmwKCnJ1bmNtZDoKLSBuZXRwbGFuIGFwcGx5Ci0gYXB0LWdldCB1cGRhdGUKLSBhcHQtZ2V0IGluc3RhbGwgLXkgZG9ja2VyLmlvCi0gY3VybCAtTCAiaHR0cHM6Ly9naXRodWIuY29tL2RvY2tlci9jb21wb3NlL3JlbGVhc2VzL2Rvd25sb2FkL3YyLjI5LjEvZG9ja2VyLWNvbXBvc2UtJCh1bmFtZSAtcyktJCh1bmFtZSAtbSkiIC1vIC91c3IvbG9jYWwvYmluL2RvY2tlci1jb21wb3NlCi0gY2htb2QgK3ggL3Vzci9sb2NhbC9iaW4vZG9ja2VyLWNvbXBvc2UKLSB1c2VybW9kIC1hRyBkb2NrZXIgJFVTRVIKLSBsbiAtcyAvdXNyL2xvY2FsL2Jpbi9kb2NrZXItY29tcG9zZSAvdXNyL2Jpbi9kb2NrZXItY29tcG9zZQotIHN5c3RlbWN0bCBzdGFydCBkb2NrZXIuc2VydmljZQotIHN5c3RlbWN0bCBlbmFibGUgZG9ja2VyLnNlcnZpY2UKLSBzeXN0ZW1jdGwgZW5hYmxlIGNvbnRhaW5lcmQuc2VydmljZQotIGFwdC1nZXQgaW5zdGFsbCAteSBuZXQtdG9vbHM="
                }
              }
            ],
            "vapp_transport": [
              "iso"
            ],
            "vbs_enabled": false,
            "vmware_tools_status": "guestToolsNotRunning",
            "vmx_path": "infra-lab-monitor-node-2/infra-lab-monitor-node-2.vmx",
            "vtpm": [],
            "vvtd_enabled": false,
            "wait_for_guest_ip_timeout": 0,
            "wait_for_guest_net_routable": true,
            "wait_for_guest_net_timeout": 0
          },
          "sensitive_attributes": [],
          "private": "eyJzY2hlbWFfdmVyc2lvbiI6IjMifQ==",
          "dependencies": [
            "data.vsphere_datacenter.dc",
            "data.vsphere_datastore.datastore_lun01",
            "data.vsphere_network.network",
            "data.vsphere_resource_pool.pool_dats_tf_1",
            "data.vsphere_virtual_machine.template"
          ]
        },
        {
          "index_key": 2,
          "schema_version": 3,
          "attributes": {
            "alternate_guest_name": "",
            "annotation": "",
            "boot_delay": 0,
            "boot_retry_delay": 10000,
            "boot_retry_enabled": false,
            "cdrom": [
              {
                "client_device": true,
                "datastore_id": "",
                "device_address": "ide:1:0",
                "key": 3002,
                "path": ""
              }
            ],
            "change_version": "2025-10-17T09:23:29.162667Z",
            "clone": [
              {
                "customization_spec": [],
                "customize": [],
                "linked_clone": false,
                "ovf_network_map": null,
                "ovf_storage_map": null,
                "template_uuid": "420cf32e-d6dd-416d-e88a-1b90c7fff8dd",
                "timeout": 30
              }
            ],
            "cpu_hot_add_enabled": false,
            "cpu_hot_remove_enabled": false,
            "cpu_limit": -1,
            "cpu_performance_counters_enabled": false,
            "cpu_reservation": 0,
            "cpu_share_count": 4000,
            "cpu_share_level": "normal",
            "custom_attributes": null,
            "datacenter_id": null,
            "datastore_cluster_id": null,
            "datastore_id": "datastore-1349",
            "default_ip_address": null,
            "disk": [
              {
                "attach": false,
                "controller_type": "scsi",
                "datastore_id": "datastore-1348",
                "device_address": "scsi:0:0",
                "disk_mode": "persistent",
                "disk_sharing": "sharingNone",
                "eagerly_scrub": false,
                "io_limit": -1,
                "io_reservation": 0,
                "io_share_count": 1000,
                "io_share_level": "normal",
                "keep_on_remove": false,
                "key": 2000,
                "label": "disk0",
                "path": "infra-lab-monitor-node-3/infra-lab-monitor-node-3.vmdk",
                "size": 100,
                "storage_policy_id": "",
                "thin_provisioned": true,
                "unit_number": 0,
                "uuid": "6000C298-c00d-f372-d8d0-28d087d6e044",
                "write_through": false
              }
            ],
            "efi_secure_boot_enabled": false,
            "enable_disk_uuid": false,
            "enable_logging": false,
            "ept_rvi_mode": "automatic",
            "extra_config": null,
            "extra_config_reboot_required": true,
            "firmware": "bios",
            "folder": "",
            "force_power_off": true,
            "guest_id": "ubuntu64Guest",
            "guest_ip_addresses": [],
            "hardware_version": 10,
            "host_system_id": "host-13512",
            "hv_mode": "hvAuto",
            "id": "420c31ce-5a87-c818-f5f9-ea8ad8c61c5f",
            "ide_controller_count": 2,
            "ignored_guest_ips": null,
            "imported": null,
            "latency_sensitivity": "normal",
            "memory": 8192,
            "memory_hot_add_enabled": false,
            "memory_limit": -1,
            "memory_reservation": 0,
            "memory_reservation_locked_to_max": false,
            "memory_share_count": 81920,
            "memory_share_level": "normal",
            "migrate_wait_timeout": 30,
            "moid": "vm-22013",
            "name": "infra-lab-monitor-node-3",
            "nested_hv_enabled": false,
            "network_interface": [
              {
                "adapter_type": "vmxnet3",
                "bandwidth_limit": -1,
                "bandwidth_reservation": 0,
                "bandwidth_share_count": 50,
                "bandwidth_share_level": "normal",
                "device_address": "pci:0:7",
                "key": 4000,
                "mac_address": "00:50:56:8c:fc:76",
                "network_id": "network-7665",
                "ovf_mapping": "",
                "physical_function": "",
                "use_static_mac": false
              }
            ],
            "num_cores_per_socket": 1,
            "num_cpus": 4,
            "nvme_controller_count": 0,
            "ovf_deploy": [],
            "pci_device_id": null,
            "power_state": "on",
            "poweron_timeout": 300,
            "reboot_required": false,
            "replace_trigger": null,
            "resource_pool_id": "resgroup-22009",
            "run_tools_scripts_after_power_on": true,
            "run_tools_scripts_after_resume": true,
            "run_tools_scripts_before_guest_reboot": false,
            "run_tools_scripts_before_guest_shutdown": true,
            "run_tools_scripts_before_guest_standby": true,
            "sata_controller_count": 0,
            "scsi_bus_sharing": "noSharing",
            "scsi_controller_count": 1,
            "scsi_type": "pvscsi",
            "shutdown_wait_timeout": 3,
            "storage_policy_id": "",
            "swap_placement_policy": "inherit",
            "sync_time_with_host": true,
            "sync_time_with_host_periodically": null,
            "tags": null,
            "tools_upgrade_policy": "manual",
            "uuid": "420c31ce-5a87-c818-f5f9-ea8ad8c61c5f",
            "vapp": [
              {
                "properties": {
                  "user-data": "I2Nsb3VkLWNvbmZpZwpwYWNrYWdlX3VwZGF0ZTogdHJ1ZQpwYWNrYWdlX3VwZ3JhZGU6IHRydWUKCnVzZXJzOgogIC0gbmFtZTogYWRtaW5pc3RyYXRvcgogICAgZ2Vjb3M6IEFkbWluaXN0cmF0b3IgVXNlcgogICAgc3VkbzogQUxMPShBTEwpIE5PUEFTU1dEOkFMTAogICAgZ3JvdXBzOiB1c2VycywgYWRtaW4KICAgIGhvbWU6IC9ob21lL2FkbWluaXN0cmF0b3IKICAgIHNoZWxsOiAvYmluL2Jhc2gKICAgIGxvY2tfcGFzc3dkOiBmYWxzZQogICAgcGFzc3dkOiAiJDYkR2FwMUJ4TVFpT05wTi9WeCRHbWdCY1hUUGJuZ2FDdlpiNzRpZmY5NFpLVGQ4OXFINDFZWkRGM2JSNmlYMHJmU2ZQZXJEcHV1SGQuYUk5YWVBbFZWNVZrd1FZV3hrazBJWFlnc0hzMSIKICAgIHNzaF9hdXRob3JpemVkX2tleXM6CiAgICAgIC0gc3NoLXJzYSBBQUFBQjNOemFDMXljMkVBQUFBREFRQUJBQUFDQVFDcTk1eVNzTGcrUTBOUGtTWlhlWnBHNE5DdjdSd1I5eXJMUW93MSsvTXgwa0Z0TkpObHdsUkNzRVozaU90OFYyNktLeFM0ei9UbEVZTVNkaDRXSk5OZGt0U3psbk9ObURGUSt6QXpRQ0poK2JYZEUvcnhuTjlZNWxPdEZpeDJ4eDR2WFNTZGJVeGltYWQ5YXhMQ2RRTGNqaEN2aW1HMCtQblNDcy9ZbkpUN3QvNUxCWGQzbDZ1SmI1NUtWYjVjbE0waXhvSU0zYUZUUUQ3dWNram0vRk80REVtK28rZDdSalF6MGN4ZG1JT2ZyMGRacDJRczljcUwvbXVTUzNTMGFnMmpFVCtCV3JIMTJPVWF0Y0RUVGtFQ2xNU0pmaCtYSkp0R0c3WHJ0eWNpMmZxeW1NbVo3Zi9OS3Y2MzcxRzA4VmFHekRPSFhZN1BwdzkvdUo3UXN6aFRSVmRIYzlJMGZTNzdzTTZWV3h5UWNKQ1Y4d1h3dmkrOGxTeVJnYm5JbithWEJ5b0hrRk9jOEpBMWt0M21hOWhNT280L01aU05lL1A2RXFFOVBZb1MrajJwU2FIS1FmUUxYeVhkbzZRTDROZkM0VTlkdnRHMFl0bXN6cnRwVnRZS0tIaEdTWitTa1dRRHJ0dld3TVRzOUJPall5OS9rS1YyNDAxWDEzSjhMM0ZjMDJYT2FHdWR5RTRZZVoxdzFTMVRWZlppVHFvMjhYYVl1SjJvL1psTTlRc2NzY1YzQ1BEdHhJdzBtVTB2RVJzSVhHeElFa0lxSHBEVnZUSkE1ZjE3V1Ywam1SWGxiN1RGMURRV0pxTDZsazRkZTVwN3Q3bGtzdEV4V2gweEZKcE1wVC9JbnFBWWVPdWJJakVzSU5Vd2QrakdibVdOZTVwYWtvZFlpcEJySHc9PSByb290QGluZnJhLWxhYi1wcm92aXNpb25lcgogICAgICAtIHNzaC1yc2EgQUFBQUIzTnphQzF5YzJFQUFBQURBUUFCQUFBQmdRRGNFOEpKVUU1Z292dDErUWNxc3FBckhBRTVPZW5qYU1TdnIwNEFtZ0o4RFNyS2cxQko0N1VaTHNUZmFjV25lNU43RkZCUEg2UjhHUXJtZU1Rd3VzNklabzhXdFJsLzJ0YzZoSUNzZ1pHL2k3Y1BGZkdOQitMNDRnVnU2RGJzRmlUelNrOU11NjdWenREVzk3ZmVTdzcwd3VwMGlQSHAzdG9aWjVSU25ZUFRyU2xZR2V6TXA0cDMyQ2JIdU83blpDbEQ0UmlZK1FRVmNrb3kwdHRqa2tFY0VWaFp1Y0xpWWtzb1NwQWV6eXIvRHhBYTc2N1dZNXRvNEd1N3hrWU1CM1pVckFCUXcxQVY5T2YzS3QwOE5NUU9kaThnY0FEQ2M2dW5uSWJWV1FiYUJwTUhPWFJydGVmblRLa3dRN0xqRGRrUzN4c1RJY25rRmZ4dTRLZmRoNEhENEFJa2xBMlcxVzVGaEk4c0Q4U2Fzb05EWGN6Q0owdUs2NTBMcEsvUE4xbSt5TUlPS3o3QXlkT0QrT09BWHN3elhnVVZteExGUVZ0cmtLV1FKZVcyR0xvamZNd1RwSXlrQnRaY2FmY2lXUGhWeGF3TU9Oc1Q3c21rT2RrRG5SSTV2RkhTa2h5dVBkN2hhVitrVGFtSDVsbE1IQWlRZDRab2JwNzlqQitrY09rPSBydmNvbm5leFx0aGF3YXRjaGFpLnNAREFULVRXQ1MKCnNzaF9wd2F1dGg6IHRydWUKY2hwYXNzd2Q6CiAgZXhwaXJlOiBmYWxzZQoKaG9zdG5hbWU6IGluZnJhLWxhYi1tb25pdG9yLW5vZGUtMwptYW5hZ2VfZXRjX2hvc3RzOiB0cnVlCgp3cml0ZV9maWxlczoKLSBwYXRoOiAvZXRjL25ldHBsYW4vNTAtY2xvdWQtaW5pdC55YW1sCiAgY29udGVudDogfAogICAgbmV0d29yazoKICAgICAgdmVyc2lvbjogMgogICAgICBldGhlcm5ldHM6CiAgICAgICAgZW5zMTkyOgogICAgICAgICAgZGhjcDQ6IG5vCiAgICAgICAgICBhZGRyZXNzZXM6CiAgICAgICAgICAgIC0gMTcyLjI3LjEwLjk1LzI0CiAgICAgICAgICBnYXRld2F5NDogMTcyLjI3LjEwLjI1NAogICAgICAgICAgbmFtZXNlcnZlcnM6CiAgICAgICAgICAgIGFkZHJlc3NlczogWzE5Mi4xNjguMTQwLjI1MSwgOC44LjguOF0KCnBhY2thZ2VzOgotIGRvY2tlci5pbwotIGN1cmwKCnJ1bmNtZDoKLSBuZXRwbGFuIGFwcGx5Ci0gYXB0LWdldCB1cGRhdGUKLSBhcHQtZ2V0IGluc3RhbGwgLXkgZG9ja2VyLmlvCi0gY3VybCAtTCAiaHR0cHM6Ly9naXRodWIuY29tL2RvY2tlci9jb21wb3NlL3JlbGVhc2VzL2Rvd25sb2FkL3YyLjI5LjEvZG9ja2VyLWNvbXBvc2UtJCh1bmFtZSAtcyktJCh1bmFtZSAtbSkiIC1vIC91c3IvbG9jYWwvYmluL2RvY2tlci1jb21wb3NlCi0gY2htb2QgK3ggL3Vzci9sb2NhbC9iaW4vZG9ja2VyLWNvbXBvc2UKLSB1c2VybW9kIC1hRyBkb2NrZXIgJFVTRVIKLSBsbiAtcyAvdXNyL2xvY2FsL2Jpbi9kb2NrZXItY29tcG9zZSAvdXNyL2Jpbi9kb2NrZXItY29tcG9zZQotIHN5c3RlbWN0bCBzdGFydCBkb2NrZXIuc2VydmljZQotIHN5c3RlbWN0bCBlbmFibGUgZG9ja2VyLnNlcnZpY2UKLSBzeXN0ZW1jdGwgZW5hYmxlIGNvbnRhaW5lcmQuc2VydmljZQotIGFwdC1nZXQgaW5zdGFsbCAteSBuZXQtdG9vbHM="
                }
              }
            ],
            "vapp_transport": [
              "iso"
            ],
            "vbs_enabled": false,
            "vmware_tools_status": "guestToolsNotRunning",
            "vmx_path": "infra-lab-monitor-node-3/infra-lab-monitor-node-3.vmx",
            "vtpm": [],
            "vvtd_enabled": false,
            "wait_for_guest_ip_timeout": 0,
            "wait_for_guest_net_routable": true,
            "wait_for_guest_net_timeout": 0
          },
          "sensitive_attributes": [],
          "private": "eyJzY2hlbWFfdmVyc2lvbiI6IjMifQ==",
          "dependencies": [
            "data.vsphere_datacenter.dc",
            "data.vsphere_datastore.datastore_lun01",
            "data.vsphere_network.network",
            "data.vsphere_resource_pool.pool_dats_tf_1",
            "data.vsphere_virtual_machine.template"
          ]
        }
      ]
    },
    {
      "mode": "managed",
      "type": "vsphere_virtual_machine",
      "name": "infra-lab-cicd-dev-rancher",
      "provider": "provider[\"registry.terraform.io/hashicorp/vsphere\"]",
      "instances": [
        {
          "schema_version": 3,
          "attributes": {
            "alternate_guest_name": "",
            "annotation": "",
            "boot_delay": 0,
            "boot_retry_delay": 10000,
            "boot_retry_enabled": false,
            "cdrom": [
              {
                "client_device": true,
                "datastore_id": "",
                "device_address": "ide:1:0",
                "key": 3002,
                "path": ""
              }
            ],
            "change_version": "2025-10-17T09:23:29.164278Z",
            "clone": [
              {
                "customization_spec": [],
                "customize": [],
                "linked_clone": false,
                "ovf_network_map": null,
                "ovf_storage_map": null,
                "template_uuid": "420cf32e-d6dd-416d-e88a-1b90c7fff8dd",
                "timeout": 30
              }
            ],
            "cpu_hot_add_enabled": false,
            "cpu_hot_remove_enabled": false,
            "cpu_limit": -1,
            "cpu_performance_counters_enabled": false,
            "cpu_reservation": 0,
            "cpu_share_count": 4000,
            "cpu_share_level": "normal",
            "custom_attributes": null,
            "datacenter_id": null,
            "datastore_cluster_id": null,
            "datastore_id": "datastore-1349",
            "default_ip_address": null,
            "disk": [
              {
                "attach": false,
                "controller_type": "scsi",
                "datastore_id": "datastore-1348",
                "device_address": "scsi:0:0",
                "disk_mode": "persistent",
                "disk_sharing": "sharingNone",
                "eagerly_scrub": false,
                "io_limit": -1,
                "io_reservation": 0,
                "io_share_count": 1000,
                "io_share_level": "normal",
                "keep_on_remove": false,
                "key": 2000,
                "label": "disk0",
                "path": "infra-lab-rancher/infra-lab-rancher.vmdk",
                "size": 50,
                "storage_policy_id": "",
                "thin_provisioned": true,
                "unit_number": 0,
                "uuid": "6000C299-85e1-680a-5a87-95a8405a73f3",
                "write_through": false
              }
            ],
            "efi_secure_boot_enabled": false,
            "enable_disk_uuid": false,
            "enable_logging": false,
            "ept_rvi_mode": "automatic",
            "extra_config": null,
            "extra_config_reboot_required": true,
            "firmware": "bios",
            "folder": "",
            "force_power_off": true,
            "guest_id": "ubuntu64Guest",
            "guest_ip_addresses": [],
            "hardware_version": 10,
            "host_system_id": "host-13512",
            "hv_mode": "hvAuto",
            "id": "420c9bb0-aaf5-5d40-ab18-f5083e76894e",
            "ide_controller_count": 2,
            "ignored_guest_ips": null,
            "imported": null,
            "latency_sensitivity": "normal",
            "memory": 8192,
            "memory_hot_add_enabled": false,
            "memory_limit": -1,
            "memory_reservation": 0,
            "memory_reservation_locked_to_max": false,
            "memory_share_count": 81920,
            "memory_share_level": "normal",
            "migrate_wait_timeout": 30,
            "moid": "vm-22012",
            "name": "infra-lab-rancher",
            "nested_hv_enabled": false,
            "network_interface": [
              {
                "adapter_type": "vmxnet3",
                "bandwidth_limit": -1,
                "bandwidth_reservation": 0,
                "bandwidth_share_count": 50,
                "bandwidth_share_level": "normal",
                "device_address": "pci:0:7",
                "key": 4000,
                "mac_address": "00:50:56:8c:63:70",
                "network_id": "network-7665",
                "ovf_mapping": "",
                "physical_function": "",
                "use_static_mac": false
              }
            ],
            "num_cores_per_socket": 1,
            "num_cpus": 4,
            "nvme_controller_count": 0,
            "ovf_deploy": [],
            "pci_device_id": null,
            "power_state": "on",
            "poweron_timeout": 300,
            "reboot_required": false,
            "replace_trigger": null,
            "resource_pool_id": "resgroup-22009",
            "run_tools_scripts_after_power_on": true,
            "run_tools_scripts_after_resume": true,
            "run_tools_scripts_before_guest_reboot": false,
            "run_tools_scripts_before_guest_shutdown": true,
            "run_tools_scripts_before_guest_standby": true,
            "sata_controller_count": 0,
            "scsi_bus_sharing": "noSharing",
            "scsi_controller_count": 1,
            "scsi_type": "pvscsi",
            "shutdown_wait_timeout": 3,
            "storage_policy_id": "",
            "swap_placement_policy": "inherit",
            "sync_time_with_host": true,
            "sync_time_with_host_periodically": null,
            "tags": null,
            "tools_upgrade_policy": "manual",
            "uuid": "420c9bb0-aaf5-5d40-ab18-f5083e76894e",
            "vapp": [
              {
                "properties": {
                  "user-data": "I2Nsb3VkLWNvbmZpZwpwYWNrYWdlX3VwZGF0ZTogdHJ1ZQpwYWNrYWdlX3VwZ3JhZGU6IHRydWUKCnVzZXJzOgogIC0gbmFtZTogYWRtaW5pc3RyYXRvcgogICAgZ2Vjb3M6IEFkbWluaXN0cmF0b3IgVXNlcgogICAgc3VkbzogQUxMPShBTEwpIE5PUEFTU1dEOkFMTAogICAgZ3JvdXBzOiB1c2VycywgYWRtaW4KICAgIGhvbWU6IC9ob21lL2FkbWluaXN0cmF0b3IKICAgIHNoZWxsOiAvYmluL2Jhc2gKICAgIGxvY2tfcGFzc3dkOiBmYWxzZQogICAgcGFzc3dkOiAiJDYkR2FwMUJ4TVFpT05wTi9WeCRHbWdCY1hUUGJuZ2FDdlpiNzRpZmY5NFpLVGQ4OXFINDFZWkRGM2JSNmlYMHJmU2ZQZXJEcHV1SGQuYUk5YWVBbFZWNVZrd1FZV3hrazBJWFlnc0hzMSIKICAgIHNzaF9hdXRob3JpemVkX2tleXM6CiAgICAgIC0gc3NoLXJzYSBBQUFBQjNOemFDMXljMkVBQUFBREFRQUJBQUFDQVFDcTk1eVNzTGcrUTBOUGtTWlhlWnBHNE5DdjdSd1I5eXJMUW93MSsvTXgwa0Z0TkpObHdsUkNzRVozaU90OFYyNktLeFM0ei9UbEVZTVNkaDRXSk5OZGt0U3psbk9ObURGUSt6QXpRQ0poK2JYZEUvcnhuTjlZNWxPdEZpeDJ4eDR2WFNTZGJVeGltYWQ5YXhMQ2RRTGNqaEN2aW1HMCtQblNDcy9ZbkpUN3QvNUxCWGQzbDZ1SmI1NUtWYjVjbE0waXhvSU0zYUZUUUQ3dWNram0vRk80REVtK28rZDdSalF6MGN4ZG1JT2ZyMGRacDJRczljcUwvbXVTUzNTMGFnMmpFVCtCV3JIMTJPVWF0Y0RUVGtFQ2xNU0pmaCtYSkp0R0c3WHJ0eWNpMmZxeW1NbVo3Zi9OS3Y2MzcxRzA4VmFHekRPSFhZN1BwdzkvdUo3UXN6aFRSVmRIYzlJMGZTNzdzTTZWV3h5UWNKQ1Y4d1h3dmkrOGxTeVJnYm5JbithWEJ5b0hrRk9jOEpBMWt0M21hOWhNT280L01aU05lL1A2RXFFOVBZb1MrajJwU2FIS1FmUUxYeVhkbzZRTDROZkM0VTlkdnRHMFl0bXN6cnRwVnRZS0tIaEdTWitTa1dRRHJ0dld3TVRzOUJPall5OS9rS1YyNDAxWDEzSjhMM0ZjMDJYT2FHdWR5RTRZZVoxdzFTMVRWZlppVHFvMjhYYVl1SjJvL1psTTlRc2NzY1YzQ1BEdHhJdzBtVTB2RVJzSVhHeElFa0lxSHBEVnZUSkE1ZjE3V1Ywam1SWGxiN1RGMURRV0pxTDZsazRkZTVwN3Q3bGtzdEV4V2gweEZKcE1wVC9JbnFBWWVPdWJJakVzSU5Vd2QrakdibVdOZTVwYWtvZFlpcEJySHc9PSByb290QGluZnJhLWxhYi1wcm92aXNpb25lcgogICAgICAtIHNzaC1yc2EgQUFBQUIzTnphQzF5YzJFQUFBQURBUUFCQUFBQmdRRGNFOEpKVUU1Z292dDErUWNxc3FBckhBRTVPZW5qYU1TdnIwNEFtZ0o4RFNyS2cxQko0N1VaTHNUZmFjV25lNU43RkZCUEg2UjhHUXJtZU1Rd3VzNklabzhXdFJsLzJ0YzZoSUNzZ1pHL2k3Y1BGZkdOQitMNDRnVnU2RGJzRmlUelNrOU11NjdWenREVzk3ZmVTdzcwd3VwMGlQSHAzdG9aWjVSU25ZUFRyU2xZR2V6TXA0cDMyQ2JIdU83blpDbEQ0UmlZK1FRVmNrb3kwdHRqa2tFY0VWaFp1Y0xpWWtzb1NwQWV6eXIvRHhBYTc2N1dZNXRvNEd1N3hrWU1CM1pVckFCUXcxQVY5T2YzS3QwOE5NUU9kaThnY0FEQ2M2dW5uSWJWV1FiYUJwTUhPWFJydGVmblRLa3dRN0xqRGRrUzN4c1RJY25rRmZ4dTRLZmRoNEhENEFJa2xBMlcxVzVGaEk4c0Q4U2Fzb05EWGN6Q0owdUs2NTBMcEsvUE4xbSt5TUlPS3o3QXlkT0QrT09BWHN3elhnVVZteExGUVZ0cmtLV1FKZVcyR0xvamZNd1RwSXlrQnRaY2FmY2lXUGhWeGF3TU9Oc1Q3c21rT2RrRG5SSTV2RkhTa2h5dVBkN2hhVitrVGFtSDVsbE1IQWlRZDRab2JwNzlqQitrY09rPSBydmNvbm5leFx0aGF3YXRjaGFpLnNAREFULVRXQ1MKCnNzaF9wd2F1dGg6IHRydWUKY2hwYXNzd2Q6CiAgZXhwaXJlOiBmYWxzZQoKaG9zdG5hbWU6IGluZnJhLWxhYi1yYW5jaGVyCm1hbmFnZV9ldGNfaG9zdHM6IHRydWUKCndyaXRlX2ZpbGVzOgotIHBhdGg6IC9ldGMvbmV0cGxhbi81MC1jbG91ZC1pbml0LnlhbWwKICBjb250ZW50OiB8CiAgICBuZXR3b3JrOgogICAgICB2ZXJzaW9uOiAyCiAgICAgIGV0aGVybmV0czoKICAgICAgICBlbnMxOTI6CiAgICAgICAgICBkaGNwNDogbm8KICAgICAgICAgIGFkZHJlc3NlczoKICAgICAgICAgICAgLSAxNzIuMjcuMTAuMTAwLzI0CiAgICAgICAgICBnYXRld2F5NDogMTcyLjI3LjEwLjI1NAogICAgICAgICAgbmFtZXNlcnZlcnM6CiAgICAgICAgICAgIGFkZHJlc3NlczogWzE5Mi4xNjguMTQwLjI1MSwgOC44LjguOF0KCnBhY2thZ2VzOgotIGRvY2tlci5pbwotIGN1cmwKCnJ1bmNtZDoKLSBuZXRwbGFuIGFwcGx5Ci0gYXB0LWdldCB1cGRhdGUKLSBhcHQtZ2V0IGluc3RhbGwgLXkgZG9ja2VyLmlvCi0gY3VybCAtTCAiaHR0cHM6Ly9naXRodWIuY29tL2RvY2tlci9jb21wb3NlL3JlbGVhc2VzL2Rvd25sb2FkL3YyLjI5LjEvZG9ja2VyLWNvbXBvc2UtJCh1bmFtZSAtcyktJCh1bmFtZSAtbSkiIC1vIC91c3IvbG9jYWwvYmluL2RvY2tlci1jb21wb3NlCi0gY2htb2QgK3ggL3Vzci9sb2NhbC9iaW4vZG9ja2VyLWNvbXBvc2UKLSB1c2VybW9kIC1hRyBkb2NrZXIgJFVTRVIKLSBsbiAtcyAvdXNyL2xvY2FsL2Jpbi9kb2NrZXItY29tcG9zZSAvdXNyL2Jpbi9kb2NrZXItY29tcG9zZQotIHN5c3RlbWN0bCBzdGFydCBkb2NrZXIuc2VydmljZQotIHN5c3RlbWN0bCBlbmFibGUgZG9ja2VyLnNlcnZpY2UKLSBzeXN0ZW1jdGwgZW5hYmxlIGNvbnRhaW5lcmQuc2VydmljZQotIGFwdC1nZXQgaW5zdGFsbCAteSBuZXQtdG9vbHM="
                }
              }
            ],
            "vapp_transport": [
              "iso"
            ],
            "vbs_enabled": false,
            "vmware_tools_status": "guestToolsNotRunning",
            "vmx_path": "infra-lab-rancher/infra-lab-rancher.vmx",
            "vtpm": [],
            "vvtd_enabled": false,
            "wait_for_guest_ip_timeout": 0,
            "wait_for_guest_net_routable": true,
            "wait_for_guest_net_timeout": 0
          },
          "sensitive_attributes": [],
          "private": "eyJzY2hlbWFfdmVyc2lvbiI6IjMifQ==",
          "dependencies": [
            "data.vsphere_datacenter.dc",
            "data.vsphere_datastore.datastore_lun01",
            "data.vsphere_network.network",
            "data.vsphere_resource_pool.pool_dats_tf_1",
            "data.vsphere_virtual_machine.template"
          ]
        }
      ]
    }
  ],
  "check_results": null
}
