{
  "version": 4,
  "terraform_version": "1.10.3",
  "serial": 43,
  "lineage": "fa3daf15-4fa1-8b12-f4d8-71b059343149",
  "outputs": {},
  "resources": [
    {
      "mode": "data",
      "type": "vsphere_compute_cluster",
      "name": "cluster",
      "provider": "provider[\"registry.terraform.io/hashicorp/vsphere\"]",
      "instances": [
        {
          "schema_version": 0,
          "attributes": {
            "datacenter_id": "datacenter-1001",
            "id": "domain-c2001",
            "name": "New Cluster",
            "resource_pool_id": "resgroup-2002"
          },
          "sensitive_attributes": []
        }
      ]
    },
    {
      "mode": "data",
      "type": "vsphere_datacenter",
      "name": "dc",
      "provider": "provider[\"registry.terraform.io/hashicorp/vsphere\"]",
      "instances": [
        {
          "schema_version": 0,
          "attributes": {
            "id": "datacenter-1001",
            "name": "Datacenter",
            "virtual_machines": [
              "Ubuntu22.04-Test",
              "VMware vCenter Server",
              "ubuntu-cloud-vm",
              "ubuntu-noble-24.04-cloudimg",
              "vCLS-79dd2768-2f1c-42d2-b0d4-adab4c228c5e"
            ]
          },
          "sensitive_attributes": []
        }
      ]
    },
    {
      "mode": "data",
      "type": "vsphere_datastore",
      "name": "datastore",
      "provider": "provider[\"registry.terraform.io/hashicorp/vsphere\"]",
      "instances": [
        {
          "schema_version": 0,
          "attributes": {
            "datacenter_id": "datacenter-1001",
            "id": "datastore-2012",
            "name": "vsanDatastore (1)",
            "stats": {
              "capacity": "483158654976",
              "free": "434651780877"
            }
          },
          "sensitive_attributes": []
        }
      ]
    },
    {
      "mode": "data",
      "type": "vsphere_network",
      "name": "network",
      "provider": "provider[\"registry.terraform.io/hashicorp/vsphere\"]",
      "instances": [
        {
          "schema_version": 0,
          "attributes": {
            "datacenter_id": "datacenter-1001",
            "distributed_virtual_switch_uuid": null,
            "filter": null,
            "id": "network-1011",
            "name": "VM Network",
            "type": "Network"
          },
          "sensitive_attributes": []
        }
      ]
    },
    {
      "mode": "data",
      "type": "vsphere_resource_pool",
      "name": "pool",
      "provider": "provider[\"registry.terraform.io/hashicorp/vsphere\"]",
      "instances": [
        {
          "schema_version": 0,
          "attributes": {
            "datacenter_id": "datacenter-1001",
            "id": "resgroup-2046",
            "name": "Node-1-Resource-Pool"
          },
          "sensitive_attributes": []
        }
      ]
    },
    {
      "mode": "data",
      "type": "vsphere_virtual_machine",
      "name": "template",
      "provider": "provider[\"registry.terraform.io/hashicorp/vsphere\"]",
      "instances": [
        {
          "schema_version": 0,
          "attributes": {
            "alternate_guest_name": "",
            "annotation": "",
            "boot_delay": 0,
            "boot_retry_delay": 10000,
            "boot_retry_enabled": false,
            "change_version": "2024-12-29T13:25:46.180005Z",
            "cpu_hot_add_enabled": false,
            "cpu_hot_remove_enabled": false,
            "cpu_limit": -1,
            "cpu_performance_counters_enabled": false,
            "cpu_reservation": 0,
            "cpu_share_count": 2000,
            "cpu_share_level": "normal",
            "datacenter_id": "datacenter-1001",
            "default_ip_address": null,
            "disks": [
              {
                "eagerly_scrub": false,
                "label": "Hard disk 1",
                "size": 10,
                "thin_provisioned": true,
                "unit_number": 0
              }
            ],
            "efi_secure_boot_enabled": false,
            "enable_disk_uuid": false,
            "enable_logging": true,
            "ept_rvi_mode": "",
            "extra_config": {},
            "extra_config_reboot_required": true,
            "firmware": "bios",
            "folder": null,
            "guest_id": "ubuntu64Guest",
            "guest_ip_addresses": [],
            "hardware_version": 10,
            "hv_mode": "",
            "id": "423ea9ee-0b5a-ffcc-86a6-dc604c79efe1",
            "ide_controller_scan_count": 2,
            "instance_uuid": "503e8162-2df3-0f5e-ddaf-57714f4c88fa",
            "latency_sensitivity": "normal",
            "memory": 1024,
            "memory_hot_add_enabled": false,
            "memory_limit": -1,
            "memory_reservation": 0,
            "memory_reservation_locked_to_max": false,
            "memory_share_count": 10240,
            "memory_share_level": "normal",
            "moid": "vm-2015",
            "name": "ubuntu-noble-24.04-cloudimg",
            "nested_hv_enabled": false,
            "network_interface_types": [
              "vmxnet3"
            ],
            "network_interfaces": [
              {
                "adapter_type": "vmxnet3",
                "bandwidth_limit": -1,
                "bandwidth_reservation": 0,
                "bandwidth_share_count": 50,
                "bandwidth_share_level": "normal",
                "mac_address": "00:50:56:be:79:38",
                "network_id": "network-1011",
                "physical_function": ""
              }
            ],
            "num_cores_per_socket": 1,
            "num_cpus": 2,
            "replace_trigger": null,
            "run_tools_scripts_after_power_on": true,
            "run_tools_scripts_after_resume": true,
            "run_tools_scripts_before_guest_reboot": false,
            "run_tools_scripts_before_guest_shutdown": true,
            "run_tools_scripts_before_guest_standby": true,
            "sata_controller_scan_count": 0,
            "scsi_bus_sharing": "noSharing",
            "scsi_controller_scan_count": 1,
            "scsi_type": "pvscsi",
            "storage_policy_id": null,
            "swap_placement_policy": "inherit",
            "sync_time_with_host": true,
            "sync_time_with_host_periodically": false,
            "tools_upgrade_policy": "manual",
            "uuid": "423ea9ee-0b5a-ffcc-86a6-dc604c79efe1",
            "vapp": null,
            "vapp_transport": [
              "iso"
            ],
            "vbs_enabled": false,
            "vtpm": null,
            "vvtd_enabled": false
          },
          "sensitive_attributes": []
        }
      ]
    },
    {
      "mode": "managed",
      "type": "vsphere_virtual_machine",
      "name": "vm",
      "provider": "provider[\"registry.terraform.io/hashicorp/vsphere\"]",
      "instances": [
        {
          "index_key": 0,
          "schema_version": 3,
          "attributes": {
            "alternate_guest_name": "",
            "annotation": "",
            "boot_delay": 0,
            "boot_retry_delay": 10000,
            "boot_retry_enabled": false,
            "cdrom": [
              {
                "client_device": true,
                "datastore_id": "",
                "device_address": "ide:1:0",
                "key": 3002,
                "path": ""
              }
            ],
            "change_version": "2025-01-20T13:56:17.514221Z",
            "clone": [
              {
                "customization_spec": [],
                "customize": [],
                "linked_clone": false,
                "ovf_network_map": null,
                "ovf_storage_map": null,
                "template_uuid": "423ea9ee-0b5a-ffcc-86a6-dc604c79efe1",
                "timeout": 30
              }
            ],
            "cpu_hot_add_enabled": false,
            "cpu_hot_remove_enabled": false,
            "cpu_limit": -1,
            "cpu_performance_counters_enabled": false,
            "cpu_reservation": 0,
            "cpu_share_count": 2000,
            "cpu_share_level": "normal",
            "custom_attributes": null,
            "datacenter_id": null,
            "datastore_cluster_id": null,
            "datastore_id": "datastore-2012",
            "default_ip_address": null,
            "disk": [
              {
                "attach": false,
                "controller_type": "scsi",
                "datastore_id": "datastore-2012",
                "device_address": "scsi:0:0",
                "disk_mode": "persistent",
                "disk_sharing": "sharingNone",
                "eagerly_scrub": false,
                "io_limit": -1,
                "io_reservation": 0,
                "io_share_count": 1000,
                "io_share_level": "normal",
                "keep_on_remove": false,
                "key": 2000,
                "label": "disk0",
                "path": "a7558e67-d8d8-d234-7c5e-000c29d449bf/Terraform-cloud-master-vm-1.vmdk",
                "size": 20,
                "storage_policy_id": "aa6d5a82-1c88-45da-85d3-3d74b91a5bad",
                "thin_provisioned": true,
                "unit_number": 0,
                "uuid": "6000C299-7024-06b4-02b0-c821dde0cf6a",
                "write_through": false
              }
            ],
            "efi_secure_boot_enabled": false,
            "enable_disk_uuid": false,
            "enable_logging": false,
            "ept_rvi_mode": "",
            "extra_config": null,
            "extra_config_reboot_required": true,
            "firmware": "bios",
            "folder": "",
            "force_power_off": true,
            "guest_id": "ubuntu64Guest",
            "guest_ip_addresses": [],
            "hardware_version": 10,
            "host_system_id": "host-2005",
            "hv_mode": "",
            "id": "423ec278-9a0c-d03a-c09a-48dd5588dbd0",
            "ide_controller_count": 2,
            "ignored_guest_ips": null,
            "imported": null,
            "latency_sensitivity": "normal",
            "memory": 4096,
            "memory_hot_add_enabled": false,
            "memory_limit": -1,
            "memory_reservation": 0,
            "memory_reservation_locked_to_max": false,
            "memory_share_count": 40960,
            "memory_share_level": "normal",
            "migrate_wait_timeout": 30,
            "moid": "vm-2050",
            "name": "Terraform-cloud-master-vm-1",
            "nested_hv_enabled": false,
            "network_interface": [
              {
                "adapter_type": "vmxnet3",
                "bandwidth_limit": -1,
                "bandwidth_reservation": 0,
                "bandwidth_share_count": 50,
                "bandwidth_share_level": "normal",
                "device_address": "pci:0:7",
                "key": 4000,
                "mac_address": "00:50:56:be:86:c9",
                "network_id": "network-1011",
                "ovf_mapping": "",
                "physical_function": "",
                "use_static_mac": false
              }
            ],
            "num_cores_per_socket": 1,
            "num_cpus": 2,
            "ovf_deploy": [],
            "pci_device_id": null,
            "power_state": "on",
            "poweron_timeout": 300,
            "reboot_required": false,
            "replace_trigger": null,
            "resource_pool_id": "resgroup-2002",
            "run_tools_scripts_after_power_on": true,
            "run_tools_scripts_after_resume": true,
            "run_tools_scripts_before_guest_reboot": false,
            "run_tools_scripts_before_guest_shutdown": true,
            "run_tools_scripts_before_guest_standby": true,
            "sata_controller_count": 0,
            "scsi_bus_sharing": "noSharing",
            "scsi_controller_count": 1,
            "scsi_type": "pvscsi",
            "shutdown_wait_timeout": 3,
            "storage_policy_id": "aa6d5a82-1c88-45da-85d3-3d74b91a5bad",
            "swap_placement_policy": "inherit",
            "sync_time_with_host": true,
            "sync_time_with_host_periodically": false,
            "tags": null,
            "tools_upgrade_policy": "manual",
            "uuid": "423ec278-9a0c-d03a-c09a-48dd5588dbd0",
            "vapp": [
              {
                "properties": {
                  "user-data": "I2Nsb3VkLWNvbmZpZw0KDQojIHNldHMgdGhlIGhvc3RuYW1lIHRvICd0ZXJyYWZvcm1lZCcNCmhvc3RuYW1lOiBUZXJyYWZvcm0tY2xvdWQtbWFzdGVyLXZtLTENCg0KdXNlcnM6DQogICMgQWRkcyBhIHVzZXIgY2FsbGVkICdleGFtcGxlJyB3aXRoIHRoZSBwYXNzd29yZCBoYXNoIG9mICdwYXNzd29ydCcsIHN1ZG8gcmlnaHRzIGFuZCB0aGUgZGVmYXVsdCB1YnVudHUgZ3JvdXBzDQogIC0gbmFtZTogYWRtaW5pc3RyYXRvcg0KICAgIGdlY29zOiBBZG1pbmlzdHJhdG9yIFVzZXINCiAgICBzdWRvOiBBTEw9KEFMTCkgTk9QQVNTV0Q6QUxMDQogICAgZ3JvdXBzOiB1c2VycywgYWRtaW4NCiAgICBob21lOiAvaG9tZS9hZG1pbmlzdHJhdG9yDQogICAgc2hlbGw6IC9iaW4vYmFzaA0KICAgIGxvY2tfcGFzc3dkOiBmYWxzZQ0KICAgICNwbGFpbl90ZXh0X3Bhc3N3ZDogIiIgICMgVW51c2VkDQogICAgcGFzc3dkOiAiJDJ5JDEwJC9ReS8vR25JaFd1R0tLY2tLQ0huOE94NHBQL2V6VjNXeFZLVmdYTEtua3k4dkxYdGRXZDVlIiAjIOC4o+C4q+C4seC4quC4nOC5iOC4suC4meC5geC4muC4miBIYXNoDQogICAgIyBzc2hfYXV0aG9yaXplZF9rZXlzOg0KICAgICMgICAtIHNzaC1yc2EgQUFBQUIzTnphQzF5YzJFQUFBQURBUUFCQUFBQmdRRE1sampFSEhiM0ZlQ1VCdWkxT0hkWmVSb2E5QzROMFJRc1ZGdUhEMTl0dHY2aGZDSkVDRXpPR2dGOVRXRWYvY1hPMlN2eUhFUUlVSUxpTVBFVmNWMERvbzhVRmRBcE1kdzhhK3V5ZStvYU5sTkZaVzV2Sk9uQWkxOWJaaFVBaFQ0NmRYRFU3WWdiVE5tWi9FWlF1bTZOZGttOXVmZ2d6UU82NStPZ0lxSEZDbitBZHRFNVUrckE2K0VObjBWK0VVRDlaKzg1RDdmbVhWb0RodWJ6UlkyNmxva05BQy9WQUNhU2I1RjAra2VyL1Z4VjlrQlRacHJQL0NHekFmU0tveWRFa3MzSEZ1OGJXRWFFTDZEWmpTOVRQN0hqOTJKbExTNHdGb2xvUlRsNEJ2SjFXYXV5TnNEb1YxYkg4ak9Hc01ndlZ0YzZiQWtXS2xBYkhqK2wwdG1qR2x3YjFKWnJLcGU2cUhWS3czU3p2SWdOOW5kVXp1Q2IrNFlTTVRGY0kzMklJSUZYSjVUWW8ySjJyM3lqVlhRVVpubW83b0wzV1h1L3o1YzY4L0g3VEZubjU3ems0cHUzVWtkQ1FBNDZjOENUNjVCUklFRGxQcjdKckNhRVZ4ay80RittU3hzL0dPeE1iVy8rOHc3SzNHWUVwajNuY2owTDFRUHB3bDh5ZEFNPSBhZG1pbmlzdHJhdG9yQFJWQ0lETUMwMDEubG9jYWwNCg0Kc3NoX3B3YXV0aDogdHJ1ZQ0KY2hwYXNzd2Q6DQogIGV4cGlyZTogZmFsc2UNCg0KcGFja2FnZXM6DQogIC0gZ251cGcNCiAgLSBzb2Z0d2FyZS1wcm9wZXJ0aWVzLWNvbW1vbg0KICAtIGN1cmwNCg0Kd3JpdGVfZmlsZXM6DQotIHBhdGg6IC9ldGMvbmV0cGxhbi81MC1jbG91ZC1pbml0LnlhbWwNCiAgY29udGVudDogfA0KICAgIG5ldHdvcms6DQogICAgICB2ZXJzaW9uOiAyDQogICAgICBldGhlcm5ldHM6DQogICAgICAgIGVuczE5MjoNCiAgICAgICAgICBkaGNwNDogbm8NCiAgICAgICAgICBhZGRyZXNzZXM6DQogICAgICAgICAgICAtIDEwLjEuMy4xOC8yNA0KICAgICAgICAgIGdhdGV3YXk0OiAxMC4xLjMuMQ0KICAgICAgICAgIG5hbWVzZXJ2ZXJzOg0KICAgICAgICAgICAgYWRkcmVzc2VzOiBbOC44LjguOCw4LjguNC40XQ0KDQpydW5jbWQ6DQogIC0gbmV0cGxhbiBhcHBseQ0KICAtIGFwdC1nZXQgdXBkYXRlDQojICAgIyBJbnN0YWxsIFRlcnJhZnJvbQ0KIyAgICMgLSBhcHQtZ2V0IGluc3RhbGwgLXkgZ251cGcgc29mdHdhcmUtcHJvcGVydGllcy1jb21tb24NCiMgICAtIHdnZXQgLU8tIGh0dHBzOi8vYXB0LnJlbGVhc2VzLmhhc2hpY29ycC5jb20vZ3BnIHwgZ3BnIC0tZGVhcm1vciB8IHRlZSAvdXNyL3NoYXJlL2tleXJpbmdzL2hhc2hpY29ycC1hcmNoaXZlLWtleXJpbmcuZ3BnID4gL2Rldi9udWxsDQojICAgLSBncGcgLS1uby1kZWZhdWx0LWtleXJpbmcgLS1rZXlyaW5nIC91c3Ivc2hhcmUva2V5cmluZ3MvaGFzaGljb3JwLWFyY2hpdmUta2V5cmluZy5ncGcgLS1maW5nZXJwcmludA0KIyAgIC0gZWNobyAiZGViIFtzaWduZWQtYnk9L3Vzci9zaGFyZS9rZXlyaW5ncy9oYXNoaWNvcnAtYXJjaGl2ZS1rZXlyaW5nLmdwZ10gaHR0cHM6Ly9hcHQucmVsZWFzZXMuaGFzaGljb3JwLmNvbSAkKGxzYl9yZWxlYXNlIC1jcykgbWFpbiIgfCB0ZWUgL2V0Yy9hcHQvc291cmNlcy5saXN0LmQvaGFzaGljb3JwLmxpc3QNCiMgICAtIGFwdC1nZXQgdXBkYXRlDQojICAgLSBhcHQtZ2V0IGluc3RhbGwgLXkgdGVycmFmb3JtDQojICAgIyBJbnN0YWxsIEFuc2libGUNCiMgICAtIGFwdC1hZGQtcmVwb3NpdG9yeSAtLXllcyAtLXVwZGF0ZSBwcGE6YW5zaWJsZS9hbnNpYmxlDQojICAgLSBhcHQtZ2V0IHVwZGF0ZQ0KIyAgIC0gYXB0LWdldCBpbnN0YWxsIC15IGFuc2libGUNCiMgICAjIENyZWF0ZSBwcml2YXRlIGtleQ0KIyAgIC0gc3NoLWtleWdlbiAtdCByc2EgLWIgNDA5NiAtZiAvaG9tZS9hZG1pbmlzdHJhdG9yLy5zc2gvaWRfcnNhIC1OICIiDQojICAgLSBjYXQgL2hvbWUvYWRtaW5pc3RyYXRvci8uc3NoL2lkX3JzYS5wdWIgPj4gL2hvbWUvYWRtaW5pc3RyYXRvci8uc3NoL2F1dGhvcml6ZWRfa2V5cw0KIyAgIC0gY2htb2QgNjAwIC9ob21lL2FkbWluaXN0cmF0b3IvLnNzaC9hdXRob3JpemVkX2tleXMNCiMgICAtIGNobW9kIDYwMCAvaG9tZS9hZG1pbmlzdHJhdG9yLy5zc2gvaWRfcnNhDQojICAgLSBjaG1vZCA2NDQgL2hvbWUvYWRtaW5pc3RyYXRvci8uc3NoL2lkX3JzYS5wdWINCg0K"
                }
              }
            ],
            "vapp_transport": [
              "iso"
            ],
            "vbs_enabled": false,
            "vmware_tools_status": "guestToolsNotRunning",
            "vmx_path": "a7558e67-d8d8-d234-7c5e-000c29d449bf/Terraform-cloud-master-vm-1.vmx",
            "vtpm": [],
            "vvtd_enabled": false,
            "wait_for_guest_ip_timeout": 0,
            "wait_for_guest_net_routable": true,
            "wait_for_guest_net_timeout": 0
          },
          "sensitive_attributes": [],
          "private": "eyJzY2hlbWFfdmVyc2lvbiI6IjMifQ==",
          "dependencies": [
            "data.vsphere_compute_cluster.cluster",
            "data.vsphere_datacenter.dc",
            "data.vsphere_datastore.datastore",
            "data.vsphere_network.network",
            "data.vsphere_virtual_machine.template"
          ]
        },
        {
          "index_key": 1,
          "schema_version": 3,
          "attributes": {
            "alternate_guest_name": "",
            "annotation": "",
            "boot_delay": 0,
            "boot_retry_delay": 10000,
            "boot_retry_enabled": false,
            "cdrom": [
              {
                "client_device": true,
                "datastore_id": "",
                "device_address": "ide:1:0",
                "key": 3002,
                "path": ""
              }
            ],
            "change_version": "2025-01-20T13:56:13.022932Z",
            "clone": [
              {
                "customization_spec": [],
                "customize": [],
                "linked_clone": false,
                "ovf_network_map": null,
                "ovf_storage_map": null,
                "template_uuid": "423ea9ee-0b5a-ffcc-86a6-dc604c79efe1",
                "timeout": 30
              }
            ],
            "cpu_hot_add_enabled": false,
            "cpu_hot_remove_enabled": false,
            "cpu_limit": -1,
            "cpu_performance_counters_enabled": false,
            "cpu_reservation": 0,
            "cpu_share_count": 2000,
            "cpu_share_level": "normal",
            "custom_attributes": null,
            "datacenter_id": null,
            "datastore_cluster_id": null,
            "datastore_id": "datastore-2012",
            "default_ip_address": null,
            "disk": [
              {
                "attach": false,
                "controller_type": "scsi",
                "datastore_id": "datastore-2012",
                "device_address": "scsi:0:0",
                "disk_mode": "persistent",
                "disk_sharing": "sharingNone",
                "eagerly_scrub": false,
                "io_limit": -1,
                "io_reservation": 0,
                "io_share_count": 1000,
                "io_share_level": "normal",
                "keep_on_remove": false,
                "key": 2000,
                "label": "disk0",
                "path": "a7558e67-247b-c4cc-07d8-000c29e87ca2/Terraform-cloud-master-vm-2.vmdk",
                "size": 20,
                "storage_policy_id": "aa6d5a82-1c88-45da-85d3-3d74b91a5bad",
                "thin_provisioned": true,
                "unit_number": 0,
                "uuid": "6000C297-317b-565d-68b2-316062b4384a",
                "write_through": false
              }
            ],
            "efi_secure_boot_enabled": false,
            "enable_disk_uuid": false,
            "enable_logging": false,
            "ept_rvi_mode": "",
            "extra_config": null,
            "extra_config_reboot_required": true,
            "firmware": "bios",
            "folder": "",
            "force_power_off": true,
            "guest_id": "ubuntu64Guest",
            "guest_ip_addresses": [],
            "hardware_version": 10,
            "host_system_id": "host-2007",
            "hv_mode": "",
            "id": "423ea2fe-5cc4-d157-65b3-b286e036473c",
            "ide_controller_count": 2,
            "ignored_guest_ips": null,
            "imported": null,
            "latency_sensitivity": "normal",
            "memory": 4096,
            "memory_hot_add_enabled": false,
            "memory_limit": -1,
            "memory_reservation": 0,
            "memory_reservation_locked_to_max": false,
            "memory_share_count": 40960,
            "memory_share_level": "normal",
            "migrate_wait_timeout": 30,
            "moid": "vm-2051",
            "name": "Terraform-cloud-master-vm-2",
            "nested_hv_enabled": false,
            "network_interface": [
              {
                "adapter_type": "vmxnet3",
                "bandwidth_limit": -1,
                "bandwidth_reservation": 0,
                "bandwidth_share_count": 50,
                "bandwidth_share_level": "normal",
                "device_address": "pci:0:7",
                "key": 4000,
                "mac_address": "00:50:56:be:85:a4",
                "network_id": "network-1011",
                "ovf_mapping": "",
                "physical_function": "",
                "use_static_mac": false
              }
            ],
            "num_cores_per_socket": 1,
            "num_cpus": 2,
            "ovf_deploy": [],
            "pci_device_id": null,
            "power_state": "on",
            "poweron_timeout": 300,
            "reboot_required": false,
            "replace_trigger": null,
            "resource_pool_id": "resgroup-2002",
            "run_tools_scripts_after_power_on": true,
            "run_tools_scripts_after_resume": true,
            "run_tools_scripts_before_guest_reboot": false,
            "run_tools_scripts_before_guest_shutdown": true,
            "run_tools_scripts_before_guest_standby": true,
            "sata_controller_count": 0,
            "scsi_bus_sharing": "noSharing",
            "scsi_controller_count": 1,
            "scsi_type": "pvscsi",
            "shutdown_wait_timeout": 3,
            "storage_policy_id": "aa6d5a82-1c88-45da-85d3-3d74b91a5bad",
            "swap_placement_policy": "inherit",
            "sync_time_with_host": true,
            "sync_time_with_host_periodically": false,
            "tags": null,
            "tools_upgrade_policy": "manual",
            "uuid": "423ea2fe-5cc4-d157-65b3-b286e036473c",
            "vapp": [
              {
                "properties": {
                  "user-data": "I2Nsb3VkLWNvbmZpZw0KDQojIHNldHMgdGhlIGhvc3RuYW1lIHRvICd0ZXJyYWZvcm1lZCcNCmhvc3RuYW1lOiBUZXJyYWZvcm0tY2xvdWQtbWFzdGVyLXZtLTINCg0KdXNlcnM6DQogICMgQWRkcyBhIHVzZXIgY2FsbGVkICdleGFtcGxlJyB3aXRoIHRoZSBwYXNzd29yZCBoYXNoIG9mICdwYXNzd29ydCcsIHN1ZG8gcmlnaHRzIGFuZCB0aGUgZGVmYXVsdCB1YnVudHUgZ3JvdXBzDQogIC0gbmFtZTogYWRtaW5pc3RyYXRvcg0KICAgIGdlY29zOiBBZG1pbmlzdHJhdG9yIFVzZXINCiAgICBzdWRvOiBBTEw9KEFMTCkgTk9QQVNTV0Q6QUxMDQogICAgZ3JvdXBzOiB1c2VycywgYWRtaW4NCiAgICBob21lOiAvaG9tZS9hZG1pbmlzdHJhdG9yDQogICAgc2hlbGw6IC9iaW4vYmFzaA0KICAgIGxvY2tfcGFzc3dkOiBmYWxzZQ0KICAgICNwbGFpbl90ZXh0X3Bhc3N3ZDogIiIgICMgVW51c2VkDQogICAgcGFzc3dkOiAiJDJ5JDEwJC9ReS8vR25JaFd1R0tLY2tLQ0huOE94NHBQL2V6VjNXeFZLVmdYTEtua3k4dkxYdGRXZDVlIiAjIOC4o+C4q+C4seC4quC4nOC5iOC4suC4meC5geC4muC4miBIYXNoDQogICAgIyBzc2hfYXV0aG9yaXplZF9rZXlzOg0KICAgICMgICAtIHNzaC1yc2EgQUFBQUIzTnphQzF5YzJFQUFBQURBUUFCQUFBQmdRRE1sampFSEhiM0ZlQ1VCdWkxT0hkWmVSb2E5QzROMFJRc1ZGdUhEMTl0dHY2aGZDSkVDRXpPR2dGOVRXRWYvY1hPMlN2eUhFUUlVSUxpTVBFVmNWMERvbzhVRmRBcE1kdzhhK3V5ZStvYU5sTkZaVzV2Sk9uQWkxOWJaaFVBaFQ0NmRYRFU3WWdiVE5tWi9FWlF1bTZOZGttOXVmZ2d6UU82NStPZ0lxSEZDbitBZHRFNVUrckE2K0VObjBWK0VVRDlaKzg1RDdmbVhWb0RodWJ6UlkyNmxva05BQy9WQUNhU2I1RjAra2VyL1Z4VjlrQlRacHJQL0NHekFmU0tveWRFa3MzSEZ1OGJXRWFFTDZEWmpTOVRQN0hqOTJKbExTNHdGb2xvUlRsNEJ2SjFXYXV5TnNEb1YxYkg4ak9Hc01ndlZ0YzZiQWtXS2xBYkhqK2wwdG1qR2x3YjFKWnJLcGU2cUhWS3czU3p2SWdOOW5kVXp1Q2IrNFlTTVRGY0kzMklJSUZYSjVUWW8ySjJyM3lqVlhRVVpubW83b0wzV1h1L3o1YzY4L0g3VEZubjU3ems0cHUzVWtkQ1FBNDZjOENUNjVCUklFRGxQcjdKckNhRVZ4ay80RittU3hzL0dPeE1iVy8rOHc3SzNHWUVwajNuY2owTDFRUHB3bDh5ZEFNPSBhZG1pbmlzdHJhdG9yQFJWQ0lETUMwMDEubG9jYWwNCg0Kc3NoX3B3YXV0aDogdHJ1ZQ0KY2hwYXNzd2Q6DQogIGV4cGlyZTogZmFsc2UNCg0KcGFja2FnZXM6DQogIC0gZ251cGcNCiAgLSBzb2Z0d2FyZS1wcm9wZXJ0aWVzLWNvbW1vbg0KICAtIGN1cmwNCg0Kd3JpdGVfZmlsZXM6DQotIHBhdGg6IC9ldGMvbmV0cGxhbi81MC1jbG91ZC1pbml0LnlhbWwNCiAgY29udGVudDogfA0KICAgIG5ldHdvcms6DQogICAgICB2ZXJzaW9uOiAyDQogICAgICBldGhlcm5ldHM6DQogICAgICAgIGVuczE5MjoNCiAgICAgICAgICBkaGNwNDogbm8NCiAgICAgICAgICBhZGRyZXNzZXM6DQogICAgICAgICAgICAtIDEwLjEuMy4xOS8yNA0KICAgICAgICAgIGdhdGV3YXk0OiAxMC4xLjMuMQ0KICAgICAgICAgIG5hbWVzZXJ2ZXJzOg0KICAgICAgICAgICAgYWRkcmVzc2VzOiBbOC44LjguOCw4LjguNC40XQ0KDQpydW5jbWQ6DQogIC0gbmV0cGxhbiBhcHBseQ0KICAtIGFwdC1nZXQgdXBkYXRlDQojICAgIyBJbnN0YWxsIFRlcnJhZnJvbQ0KIyAgICMgLSBhcHQtZ2V0IGluc3RhbGwgLXkgZ251cGcgc29mdHdhcmUtcHJvcGVydGllcy1jb21tb24NCiMgICAtIHdnZXQgLU8tIGh0dHBzOi8vYXB0LnJlbGVhc2VzLmhhc2hpY29ycC5jb20vZ3BnIHwgZ3BnIC0tZGVhcm1vciB8IHRlZSAvdXNyL3NoYXJlL2tleXJpbmdzL2hhc2hpY29ycC1hcmNoaXZlLWtleXJpbmcuZ3BnID4gL2Rldi9udWxsDQojICAgLSBncGcgLS1uby1kZWZhdWx0LWtleXJpbmcgLS1rZXlyaW5nIC91c3Ivc2hhcmUva2V5cmluZ3MvaGFzaGljb3JwLWFyY2hpdmUta2V5cmluZy5ncGcgLS1maW5nZXJwcmludA0KIyAgIC0gZWNobyAiZGViIFtzaWduZWQtYnk9L3Vzci9zaGFyZS9rZXlyaW5ncy9oYXNoaWNvcnAtYXJjaGl2ZS1rZXlyaW5nLmdwZ10gaHR0cHM6Ly9hcHQucmVsZWFzZXMuaGFzaGljb3JwLmNvbSAkKGxzYl9yZWxlYXNlIC1jcykgbWFpbiIgfCB0ZWUgL2V0Yy9hcHQvc291cmNlcy5saXN0LmQvaGFzaGljb3JwLmxpc3QNCiMgICAtIGFwdC1nZXQgdXBkYXRlDQojICAgLSBhcHQtZ2V0IGluc3RhbGwgLXkgdGVycmFmb3JtDQojICAgIyBJbnN0YWxsIEFuc2libGUNCiMgICAtIGFwdC1hZGQtcmVwb3NpdG9yeSAtLXllcyAtLXVwZGF0ZSBwcGE6YW5zaWJsZS9hbnNpYmxlDQojICAgLSBhcHQtZ2V0IHVwZGF0ZQ0KIyAgIC0gYXB0LWdldCBpbnN0YWxsIC15IGFuc2libGUNCiMgICAjIENyZWF0ZSBwcml2YXRlIGtleQ0KIyAgIC0gc3NoLWtleWdlbiAtdCByc2EgLWIgNDA5NiAtZiAvaG9tZS9hZG1pbmlzdHJhdG9yLy5zc2gvaWRfcnNhIC1OICIiDQojICAgLSBjYXQgL2hvbWUvYWRtaW5pc3RyYXRvci8uc3NoL2lkX3JzYS5wdWIgPj4gL2hvbWUvYWRtaW5pc3RyYXRvci8uc3NoL2F1dGhvcml6ZWRfa2V5cw0KIyAgIC0gY2htb2QgNjAwIC9ob21lL2FkbWluaXN0cmF0b3IvLnNzaC9hdXRob3JpemVkX2tleXMNCiMgICAtIGNobW9kIDYwMCAvaG9tZS9hZG1pbmlzdHJhdG9yLy5zc2gvaWRfcnNhDQojICAgLSBjaG1vZCA2NDQgL2hvbWUvYWRtaW5pc3RyYXRvci8uc3NoL2lkX3JzYS5wdWINCg0K"
                }
              }
            ],
            "vapp_transport": [
              "iso"
            ],
            "vbs_enabled": false,
            "vmware_tools_status": "guestToolsNotRunning",
            "vmx_path": "a7558e67-247b-c4cc-07d8-000c29e87ca2/Terraform-cloud-master-vm-2.vmx",
            "vtpm": [],
            "vvtd_enabled": false,
            "wait_for_guest_ip_timeout": 0,
            "wait_for_guest_net_routable": true,
            "wait_for_guest_net_timeout": 0
          },
          "sensitive_attributes": [],
          "private": "eyJzY2hlbWFfdmVyc2lvbiI6IjMifQ==",
          "dependencies": [
            "data.vsphere_compute_cluster.cluster",
            "data.vsphere_datacenter.dc",
            "data.vsphere_datastore.datastore",
            "data.vsphere_network.network",
            "data.vsphere_virtual_machine.template"
          ]
        }
      ]
    }
  ],
  "check_results": null
}
